// !$*UTF8*$!
{
	archiveVersion = 1;
	classes = {
	};
	objectVersion = 46;
	objects = {

/* Begin PBXBuildFile section */
		3FED80C12686AC19C1A32304 /* Pods.framework in Frameworks */ = {isa = PBXBuildFile; fileRef = 9B9FC9498D1BE0CE96DBA9C3 /* Pods.framework */; };
		5E3452B61C71924C007D3D11 /* AppDelegate.swift in Sources */ = {isa = PBXBuildFile; fileRef = 5E3452B51C71924C007D3D11 /* AppDelegate.swift */; };
		5E3452B81C71924C007D3D11 /* ViewController.swift in Sources */ = {isa = PBXBuildFile; fileRef = 5E3452B71C71924C007D3D11 /* ViewController.swift */; };
		5E3452BB1C71924C007D3D11 /* Main.storyboard in Resources */ = {isa = PBXBuildFile; fileRef = 5E3452B91C71924C007D3D11 /* Main.storyboard */; };
		5E3452BD1C71924C007D3D11 /* Assets.xcassets in Resources */ = {isa = PBXBuildFile; fileRef = 5E3452BC1C71924C007D3D11 /* Assets.xcassets */; };
		5E3452C01C71924C007D3D11 /* LaunchScreen.storyboard in Resources */ = {isa = PBXBuildFile; fileRef = 5E3452BE1C71924C007D3D11 /* LaunchScreen.storyboard */; };
		5E3452CB1C71924D007D3D11 /* wikiswiftTests.swift in Sources */ = {isa = PBXBuildFile; fileRef = 5E3452CA1C71924D007D3D11 /* wikiswiftTests.swift */; };
		5E3452D61C71924D007D3D11 /* wikiswiftUITests.swift in Sources */ = {isa = PBXBuildFile; fileRef = 5E3452D51C71924D007D3D11 /* wikiswiftUITests.swift */; };
		5EA85A881C71C469007213FD /* SourceIcons.xcassets in Resources */ = {isa = PBXBuildFile; fileRef = 5EA85A871C71C469007213FD /* SourceIcons.xcassets */; };
		5EEFDFB51C71FBCE00BD4874 /* DDLog+WMFLogger.m in Sources */ = {isa = PBXBuildFile; fileRef = 5EEFDEE91C71FBCE00BD4874 /* DDLog+WMFLogger.m */; };
		5EEFDFB61C71FBCE00BD4874 /* LoggingDefaults.swift in Sources */ = {isa = PBXBuildFile; fileRef = 5EEFDEEA1C71FBCE00BD4874 /* LoggingDefaults.swift */; };
		5EEFDFB71C71FBCE00BD4874 /* WMFLogFormatter.m in Sources */ = {isa = PBXBuildFile; fileRef = 5EEFDEEC1C71FBCE00BD4874 /* WMFLogFormatter.m */; };
		5EEFDFB81C71FBCE00BD4874 /* WMFArticleListTableViewController.swift in Sources */ = {isa = PBXBuildFile; fileRef = 5EEFDEF21C71FBCE00BD4874 /* WMFArticleListTableViewController.swift */; };
		5EEFDFB91C71FBCE00BD4874 /* MWKImage+CanonicalFilenames.m in Sources */ = {isa = PBXBuildFile; fileRef = 5EEFDEF71C71FBCE00BD4874 /* MWKImage+CanonicalFilenames.m */; };
		5EEFDFBA1C71FBCE00BD4874 /* MWKImageInfo+MWKImageComparison.m in Sources */ = {isa = PBXBuildFile; fileRef = 5EEFDEF91C71FBCE00BD4874 /* MWKImageInfo+MWKImageComparison.m */; };
		5EEFDFBB1C71FBCE00BD4874 /* MWKImageInfo.m in Sources */ = {isa = PBXBuildFile; fileRef = 5EEFDEFB1C71FBCE00BD4874 /* MWKImageInfo.m */; };
		5EEFDFBC1C71FBCE00BD4874 /* MWKLicense.m in Sources */ = {isa = PBXBuildFile; fileRef = 5EEFDEFD1C71FBCE00BD4874 /* MWKLicense.m */; };
		5EEFDFBD1C71FBCE00BD4874 /* MWKImage.m in Sources */ = {isa = PBXBuildFile; fileRef = 5EEFDEFF1C71FBCE00BD4874 /* MWKImage.m */; };
		5EEFDFBE1C71FBCE00BD4874 /* UIImageView+WMFImageFetching.m in Sources */ = {isa = PBXBuildFile; fileRef = 5EEFDF011C71FBCE00BD4874 /* UIImageView+WMFImageFetching.m */; };
		5EEFDFBF1C71FBCE00BD4874 /* UIScreen+WMFImageWidth.m in Sources */ = {isa = PBXBuildFile; fileRef = 5EEFDF031C71FBCE00BD4874 /* UIScreen+WMFImageWidth.m */; };
		5EEFDFC01C71FBCE00BD4874 /* MWKArticle+HTMLImageImport.m in Sources */ = {isa = PBXBuildFile; fileRef = 5EEFDF081C71FBCE00BD4874 /* MWKArticle+HTMLImageImport.m */; };
		5EEFDFC11C71FBCE00BD4874 /* MWKArticle.m in Sources */ = {isa = PBXBuildFile; fileRef = 5EEFDF0A1C71FBCE00BD4874 /* MWKArticle.m */; };
		5EEFDFC21C71FBCE00BD4874 /* MWKCitation.m in Sources */ = {isa = PBXBuildFile; fileRef = 5EEFDF0C1C71FBCE00BD4874 /* MWKCitation.m */; };
		5EEFDFC31C71FBCE00BD4874 /* MWKImageList.m in Sources */ = {isa = PBXBuildFile; fileRef = 5EEFDF0E1C71FBCE00BD4874 /* MWKImageList.m */; };
		5EEFDFC41C71FBCE00BD4874 /* MWKProtectionStatus.m in Sources */ = {isa = PBXBuildFile; fileRef = 5EEFDF101C71FBCE00BD4874 /* MWKProtectionStatus.m */; };
		5EEFDFC51C71FBCE00BD4874 /* MWKSection+HTMLImageExtraction.m in Sources */ = {isa = PBXBuildFile; fileRef = 5EEFDF121C71FBCE00BD4874 /* MWKSection+HTMLImageExtraction.m */; };
		5EEFDFC61C71FBCE00BD4874 /* MWKSection.m in Sources */ = {isa = PBXBuildFile; fileRef = 5EEFDF141C71FBCE00BD4874 /* MWKSection.m */; };
		5EEFDFC71C71FBCE00BD4874 /* MWKSectionList.m in Sources */ = {isa = PBXBuildFile; fileRef = 5EEFDF161C71FBCE00BD4874 /* MWKSectionList.m */; };
		5EEFDFC81C71FBCE00BD4874 /* MWKSectionMetaData.m in Sources */ = {isa = PBXBuildFile; fileRef = 5EEFDF181C71FBCE00BD4874 /* MWKSectionMetaData.m */; };
		5EEFDFC91C71FBCE00BD4874 /* MWKHistoryEntry.m in Sources */ = {isa = PBXBuildFile; fileRef = 5EEFDF1D1C71FBCE00BD4874 /* MWKHistoryEntry.m */; };
		5EEFDFCA1C71FBCE00BD4874 /* MWKHistoryList.m in Sources */ = {isa = PBXBuildFile; fileRef = 5EEFDF1F1C71FBCE00BD4874 /* MWKHistoryList.m */; };
		5EEFDFCB1C71FBCE00BD4874 /* MWKLanguageLink.m in Sources */ = {isa = PBXBuildFile; fileRef = 5EEFDF221C71FBCE00BD4874 /* MWKLanguageLink.m */; };
		5EEFDFCC1C71FBCE00BD4874 /* MWKDataObject.m in Sources */ = {isa = PBXBuildFile; fileRef = 5EEFDF261C71FBCE00BD4874 /* MWKDataObject.m */; };
		5EEFDFCD1C71FBCE00BD4874 /* MWKList.m in Sources */ = {isa = PBXBuildFile; fileRef = 5EEFDF2A1C71FBCE00BD4874 /* MWKList.m */; };
		5EEFDFCE1C71FBCE00BD4874 /* MWKSiteDataObject.m in Sources */ = {isa = PBXBuildFile; fileRef = 5EEFDF2C1C71FBCE00BD4874 /* MWKSiteDataObject.m */; };
		5EEFDFCF1C71FBCE00BD4874 /* MWKArticle+WMFSharing.m in Sources */ = {isa = PBXBuildFile; fileRef = 5EEFDF2F1C71FBCE00BD4874 /* MWKArticle+WMFSharing.m */; };
		5EEFDFD01C71FBCE00BD4874 /* MWKLicense+ToGlyph.m in Sources */ = {isa = PBXBuildFile; fileRef = 5EEFDF311C71FBCE00BD4874 /* MWKLicense+ToGlyph.m */; };
		5EEFDFD11C71FBCE00BD4874 /* MWKSavedPageList+ImageMigration.m in Sources */ = {isa = PBXBuildFile; fileRef = 5EEFDF331C71FBCE00BD4874 /* MWKSavedPageList+ImageMigration.m */; };
		5EEFDFD21C71FBCE00BD4874 /* MWKSavedPageList+ImageMigrationTesting.m in Sources */ = {isa = PBXBuildFile; fileRef = 5EEFDF351C71FBCE00BD4874 /* MWKSavedPageList+ImageMigrationTesting.m */; };
		5EEFDFD31C71FBCE00BD4874 /* MWKSection+DisplayHtml.m in Sources */ = {isa = PBXBuildFile; fileRef = 5EEFDF371C71FBCE00BD4874 /* MWKSection+DisplayHtml.m */; };
		5EEFDFD41C71FBCE00BD4874 /* MWKDataHousekeeping.m in Sources */ = {isa = PBXBuildFile; fileRef = 5EEFDF3A1C71FBCE00BD4874 /* MWKDataHousekeeping.m */; };
		5EEFDFD51C71FBCE00BD4874 /* MWKDataStore.m in Sources */ = {isa = PBXBuildFile; fileRef = 5EEFDF3C1C71FBCE00BD4874 /* MWKDataStore.m */; };
		5EEFDFD61C71FBCE00BD4874 /* MWKUserDataStore.m in Sources */ = {isa = PBXBuildFile; fileRef = 5EEFDF3E1C71FBCE00BD4874 /* MWKUserDataStore.m */; };
		5EEFDFD71C71FBCE00BD4874 /* MWKSite.m in Sources */ = {isa = PBXBuildFile; fileRef = 5EEFDF421C71FBCE00BD4874 /* MWKSite.m */; };
		5EEFDFD81C71FBCE00BD4874 /* MWKSiteInfo.m in Sources */ = {isa = PBXBuildFile; fileRef = 5EEFDF441C71FBCE00BD4874 /* MWKSiteInfo.m */; };
		5EEFDFD91C71FBCE00BD4874 /* MWKTitle.m in Sources */ = {isa = PBXBuildFile; fileRef = 5EEFDF461C71FBCE00BD4874 /* MWKTitle.m */; };
		5EEFDFDA1C71FBCE00BD4874 /* MWKUser.m in Sources */ = {isa = PBXBuildFile; fileRef = 5EEFDF491C71FBCE00BD4874 /* MWKUser.m */; };
		5EEFDFDB1C71FBCE00BD4874 /* MWKRecentSearchEntry.m in Sources */ = {isa = PBXBuildFile; fileRef = 5EEFDF4C1C71FBCE00BD4874 /* MWKRecentSearchEntry.m */; };
		5EEFDFDC1C71FBCE00BD4874 /* MWKRecentSearchList.m in Sources */ = {isa = PBXBuildFile; fileRef = 5EEFDF4E1C71FBCE00BD4874 /* MWKRecentSearchList.m */; };
		5EEFDFDD1C71FBCE00BD4874 /* MWKSavedPageEntry.m in Sources */ = {isa = PBXBuildFile; fileRef = 5EEFDF521C71FBCE00BD4874 /* MWKSavedPageEntry.m */; };
		5EEFDFDE1C71FBCE00BD4874 /* MWKSavedPageList.m in Sources */ = {isa = PBXBuildFile; fileRef = 5EEFDF541C71FBCE00BD4874 /* MWKSavedPageList.m */; };
		5EEFDFDF1C71FBCE00BD4874 /* NSError+WMFExtensions.m in Sources */ = {isa = PBXBuildFile; fileRef = 5EEFDF581C71FBCE00BD4874 /* NSError+WMFExtensions.m */; };
		5EEFDFE01C71FBCE00BD4874 /* MTLValueTransformer+WMFNumericValueTransformer.m in Sources */ = {isa = PBXBuildFile; fileRef = 5EEFDF5C1C71FBCE00BD4874 /* MTLValueTransformer+WMFNumericValueTransformer.m */; };
		5EEFDFE11C71FBCE00BD4874 /* NSDateFormatter+WMFExtensions.m in Sources */ = {isa = PBXBuildFile; fileRef = 5EEFDF5E1C71FBCE00BD4874 /* NSDateFormatter+WMFExtensions.m */; };
		5EEFDFE21C71FBCE00BD4874 /* NSDictionary+WMFCommonParams.m in Sources */ = {isa = PBXBuildFile; fileRef = 5EEFDF601C71FBCE00BD4874 /* NSDictionary+WMFCommonParams.m */; };
		5EEFDFE31C71FBCE00BD4874 /* WMFApiJsonResponseSerializer.m in Sources */ = {isa = PBXBuildFile; fileRef = 5EEFDF621C71FBCE00BD4874 /* WMFApiJsonResponseSerializer.m */; };
		5EEFDFE41C71FBCE00BD4874 /* WMFMantleJSONResponseSerializer.m in Sources */ = {isa = PBXBuildFile; fileRef = 5EEFDF641C71FBCE00BD4874 /* WMFMantleJSONResponseSerializer.m */; };
		5EEFDFE51C71FBCE00BD4874 /* MWKImageInfoResponseSerializer.m in Sources */ = {isa = PBXBuildFile; fileRef = 5EEFDF661C71FBCE00BD4874 /* MWKImageInfoResponseSerializer.m */; };
		5EEFDFE61C71FBCE00BD4874 /* MWKLanguageLinkResponseSerializer.m in Sources */ = {isa = PBXBuildFile; fileRef = 5EEFDF681C71FBCE00BD4874 /* MWKLanguageLinkResponseSerializer.m */; };
		5EEFDFE71C71FBCE00BD4874 /* NSString+WMFExtras.m in Sources */ = {isa = PBXBuildFile; fileRef = 5EEFDF6C1C71FBCE00BD4874 /* NSString+WMFExtras.m */; };
		5EEFDFE81C71FBCE00BD4874 /* NSString+WMFHTMLParsing.m in Sources */ = {isa = PBXBuildFile; fileRef = 5EEFDF6E1C71FBCE00BD4874 /* NSString+WMFHTMLParsing.m */; };
		5EEFDFE91C71FBCE00BD4874 /* NSString+WMFPageUtilities.m in Sources */ = {isa = PBXBuildFile; fileRef = 5EEFDF701C71FBCE00BD4874 /* NSString+WMFPageUtilities.m */; };
		5EEFDFEA1C71FBCE00BD4874 /* NSURL+WMFExtras.m in Sources */ = {isa = PBXBuildFile; fileRef = 5EEFDF721C71FBCE00BD4874 /* NSURL+WMFExtras.m */; };
		5EEFDFEB1C71FBCE00BD4874 /* NSURL+WMFLinkParsing.m in Sources */ = {isa = PBXBuildFile; fileRef = 5EEFDF741C71FBCE00BD4874 /* NSURL+WMFLinkParsing.m */; };
		5EEFDFEC1C71FBCE00BD4874 /* WMFImageURLParsing.m in Sources */ = {isa = PBXBuildFile; fileRef = 5EEFDF761C71FBCE00BD4874 /* WMFImageURLParsing.m */; };
		5EEFDFED1C71FBCE00BD4874 /* NSArray+BKIndex.m in Sources */ = {isa = PBXBuildFile; fileRef = 5EEFDF7B1C71FBCE00BD4874 /* NSArray+BKIndex.m */; };
		5EEFDFEE1C71FBCE00BD4874 /* NSArray+WMFExtensions.swift in Sources */ = {isa = PBXBuildFile; fileRef = 5EEFDF7C1C71FBCE00BD4874 /* NSArray+WMFExtensions.swift */; };
		5EEFDFEF1C71FBCE00BD4874 /* NSArray+WMFMapping.m in Sources */ = {isa = PBXBuildFile; fileRef = 5EEFDF7E1C71FBCE00BD4874 /* NSArray+WMFMapping.m */; };
		5EEFDFF01C71FBCE00BD4874 /* NSArray+WMFPredicate.swift in Sources */ = {isa = PBXBuildFile; fileRef = 5EEFDF7F1C71FBCE00BD4874 /* NSArray+WMFPredicate.swift */; };
		5EEFDFF11C71FBCE00BD4874 /* NSIndexSet+BKReduce.m in Sources */ = {isa = PBXBuildFile; fileRef = 5EEFDF811C71FBCE00BD4874 /* NSIndexSet+BKReduce.m */; };
		5EEFDFF21C71FBCE00BD4874 /* NSMutableArray+WMFSafeAdd.m in Sources */ = {isa = PBXBuildFile; fileRef = 5EEFDF831C71FBCE00BD4874 /* NSMutableArray+WMFSafeAdd.m */; };
		5EEFDFF31C71FBCE00BD4874 /* NSMutableDictionary+WMFMaybeSet.m in Sources */ = {isa = PBXBuildFile; fileRef = 5EEFDF851C71FBCE00BD4874 /* NSMutableDictionary+WMFMaybeSet.m */; };
		5EEFDFF41C71FBCE00BD4874 /* NSBundle+WMFInfoUtils.m in Sources */ = {isa = PBXBuildFile; fileRef = 5EEFDF8A1C71FBCE00BD4874 /* NSBundle+WMFInfoUtils.m */; };
		5EEFDFF51C71FBCE00BD4874 /* WikipediaAppUtils.m in Sources */ = {isa = PBXBuildFile; fileRef = 5EEFDF901C71FBCE00BD4874 /* WikipediaAppUtils.m */; };
		5EEFDFF61C71FBCE00BD4874 /* WMFArticleBrowserViewController.swift in Sources */ = {isa = PBXBuildFile; fileRef = 5EEFDF971C71FBCE00BD4874 /* WMFArticleBrowserViewController.swift */; };
		5EEFDFF71C71FBCE00BD4874 /* WMFArticleViewController.swift in Sources */ = {isa = PBXBuildFile; fileRef = 5EEFDF981C71FBCE00BD4874 /* WMFArticleViewController.swift */; };
		5EEFDFF81C71FBCE00BD4874 /* WMFArticleViewController_Private.swift in Sources */ = {isa = PBXBuildFile; fileRef = 5EEFDF991C71FBCE00BD4874 /* WMFArticleViewController_Private.swift */; };
		5EEFDFF91C71FBCE00BD4874 /* WMFExploreViewController.swift in Sources */ = {isa = PBXBuildFile; fileRef = 5EEFDF9B1C71FBCE00BD4874 /* WMFExploreViewController.swift */; };
		5EEFDFFA1C71FBCE00BD4874 /* WMFHistoryTableViewController.swift in Sources */ = {isa = PBXBuildFile; fileRef = 5EEFDF9D1C71FBCE00BD4874 /* WMFHistoryTableViewController.swift */; };
		5EEFDFFB1C71FBCE00BD4874 /* WMFSavedArticleTableViewController.swift in Sources */ = {isa = PBXBuildFile; fileRef = 5EEFDF9F1C71FBCE00BD4874 /* WMFSavedArticleTableViewController.swift */; };
		5EEFDFFC1C71FBCE00BD4874 /* WMFAssetsFile.m in Sources */ = {isa = PBXBuildFile; fileRef = 5EEFDFA31C71FBCE00BD4874 /* WMFAssetsFile.m */; };
		5EEFDFFD1C71FBCE00BD4874 /* NSObject+ConstraintsScale.m in Sources */ = {isa = PBXBuildFile; fileRef = 5EEFDFA61C71FBCE00BD4874 /* NSObject+ConstraintsScale.m */; };
		5EEFDFFE1C71FBCE00BD4874 /* NSObject+WMFExtras.m in Sources */ = {isa = PBXBuildFile; fileRef = 5EEFDFA81C71FBCE00BD4874 /* NSObject+WMFExtras.m */; };
		5EEFDFFF1C71FBCE00BD4874 /* UIImage+WMFFocalImageDrawing.m in Sources */ = {isa = PBXBuildFile; fileRef = 5EEFDFAA1C71FBCE00BD4874 /* UIImage+WMFFocalImageDrawing.m */; };
		5EEFE0001C71FBCE00BD4874 /* UIView+ConstraintsScale.m in Sources */ = {isa = PBXBuildFile; fileRef = 5EEFDFAC1C71FBCE00BD4874 /* UIView+ConstraintsScale.m */; };
		5EEFE0011C71FBCE00BD4874 /* MWLanguageInfo.m in Sources */ = {isa = PBXBuildFile; fileRef = 5EEFDFB01C71FBCE00BD4874 /* MWLanguageInfo.m */; };
		D605222B363BB39935B0C1DE /* Pods_wikiswiftTests.framework in Frameworks */ = {isa = PBXBuildFile; fileRef = D6E670567AFAC4C7EAE373F4 /* Pods_wikiswiftTests.framework */; };
/* End PBXBuildFile section */

/* Begin PBXContainerItemProxy section */
		5E3452C71C71924D007D3D11 /* PBXContainerItemProxy */ = {
			isa = PBXContainerItemProxy;
			containerPortal = 5E3452AA1C71924C007D3D11 /* Project object */;
			proxyType = 1;
			remoteGlobalIDString = 5E3452B11C71924C007D3D11;
			remoteInfo = wikiswift;
		};
		5E3452D21C71924D007D3D11 /* PBXContainerItemProxy */ = {
			isa = PBXContainerItemProxy;
			containerPortal = 5E3452AA1C71924C007D3D11 /* Project object */;
			proxyType = 1;
			remoteGlobalIDString = 5E3452B11C71924C007D3D11;
			remoteInfo = wikiswift;
		};
/* End PBXContainerItemProxy section */

/* Begin PBXFileReference section */
		5E3452B21C71924C007D3D11 /* wikiswift.app */ = {isa = PBXFileReference; explicitFileType = wrapper.application; includeInIndex = 0; path = wikiswift.app; sourceTree = BUILT_PRODUCTS_DIR; };
		5E3452B51C71924C007D3D11 /* AppDelegate.swift */ = {isa = PBXFileReference; lastKnownFileType = sourcecode.swift; path = AppDelegate.swift; sourceTree = "<group>"; };
		5E3452B71C71924C007D3D11 /* ViewController.swift */ = {isa = PBXFileReference; lastKnownFileType = sourcecode.swift; path = ViewController.swift; sourceTree = "<group>"; };
		5E3452BA1C71924C007D3D11 /* Base */ = {isa = PBXFileReference; lastKnownFileType = file.storyboard; name = Base; path = Base.lproj/Main.storyboard; sourceTree = "<group>"; };
		5E3452BC1C71924C007D3D11 /* Assets.xcassets */ = {isa = PBXFileReference; lastKnownFileType = folder.assetcatalog; path = Assets.xcassets; sourceTree = "<group>"; };
		5E3452BF1C71924C007D3D11 /* Base */ = {isa = PBXFileReference; lastKnownFileType = file.storyboard; name = Base; path = Base.lproj/LaunchScreen.storyboard; sourceTree = "<group>"; };
		5E3452C11C71924C007D3D11 /* Info.plist */ = {isa = PBXFileReference; lastKnownFileType = text.plist.xml; path = Info.plist; sourceTree = "<group>"; };
		5E3452C61C71924D007D3D11 /* wikiswiftTests.xctest */ = {isa = PBXFileReference; explicitFileType = wrapper.cfbundle; includeInIndex = 0; path = wikiswiftTests.xctest; sourceTree = BUILT_PRODUCTS_DIR; };
		5E3452CA1C71924D007D3D11 /* wikiswiftTests.swift */ = {isa = PBXFileReference; lastKnownFileType = sourcecode.swift; path = wikiswiftTests.swift; sourceTree = "<group>"; };
		5E3452CC1C71924D007D3D11 /* Info.plist */ = {isa = PBXFileReference; lastKnownFileType = text.plist.xml; path = Info.plist; sourceTree = "<group>"; };
		5E3452D11C71924D007D3D11 /* wikiswiftUITests.xctest */ = {isa = PBXFileReference; explicitFileType = wrapper.cfbundle; includeInIndex = 0; path = wikiswiftUITests.xctest; sourceTree = BUILT_PRODUCTS_DIR; };
		5E3452D51C71924D007D3D11 /* wikiswiftUITests.swift */ = {isa = PBXFileReference; lastKnownFileType = sourcecode.swift; path = wikiswiftUITests.swift; sourceTree = "<group>"; };
		5E3452D71C71924D007D3D11 /* Info.plist */ = {isa = PBXFileReference; lastKnownFileType = text.plist.xml; path = Info.plist; sourceTree = "<group>"; };
		5E69F4DF1C71CB79005BD985 /* wikiswift-Bridging-Header.h */ = {isa = PBXFileReference; lastKnownFileType = sourcecode.c.h; path = "wikiswift-Bridging-Header.h"; sourceTree = "<group>"; };
		5EA85A871C71C469007213FD /* SourceIcons.xcassets */ = {isa = PBXFileReference; lastKnownFileType = folder.assetcatalog; path = SourceIcons.xcassets; sourceTree = "<group>"; };
		5EEFDEE81C71FBCE00BD4874 /* DDLog+WMFLogger.h */ = {isa = PBXFileReference; fileEncoding = 4; lastKnownFileType = sourcecode.c.h; path = "DDLog+WMFLogger.h"; sourceTree = "<group>"; };
		5EEFDEE91C71FBCE00BD4874 /* DDLog+WMFLogger.m */ = {isa = PBXFileReference; fileEncoding = 4; lastKnownFileType = sourcecode.c.objc; path = "DDLog+WMFLogger.m"; sourceTree = "<group>"; };
		5EEFDEEA1C71FBCE00BD4874 /* LoggingDefaults.swift */ = {isa = PBXFileReference; fileEncoding = 4; lastKnownFileType = sourcecode.swift; path = LoggingDefaults.swift; sourceTree = "<group>"; };
		5EEFDEEB1C71FBCE00BD4874 /* WMFLogFormatter.h */ = {isa = PBXFileReference; fileEncoding = 4; lastKnownFileType = sourcecode.c.h; path = WMFLogFormatter.h; sourceTree = "<group>"; };
		5EEFDEEC1C71FBCE00BD4874 /* WMFLogFormatter.m */ = {isa = PBXFileReference; fileEncoding = 4; lastKnownFileType = sourcecode.c.objc; path = WMFLogFormatter.m; sourceTree = "<group>"; };
		5EEFDEED1C71FBCE00BD4874 /* WMFLogging.h */ = {isa = PBXFileReference; fileEncoding = 4; lastKnownFileType = sourcecode.c.h; path = WMFLogging.h; sourceTree = "<group>"; };
		5EEFDEEE1C71FBCE00BD4874 /* WMFDeprecationMacros.h */ = {isa = PBXFileReference; fileEncoding = 4; lastKnownFileType = sourcecode.c.h; path = WMFDeprecationMacros.h; sourceTree = "<group>"; };
		5EEFDEF21C71FBCE00BD4874 /* WMFArticleListTableViewController.swift */ = {isa = PBXFileReference; fileEncoding = 4; lastKnownFileType = sourcecode.swift; path = WMFArticleListTableViewController.swift; sourceTree = "<group>"; };
		5EEFDEF31C71FBCE00BD4874 /* Global.h */ = {isa = PBXFileReference; fileEncoding = 4; lastKnownFileType = sourcecode.c.h; path = Global.h; sourceTree = "<group>"; };
		5EEFDEF61C71FBCE00BD4874 /* MWKImage+CanonicalFilenames.h */ = {isa = PBXFileReference; fileEncoding = 4; lastKnownFileType = sourcecode.c.h; path = "MWKImage+CanonicalFilenames.h"; sourceTree = "<group>"; };
		5EEFDEF71C71FBCE00BD4874 /* MWKImage+CanonicalFilenames.m */ = {isa = PBXFileReference; fileEncoding = 4; lastKnownFileType = sourcecode.c.objc; path = "MWKImage+CanonicalFilenames.m"; sourceTree = "<group>"; };
		5EEFDEF81C71FBCE00BD4874 /* MWKImageInfo+MWKImageComparison.h */ = {isa = PBXFileReference; fileEncoding = 4; lastKnownFileType = sourcecode.c.h; path = "MWKImageInfo+MWKImageComparison.h"; sourceTree = "<group>"; };
		5EEFDEF91C71FBCE00BD4874 /* MWKImageInfo+MWKImageComparison.m */ = {isa = PBXFileReference; fileEncoding = 4; lastKnownFileType = sourcecode.c.objc; path = "MWKImageInfo+MWKImageComparison.m"; sourceTree = "<group>"; };
		5EEFDEFA1C71FBCE00BD4874 /* MWKImageInfo.h */ = {isa = PBXFileReference; fileEncoding = 4; lastKnownFileType = sourcecode.c.h; path = MWKImageInfo.h; sourceTree = "<group>"; };
		5EEFDEFB1C71FBCE00BD4874 /* MWKImageInfo.m */ = {isa = PBXFileReference; fileEncoding = 4; lastKnownFileType = sourcecode.c.objc; path = MWKImageInfo.m; sourceTree = "<group>"; };
		5EEFDEFC1C71FBCE00BD4874 /* MWKLicense.h */ = {isa = PBXFileReference; fileEncoding = 4; lastKnownFileType = sourcecode.c.h; path = MWKLicense.h; sourceTree = "<group>"; };
		5EEFDEFD1C71FBCE00BD4874 /* MWKLicense.m */ = {isa = PBXFileReference; fileEncoding = 4; lastKnownFileType = sourcecode.c.objc; path = MWKLicense.m; sourceTree = "<group>"; };
		5EEFDEFE1C71FBCE00BD4874 /* MWKImage.h */ = {isa = PBXFileReference; fileEncoding = 4; lastKnownFileType = sourcecode.c.h; path = MWKImage.h; sourceTree = "<group>"; };
		5EEFDEFF1C71FBCE00BD4874 /* MWKImage.m */ = {isa = PBXFileReference; fileEncoding = 4; lastKnownFileType = sourcecode.c.objc; path = MWKImage.m; sourceTree = "<group>"; };
		5EEFDF001C71FBCE00BD4874 /* UIImageView+WMFImageFetching.h */ = {isa = PBXFileReference; fileEncoding = 4; lastKnownFileType = sourcecode.c.h; path = "UIImageView+WMFImageFetching.h"; sourceTree = "<group>"; };
		5EEFDF011C71FBCE00BD4874 /* UIImageView+WMFImageFetching.m */ = {isa = PBXFileReference; fileEncoding = 4; lastKnownFileType = sourcecode.c.objc; path = "UIImageView+WMFImageFetching.m"; sourceTree = "<group>"; };
		5EEFDF021C71FBCE00BD4874 /* UIScreen+WMFImageWidth.h */ = {isa = PBXFileReference; fileEncoding = 4; lastKnownFileType = sourcecode.c.h; path = "UIScreen+WMFImageWidth.h"; sourceTree = "<group>"; };
		5EEFDF031C71FBCE00BD4874 /* UIScreen+WMFImageWidth.m */ = {isa = PBXFileReference; fileEncoding = 4; lastKnownFileType = sourcecode.c.objc; path = "UIScreen+WMFImageWidth.m"; sourceTree = "<group>"; };
		5EEFDF071C71FBCE00BD4874 /* MWKArticle+HTMLImageImport.h */ = {isa = PBXFileReference; fileEncoding = 4; lastKnownFileType = sourcecode.c.h; path = "MWKArticle+HTMLImageImport.h"; sourceTree = "<group>"; };
		5EEFDF081C71FBCE00BD4874 /* MWKArticle+HTMLImageImport.m */ = {isa = PBXFileReference; fileEncoding = 4; lastKnownFileType = sourcecode.c.objc; path = "MWKArticle+HTMLImageImport.m"; sourceTree = "<group>"; };
		5EEFDF091C71FBCE00BD4874 /* MWKArticle.h */ = {isa = PBXFileReference; fileEncoding = 4; lastKnownFileType = sourcecode.c.h; path = MWKArticle.h; sourceTree = "<group>"; };
		5EEFDF0A1C71FBCE00BD4874 /* MWKArticle.m */ = {isa = PBXFileReference; fileEncoding = 4; lastKnownFileType = sourcecode.c.objc; path = MWKArticle.m; sourceTree = "<group>"; };
		5EEFDF0B1C71FBCE00BD4874 /* MWKCitation.h */ = {isa = PBXFileReference; fileEncoding = 4; lastKnownFileType = sourcecode.c.h; path = MWKCitation.h; sourceTree = "<group>"; };
		5EEFDF0C1C71FBCE00BD4874 /* MWKCitation.m */ = {isa = PBXFileReference; fileEncoding = 4; lastKnownFileType = sourcecode.c.objc; path = MWKCitation.m; sourceTree = "<group>"; };
		5EEFDF0D1C71FBCE00BD4874 /* MWKImageList.h */ = {isa = PBXFileReference; fileEncoding = 4; lastKnownFileType = sourcecode.c.h; path = MWKImageList.h; sourceTree = "<group>"; };
		5EEFDF0E1C71FBCE00BD4874 /* MWKImageList.m */ = {isa = PBXFileReference; fileEncoding = 4; lastKnownFileType = sourcecode.c.objc; path = MWKImageList.m; sourceTree = "<group>"; };
		5EEFDF0F1C71FBCE00BD4874 /* MWKProtectionStatus.h */ = {isa = PBXFileReference; fileEncoding = 4; lastKnownFileType = sourcecode.c.h; path = MWKProtectionStatus.h; sourceTree = "<group>"; };
		5EEFDF101C71FBCE00BD4874 /* MWKProtectionStatus.m */ = {isa = PBXFileReference; fileEncoding = 4; lastKnownFileType = sourcecode.c.objc; path = MWKProtectionStatus.m; sourceTree = "<group>"; };
		5EEFDF111C71FBCE00BD4874 /* MWKSection+HTMLImageExtraction.h */ = {isa = PBXFileReference; fileEncoding = 4; lastKnownFileType = sourcecode.c.h; path = "MWKSection+HTMLImageExtraction.h"; sourceTree = "<group>"; };
		5EEFDF121C71FBCE00BD4874 /* MWKSection+HTMLImageExtraction.m */ = {isa = PBXFileReference; fileEncoding = 4; lastKnownFileType = sourcecode.c.objc; path = "MWKSection+HTMLImageExtraction.m"; sourceTree = "<group>"; };
		5EEFDF131C71FBCE00BD4874 /* MWKSection.h */ = {isa = PBXFileReference; fileEncoding = 4; lastKnownFileType = sourcecode.c.h; path = MWKSection.h; sourceTree = "<group>"; };
		5EEFDF141C71FBCE00BD4874 /* MWKSection.m */ = {isa = PBXFileReference; fileEncoding = 4; lastKnownFileType = sourcecode.c.objc; path = MWKSection.m; sourceTree = "<group>"; };
		5EEFDF151C71FBCE00BD4874 /* MWKSectionList.h */ = {isa = PBXFileReference; fileEncoding = 4; lastKnownFileType = sourcecode.c.h; path = MWKSectionList.h; sourceTree = "<group>"; };
		5EEFDF161C71FBCE00BD4874 /* MWKSectionList.m */ = {isa = PBXFileReference; fileEncoding = 4; lastKnownFileType = sourcecode.c.objc; path = MWKSectionList.m; sourceTree = "<group>"; };
		5EEFDF171C71FBCE00BD4874 /* MWKSectionMetaData.h */ = {isa = PBXFileReference; fileEncoding = 4; lastKnownFileType = sourcecode.c.h; path = MWKSectionMetaData.h; sourceTree = "<group>"; };
		5EEFDF181C71FBCE00BD4874 /* MWKSectionMetaData.m */ = {isa = PBXFileReference; fileEncoding = 4; lastKnownFileType = sourcecode.c.objc; path = MWKSectionMetaData.m; sourceTree = "<group>"; };
		5EEFDF191C71FBCE00BD4874 /* WMFBlockDefinitions.h */ = {isa = PBXFileReference; fileEncoding = 4; lastKnownFileType = sourcecode.c.h; path = WMFBlockDefinitions.h; sourceTree = "<group>"; };
		5EEFDF1A1C71FBCE00BD4874 /* WMFSharing.h */ = {isa = PBXFileReference; fileEncoding = 4; lastKnownFileType = sourcecode.c.h; path = WMFSharing.h; sourceTree = "<group>"; };
		5EEFDF1C1C71FBCE00BD4874 /* MWKHistoryEntry.h */ = {isa = PBXFileReference; fileEncoding = 4; lastKnownFileType = sourcecode.c.h; path = MWKHistoryEntry.h; sourceTree = "<group>"; };
		5EEFDF1D1C71FBCE00BD4874 /* MWKHistoryEntry.m */ = {isa = PBXFileReference; fileEncoding = 4; lastKnownFileType = sourcecode.c.objc; path = MWKHistoryEntry.m; sourceTree = "<group>"; };
		5EEFDF1E1C71FBCE00BD4874 /* MWKHistoryList.h */ = {isa = PBXFileReference; fileEncoding = 4; lastKnownFileType = sourcecode.c.h; path = MWKHistoryList.h; sourceTree = "<group>"; };
		5EEFDF1F1C71FBCE00BD4874 /* MWKHistoryList.m */ = {isa = PBXFileReference; fileEncoding = 4; lastKnownFileType = sourcecode.c.objc; path = MWKHistoryList.m; sourceTree = "<group>"; };
		5EEFDF211C71FBCE00BD4874 /* MWKLanguageLink.h */ = {isa = PBXFileReference; fileEncoding = 4; lastKnownFileType = sourcecode.c.h; path = MWKLanguageLink.h; sourceTree = "<group>"; };
		5EEFDF221C71FBCE00BD4874 /* MWKLanguageLink.m */ = {isa = PBXFileReference; fileEncoding = 4; lastKnownFileType = sourcecode.c.objc; path = MWKLanguageLink.m; sourceTree = "<group>"; };
		5EEFDF251C71FBCE00BD4874 /* MWKDataObject.h */ = {isa = PBXFileReference; fileEncoding = 4; lastKnownFileType = sourcecode.c.h; path = MWKDataObject.h; sourceTree = "<group>"; };
		5EEFDF261C71FBCE00BD4874 /* MWKDataObject.m */ = {isa = PBXFileReference; fileEncoding = 4; lastKnownFileType = sourcecode.c.objc; path = MWKDataObject.m; sourceTree = "<group>"; };
		5EEFDF271C71FBCE00BD4874 /* MWKDataStoreList.h */ = {isa = PBXFileReference; fileEncoding = 4; lastKnownFileType = sourcecode.c.h; path = MWKDataStoreList.h; sourceTree = "<group>"; };
		5EEFDF281C71FBCE00BD4874 /* MWKList+Subclass.h */ = {isa = PBXFileReference; fileEncoding = 4; lastKnownFileType = sourcecode.c.h; path = "MWKList+Subclass.h"; sourceTree = "<group>"; };
		5EEFDF291C71FBCE00BD4874 /* MWKList.h */ = {isa = PBXFileReference; fileEncoding = 4; lastKnownFileType = sourcecode.c.h; path = MWKList.h; sourceTree = "<group>"; };
		5EEFDF2A1C71FBCE00BD4874 /* MWKList.m */ = {isa = PBXFileReference; fileEncoding = 4; lastKnownFileType = sourcecode.c.objc; path = MWKList.m; sourceTree = "<group>"; };
		5EEFDF2B1C71FBCE00BD4874 /* MWKSiteDataObject.h */ = {isa = PBXFileReference; fileEncoding = 4; lastKnownFileType = sourcecode.c.h; path = MWKSiteDataObject.h; sourceTree = "<group>"; };
		5EEFDF2C1C71FBCE00BD4874 /* MWKSiteDataObject.m */ = {isa = PBXFileReference; fileEncoding = 4; lastKnownFileType = sourcecode.c.objc; path = MWKSiteDataObject.m; sourceTree = "<group>"; };
		5EEFDF2E1C71FBCE00BD4874 /* MWKArticle+WMFSharing.h */ = {isa = PBXFileReference; fileEncoding = 4; lastKnownFileType = sourcecode.c.h; path = "MWKArticle+WMFSharing.h"; sourceTree = "<group>"; };
		5EEFDF2F1C71FBCE00BD4874 /* MWKArticle+WMFSharing.m */ = {isa = PBXFileReference; fileEncoding = 4; lastKnownFileType = sourcecode.c.objc; path = "MWKArticle+WMFSharing.m"; sourceTree = "<group>"; };
		5EEFDF301C71FBCE00BD4874 /* MWKLicense+ToGlyph.h */ = {isa = PBXFileReference; fileEncoding = 4; lastKnownFileType = sourcecode.c.h; path = "MWKLicense+ToGlyph.h"; sourceTree = "<group>"; };
		5EEFDF311C71FBCE00BD4874 /* MWKLicense+ToGlyph.m */ = {isa = PBXFileReference; fileEncoding = 4; lastKnownFileType = sourcecode.c.objc; path = "MWKLicense+ToGlyph.m"; sourceTree = "<group>"; };
		5EEFDF321C71FBCE00BD4874 /* MWKSavedPageList+ImageMigration.h */ = {isa = PBXFileReference; fileEncoding = 4; lastKnownFileType = sourcecode.c.h; path = "MWKSavedPageList+ImageMigration.h"; sourceTree = "<group>"; };
		5EEFDF331C71FBCE00BD4874 /* MWKSavedPageList+ImageMigration.m */ = {isa = PBXFileReference; fileEncoding = 4; lastKnownFileType = sourcecode.c.objc; path = "MWKSavedPageList+ImageMigration.m"; sourceTree = "<group>"; };
		5EEFDF341C71FBCE00BD4874 /* MWKSavedPageList+ImageMigrationTesting.h */ = {isa = PBXFileReference; fileEncoding = 4; lastKnownFileType = sourcecode.c.h; path = "MWKSavedPageList+ImageMigrationTesting.h"; sourceTree = "<group>"; };
		5EEFDF351C71FBCE00BD4874 /* MWKSavedPageList+ImageMigrationTesting.m */ = {isa = PBXFileReference; fileEncoding = 4; lastKnownFileType = sourcecode.c.objc; path = "MWKSavedPageList+ImageMigrationTesting.m"; sourceTree = "<group>"; };
		5EEFDF361C71FBCE00BD4874 /* MWKSection+DisplayHtml.h */ = {isa = PBXFileReference; fileEncoding = 4; lastKnownFileType = sourcecode.c.h; path = "MWKSection+DisplayHtml.h"; sourceTree = "<group>"; };
		5EEFDF371C71FBCE00BD4874 /* MWKSection+DisplayHtml.m */ = {isa = PBXFileReference; fileEncoding = 4; lastKnownFileType = sourcecode.c.objc; path = "MWKSection+DisplayHtml.m"; sourceTree = "<group>"; };
		5EEFDF391C71FBCE00BD4874 /* MWKDataHousekeeping.h */ = {isa = PBXFileReference; fileEncoding = 4; lastKnownFileType = sourcecode.c.h; path = MWKDataHousekeeping.h; sourceTree = "<group>"; };
		5EEFDF3A1C71FBCE00BD4874 /* MWKDataHousekeeping.m */ = {isa = PBXFileReference; fileEncoding = 4; lastKnownFileType = sourcecode.c.objc; path = MWKDataHousekeeping.m; sourceTree = "<group>"; };
		5EEFDF3B1C71FBCE00BD4874 /* MWKDataStore.h */ = {isa = PBXFileReference; fileEncoding = 4; lastKnownFileType = sourcecode.c.h; path = MWKDataStore.h; sourceTree = "<group>"; };
		5EEFDF3C1C71FBCE00BD4874 /* MWKDataStore.m */ = {isa = PBXFileReference; fileEncoding = 4; lastKnownFileType = sourcecode.c.objc; path = MWKDataStore.m; sourceTree = "<group>"; };
		5EEFDF3D1C71FBCE00BD4874 /* MWKUserDataStore.h */ = {isa = PBXFileReference; fileEncoding = 4; lastKnownFileType = sourcecode.c.h; path = MWKUserDataStore.h; sourceTree = "<group>"; };
		5EEFDF3E1C71FBCE00BD4874 /* MWKUserDataStore.m */ = {isa = PBXFileReference; fileEncoding = 4; lastKnownFileType = sourcecode.c.objc; path = MWKUserDataStore.m; sourceTree = "<group>"; };
		5EEFDF3F1C71FBCE00BD4874 /* MediaWikiKit.h */ = {isa = PBXFileReference; fileEncoding = 4; lastKnownFileType = sourcecode.c.h; path = MediaWikiKit.h; sourceTree = "<group>"; };
		5EEFDF411C71FBCE00BD4874 /* MWKSite.h */ = {isa = PBXFileReference; fileEncoding = 4; lastKnownFileType = sourcecode.c.h; path = MWKSite.h; sourceTree = "<group>"; };
		5EEFDF421C71FBCE00BD4874 /* MWKSite.m */ = {isa = PBXFileReference; fileEncoding = 4; lastKnownFileType = sourcecode.c.objc; path = MWKSite.m; sourceTree = "<group>"; };
		5EEFDF431C71FBCE00BD4874 /* MWKSiteInfo.h */ = {isa = PBXFileReference; fileEncoding = 4; lastKnownFileType = sourcecode.c.h; path = MWKSiteInfo.h; sourceTree = "<group>"; };
		5EEFDF441C71FBCE00BD4874 /* MWKSiteInfo.m */ = {isa = PBXFileReference; fileEncoding = 4; lastKnownFileType = sourcecode.c.objc; path = MWKSiteInfo.m; sourceTree = "<group>"; };
		5EEFDF451C71FBCE00BD4874 /* MWKTitle.h */ = {isa = PBXFileReference; fileEncoding = 4; lastKnownFileType = sourcecode.c.h; path = MWKTitle.h; sourceTree = "<group>"; };
		5EEFDF461C71FBCE00BD4874 /* MWKTitle.m */ = {isa = PBXFileReference; fileEncoding = 4; lastKnownFileType = sourcecode.c.objc; path = MWKTitle.m; sourceTree = "<group>"; };
		5EEFDF481C71FBCE00BD4874 /* MWKUser.h */ = {isa = PBXFileReference; fileEncoding = 4; lastKnownFileType = sourcecode.c.h; path = MWKUser.h; sourceTree = "<group>"; };
		5EEFDF491C71FBCE00BD4874 /* MWKUser.m */ = {isa = PBXFileReference; fileEncoding = 4; lastKnownFileType = sourcecode.c.objc; path = MWKUser.m; sourceTree = "<group>"; };
		5EEFDF4B1C71FBCE00BD4874 /* MWKRecentSearchEntry.h */ = {isa = PBXFileReference; fileEncoding = 4; lastKnownFileType = sourcecode.c.h; path = MWKRecentSearchEntry.h; sourceTree = "<group>"; };
		5EEFDF4C1C71FBCE00BD4874 /* MWKRecentSearchEntry.m */ = {isa = PBXFileReference; fileEncoding = 4; lastKnownFileType = sourcecode.c.objc; path = MWKRecentSearchEntry.m; sourceTree = "<group>"; };
		5EEFDF4D1C71FBCE00BD4874 /* MWKRecentSearchList.h */ = {isa = PBXFileReference; fileEncoding = 4; lastKnownFileType = sourcecode.c.h; path = MWKRecentSearchList.h; sourceTree = "<group>"; };
		5EEFDF4E1C71FBCE00BD4874 /* MWKRecentSearchList.m */ = {isa = PBXFileReference; fileEncoding = 4; lastKnownFileType = sourcecode.c.objc; path = MWKRecentSearchList.m; sourceTree = "<group>"; };
		5EEFDF501C71FBCE00BD4874 /* MWKSavedPageEntry+ImageMigration.h */ = {isa = PBXFileReference; fileEncoding = 4; lastKnownFileType = sourcecode.c.h; path = "MWKSavedPageEntry+ImageMigration.h"; sourceTree = "<group>"; };
		5EEFDF511C71FBCE00BD4874 /* MWKSavedPageEntry.h */ = {isa = PBXFileReference; fileEncoding = 4; lastKnownFileType = sourcecode.c.h; path = MWKSavedPageEntry.h; sourceTree = "<group>"; };
		5EEFDF521C71FBCE00BD4874 /* MWKSavedPageEntry.m */ = {isa = PBXFileReference; fileEncoding = 4; lastKnownFileType = sourcecode.c.objc; path = MWKSavedPageEntry.m; sourceTree = "<group>"; };
		5EEFDF531C71FBCE00BD4874 /* MWKSavedPageList.h */ = {isa = PBXFileReference; fileEncoding = 4; lastKnownFileType = sourcecode.c.h; path = MWKSavedPageList.h; sourceTree = "<group>"; };
		5EEFDF541C71FBCE00BD4874 /* MWKSavedPageList.m */ = {isa = PBXFileReference; fileEncoding = 4; lastKnownFileType = sourcecode.c.objc; path = MWKSavedPageList.m; sourceTree = "<group>"; };
		5EEFDF551C71FBCE00BD4874 /* MWKSavedPageListDataExportConstants.h */ = {isa = PBXFileReference; fileEncoding = 4; lastKnownFileType = sourcecode.c.h; path = MWKSavedPageListDataExportConstants.h; sourceTree = "<group>"; };
		5EEFDF571C71FBCE00BD4874 /* NSError+WMFExtensions.h */ = {isa = PBXFileReference; fileEncoding = 4; lastKnownFileType = sourcecode.c.h; path = "NSError+WMFExtensions.h"; sourceTree = "<group>"; };
		5EEFDF581C71FBCE00BD4874 /* NSError+WMFExtensions.m */ = {isa = PBXFileReference; fileEncoding = 4; lastKnownFileType = sourcecode.c.objc; path = "NSError+WMFExtensions.m"; sourceTree = "<group>"; };
		5EEFDF5B1C71FBCE00BD4874 /* MTLValueTransformer+WMFNumericValueTransformer.h */ = {isa = PBXFileReference; fileEncoding = 4; lastKnownFileType = sourcecode.c.h; path = "MTLValueTransformer+WMFNumericValueTransformer.h"; sourceTree = "<group>"; };
		5EEFDF5C1C71FBCE00BD4874 /* MTLValueTransformer+WMFNumericValueTransformer.m */ = {isa = PBXFileReference; fileEncoding = 4; lastKnownFileType = sourcecode.c.objc; path = "MTLValueTransformer+WMFNumericValueTransformer.m"; sourceTree = "<group>"; };
		5EEFDF5D1C71FBCE00BD4874 /* NSDateFormatter+WMFExtensions.h */ = {isa = PBXFileReference; fileEncoding = 4; lastKnownFileType = sourcecode.c.h; path = "NSDateFormatter+WMFExtensions.h"; sourceTree = "<group>"; };
		5EEFDF5E1C71FBCE00BD4874 /* NSDateFormatter+WMFExtensions.m */ = {isa = PBXFileReference; fileEncoding = 4; lastKnownFileType = sourcecode.c.objc; path = "NSDateFormatter+WMFExtensions.m"; sourceTree = "<group>"; };
		5EEFDF5F1C71FBCE00BD4874 /* NSDictionary+WMFCommonParams.h */ = {isa = PBXFileReference; fileEncoding = 4; lastKnownFileType = sourcecode.c.h; path = "NSDictionary+WMFCommonParams.h"; sourceTree = "<group>"; };
		5EEFDF601C71FBCE00BD4874 /* NSDictionary+WMFCommonParams.m */ = {isa = PBXFileReference; fileEncoding = 4; lastKnownFileType = sourcecode.c.objc; path = "NSDictionary+WMFCommonParams.m"; sourceTree = "<group>"; };
		5EEFDF611C71FBCE00BD4874 /* WMFApiJsonResponseSerializer.h */ = {isa = PBXFileReference; fileEncoding = 4; lastKnownFileType = sourcecode.c.h; path = WMFApiJsonResponseSerializer.h; sourceTree = "<group>"; };
		5EEFDF621C71FBCE00BD4874 /* WMFApiJsonResponseSerializer.m */ = {isa = PBXFileReference; fileEncoding = 4; lastKnownFileType = sourcecode.c.objc; path = WMFApiJsonResponseSerializer.m; sourceTree = "<group>"; };
		5EEFDF631C71FBCE00BD4874 /* WMFMantleJSONResponseSerializer.h */ = {isa = PBXFileReference; fileEncoding = 4; lastKnownFileType = sourcecode.c.h; path = WMFMantleJSONResponseSerializer.h; sourceTree = "<group>"; };
		5EEFDF641C71FBCE00BD4874 /* WMFMantleJSONResponseSerializer.m */ = {isa = PBXFileReference; fileEncoding = 4; lastKnownFileType = sourcecode.c.objc; path = WMFMantleJSONResponseSerializer.m; sourceTree = "<group>"; };
		5EEFDF651C71FBCE00BD4874 /* MWKImageInfoResponseSerializer.h */ = {isa = PBXFileReference; fileEncoding = 4; lastKnownFileType = sourcecode.c.h; path = MWKImageInfoResponseSerializer.h; sourceTree = "<group>"; };
		5EEFDF661C71FBCE00BD4874 /* MWKImageInfoResponseSerializer.m */ = {isa = PBXFileReference; fileEncoding = 4; lastKnownFileType = sourcecode.c.objc; path = MWKImageInfoResponseSerializer.m; sourceTree = "<group>"; };
		5EEFDF671C71FBCE00BD4874 /* MWKLanguageLinkResponseSerializer.h */ = {isa = PBXFileReference; fileEncoding = 4; lastKnownFileType = sourcecode.c.h; path = MWKLanguageLinkResponseSerializer.h; sourceTree = "<group>"; };
		5EEFDF681C71FBCE00BD4874 /* MWKLanguageLinkResponseSerializer.m */ = {isa = PBXFileReference; fileEncoding = 4; lastKnownFileType = sourcecode.c.objc; path = MWKLanguageLinkResponseSerializer.m; sourceTree = "<group>"; };
		5EEFDF691C71FBCE00BD4874 /* WMFNumberOfExtractCharacters.h */ = {isa = PBXFileReference; fileEncoding = 4; lastKnownFileType = sourcecode.c.h; path = WMFNumberOfExtractCharacters.h; sourceTree = "<group>"; };
		5EEFDF6B1C71FBCE00BD4874 /* NSString+WMFExtras.h */ = {isa = PBXFileReference; fileEncoding = 4; lastKnownFileType = sourcecode.c.h; path = "NSString+WMFExtras.h"; sourceTree = "<group>"; };
		5EEFDF6C1C71FBCE00BD4874 /* NSString+WMFExtras.m */ = {isa = PBXFileReference; fileEncoding = 4; lastKnownFileType = sourcecode.c.objc; path = "NSString+WMFExtras.m"; sourceTree = "<group>"; };
		5EEFDF6D1C71FBCE00BD4874 /* NSString+WMFHTMLParsing.h */ = {isa = PBXFileReference; fileEncoding = 4; lastKnownFileType = sourcecode.c.h; path = "NSString+WMFHTMLParsing.h"; sourceTree = "<group>"; };
		5EEFDF6E1C71FBCE00BD4874 /* NSString+WMFHTMLParsing.m */ = {isa = PBXFileReference; fileEncoding = 4; lastKnownFileType = sourcecode.c.objc; path = "NSString+WMFHTMLParsing.m"; sourceTree = "<group>"; };
		5EEFDF6F1C71FBCE00BD4874 /* NSString+WMFPageUtilities.h */ = {isa = PBXFileReference; fileEncoding = 4; lastKnownFileType = sourcecode.c.h; path = "NSString+WMFPageUtilities.h"; sourceTree = "<group>"; };
		5EEFDF701C71FBCE00BD4874 /* NSString+WMFPageUtilities.m */ = {isa = PBXFileReference; fileEncoding = 4; lastKnownFileType = sourcecode.c.objc; path = "NSString+WMFPageUtilities.m"; sourceTree = "<group>"; };
		5EEFDF711C71FBCE00BD4874 /* NSURL+WMFExtras.h */ = {isa = PBXFileReference; fileEncoding = 4; lastKnownFileType = sourcecode.c.h; path = "NSURL+WMFExtras.h"; sourceTree = "<group>"; };
		5EEFDF721C71FBCE00BD4874 /* NSURL+WMFExtras.m */ = {isa = PBXFileReference; fileEncoding = 4; lastKnownFileType = sourcecode.c.objc; path = "NSURL+WMFExtras.m"; sourceTree = "<group>"; };
		5EEFDF731C71FBCE00BD4874 /* NSURL+WMFLinkParsing.h */ = {isa = PBXFileReference; fileEncoding = 4; lastKnownFileType = sourcecode.c.h; path = "NSURL+WMFLinkParsing.h"; sourceTree = "<group>"; };
		5EEFDF741C71FBCE00BD4874 /* NSURL+WMFLinkParsing.m */ = {isa = PBXFileReference; fileEncoding = 4; lastKnownFileType = sourcecode.c.objc; path = "NSURL+WMFLinkParsing.m"; sourceTree = "<group>"; };
		5EEFDF751C71FBCE00BD4874 /* WMFImageURLParsing.h */ = {isa = PBXFileReference; fileEncoding = 4; lastKnownFileType = sourcecode.c.h; path = WMFImageURLParsing.h; sourceTree = "<group>"; };
		5EEFDF761C71FBCE00BD4874 /* WMFImageURLParsing.m */ = {isa = PBXFileReference; fileEncoding = 4; lastKnownFileType = sourcecode.c.objc; path = WMFImageURLParsing.m; sourceTree = "<group>"; };
		5EEFDF7A1C71FBCE00BD4874 /* NSArray+BKIndex.h */ = {isa = PBXFileReference; fileEncoding = 4; lastKnownFileType = sourcecode.c.h; path = "NSArray+BKIndex.h"; sourceTree = "<group>"; };
		5EEFDF7B1C71FBCE00BD4874 /* NSArray+BKIndex.m */ = {isa = PBXFileReference; fileEncoding = 4; lastKnownFileType = sourcecode.c.objc; path = "NSArray+BKIndex.m"; sourceTree = "<group>"; };
		5EEFDF7C1C71FBCE00BD4874 /* NSArray+WMFExtensions.swift */ = {isa = PBXFileReference; fileEncoding = 4; lastKnownFileType = sourcecode.swift; path = "NSArray+WMFExtensions.swift"; sourceTree = "<group>"; };
		5EEFDF7D1C71FBCE00BD4874 /* NSArray+WMFMapping.h */ = {isa = PBXFileReference; fileEncoding = 4; lastKnownFileType = sourcecode.c.h; path = "NSArray+WMFMapping.h"; sourceTree = "<group>"; };
		5EEFDF7E1C71FBCE00BD4874 /* NSArray+WMFMapping.m */ = {isa = PBXFileReference; fileEncoding = 4; lastKnownFileType = sourcecode.c.objc; path = "NSArray+WMFMapping.m"; sourceTree = "<group>"; };
		5EEFDF7F1C71FBCE00BD4874 /* NSArray+WMFPredicate.swift */ = {isa = PBXFileReference; fileEncoding = 4; lastKnownFileType = sourcecode.swift; path = "NSArray+WMFPredicate.swift"; sourceTree = "<group>"; };
		5EEFDF801C71FBCE00BD4874 /* NSIndexSet+BKReduce.h */ = {isa = PBXFileReference; fileEncoding = 4; lastKnownFileType = sourcecode.c.h; path = "NSIndexSet+BKReduce.h"; sourceTree = "<group>"; };
		5EEFDF811C71FBCE00BD4874 /* NSIndexSet+BKReduce.m */ = {isa = PBXFileReference; fileEncoding = 4; lastKnownFileType = sourcecode.c.objc; path = "NSIndexSet+BKReduce.m"; sourceTree = "<group>"; };
		5EEFDF821C71FBCE00BD4874 /* NSMutableArray+WMFSafeAdd.h */ = {isa = PBXFileReference; fileEncoding = 4; lastKnownFileType = sourcecode.c.h; path = "NSMutableArray+WMFSafeAdd.h"; sourceTree = "<group>"; };
		5EEFDF831C71FBCE00BD4874 /* NSMutableArray+WMFSafeAdd.m */ = {isa = PBXFileReference; fileEncoding = 4; lastKnownFileType = sourcecode.c.objc; path = "NSMutableArray+WMFSafeAdd.m"; sourceTree = "<group>"; };
		5EEFDF841C71FBCE00BD4874 /* NSMutableDictionary+WMFMaybeSet.h */ = {isa = PBXFileReference; fileEncoding = 4; lastKnownFileType = sourcecode.c.h; path = "NSMutableDictionary+WMFMaybeSet.h"; sourceTree = "<group>"; };
		5EEFDF851C71FBCE00BD4874 /* NSMutableDictionary+WMFMaybeSet.m */ = {isa = PBXFileReference; fileEncoding = 4; lastKnownFileType = sourcecode.c.objc; path = "NSMutableDictionary+WMFMaybeSet.m"; sourceTree = "<group>"; };
		5EEFDF871C71FBCE00BD4874 /* WMFBlockDefinitions.h */ = {isa = PBXFileReference; fileEncoding = 4; lastKnownFileType = sourcecode.c.h; path = WMFBlockDefinitions.h; sourceTree = "<group>"; };
		5EEFDF881C71FBCE00BD4874 /* WMFGCDHelpers.h */ = {isa = PBXFileReference; fileEncoding = 4; lastKnownFileType = sourcecode.c.h; path = WMFGCDHelpers.h; sourceTree = "<group>"; };
		5EEFDF891C71FBCE00BD4874 /* NSBundle+WMFInfoUtils.h */ = {isa = PBXFileReference; fileEncoding = 4; lastKnownFileType = sourcecode.c.h; path = "NSBundle+WMFInfoUtils.h"; sourceTree = "<group>"; };
		5EEFDF8A1C71FBCE00BD4874 /* NSBundle+WMFInfoUtils.m */ = {isa = PBXFileReference; fileEncoding = 4; lastKnownFileType = sourcecode.c.objc; path = "NSBundle+WMFInfoUtils.m"; sourceTree = "<group>"; };
		5EEFDF8C1C71FBCE00BD4874 /* NSObjectUtilities.h */ = {isa = PBXFileReference; fileEncoding = 4; lastKnownFileType = sourcecode.c.h; path = NSObjectUtilities.h; sourceTree = "<group>"; };
		5EEFDF8D1C71FBCE00BD4874 /* WMFComparison.h */ = {isa = PBXFileReference; fileEncoding = 4; lastKnownFileType = sourcecode.c.h; path = WMFComparison.h; sourceTree = "<group>"; };
		5EEFDF8E1C71FBCE00BD4874 /* WMFHashing.h */ = {isa = PBXFileReference; fileEncoding = 4; lastKnownFileType = sourcecode.c.h; path = WMFHashing.h; sourceTree = "<group>"; };
		5EEFDF8F1C71FBCE00BD4874 /* WikipediaAppUtils.h */ = {isa = PBXFileReference; fileEncoding = 4; lastKnownFileType = sourcecode.c.h; path = WikipediaAppUtils.h; sourceTree = "<group>"; };
		5EEFDF901C71FBCE00BD4874 /* WikipediaAppUtils.m */ = {isa = PBXFileReference; fileEncoding = 4; lastKnownFileType = sourcecode.c.objc; path = WikipediaAppUtils.m; sourceTree = "<group>"; };
		5EEFDF911C71FBCE00BD4874 /* WMFOutParamUtils.h */ = {isa = PBXFileReference; fileEncoding = 4; lastKnownFileType = sourcecode.c.h; path = WMFOutParamUtils.h; sourceTree = "<group>"; };
		5EEFDF921C71FBCE00BD4874 /* WMFRangeUtils.h */ = {isa = PBXFileReference; fileEncoding = 4; lastKnownFileType = sourcecode.c.h; path = WMFRangeUtils.h; sourceTree = "<group>"; };
		5EEFDF931C71FBCE00BD4874 /* WMFUtilityMacros.h */ = {isa = PBXFileReference; fileEncoding = 4; lastKnownFileType = sourcecode.c.h; path = WMFUtilityMacros.h; sourceTree = "<group>"; };
		5EEFDF971C71FBCE00BD4874 /* WMFArticleBrowserViewController.swift */ = {isa = PBXFileReference; fileEncoding = 4; lastKnownFileType = sourcecode.swift; path = WMFArticleBrowserViewController.swift; sourceTree = "<group>"; };
		5EEFDF981C71FBCE00BD4874 /* WMFArticleViewController.swift */ = {isa = PBXFileReference; fileEncoding = 4; lastKnownFileType = sourcecode.swift; path = WMFArticleViewController.swift; sourceTree = "<group>"; };
		5EEFDF991C71FBCE00BD4874 /* WMFArticleViewController_Private.swift */ = {isa = PBXFileReference; fileEncoding = 4; lastKnownFileType = sourcecode.swift; path = WMFArticleViewController_Private.swift; sourceTree = "<group>"; };
		5EEFDF9B1C71FBCE00BD4874 /* WMFExploreViewController.swift */ = {isa = PBXFileReference; fileEncoding = 4; lastKnownFileType = sourcecode.swift; path = WMFExploreViewController.swift; sourceTree = "<group>"; };
		5EEFDF9D1C71FBCE00BD4874 /* WMFHistoryTableViewController.swift */ = {isa = PBXFileReference; fileEncoding = 4; lastKnownFileType = sourcecode.swift; path = WMFHistoryTableViewController.swift; sourceTree = "<group>"; };
		5EEFDF9F1C71FBCE00BD4874 /* WMFSavedArticleTableViewController.swift */ = {isa = PBXFileReference; fileEncoding = 4; lastKnownFileType = sourcecode.swift; path = WMFSavedArticleTableViewController.swift; sourceTree = "<group>"; };
		5EEFDFA21C71FBCE00BD4874 /* WMFAssetsFile.h */ = {isa = PBXFileReference; fileEncoding = 4; lastKnownFileType = sourcecode.c.h; path = WMFAssetsFile.h; sourceTree = "<group>"; };
		5EEFDFA31C71FBCE00BD4874 /* WMFAssetsFile.m */ = {isa = PBXFileReference; fileEncoding = 4; lastKnownFileType = sourcecode.c.objc; path = WMFAssetsFile.m; sourceTree = "<group>"; };
		5EEFDFA51C71FBCE00BD4874 /* NSObject+ConstraintsScale.h */ = {isa = PBXFileReference; fileEncoding = 4; lastKnownFileType = sourcecode.c.h; path = "NSObject+ConstraintsScale.h"; sourceTree = "<group>"; };
		5EEFDFA61C71FBCE00BD4874 /* NSObject+ConstraintsScale.m */ = {isa = PBXFileReference; fileEncoding = 4; lastKnownFileType = sourcecode.c.objc; path = "NSObject+ConstraintsScale.m"; sourceTree = "<group>"; };
		5EEFDFA71C71FBCE00BD4874 /* NSObject+WMFExtras.h */ = {isa = PBXFileReference; fileEncoding = 4; lastKnownFileType = sourcecode.c.h; path = "NSObject+WMFExtras.h"; sourceTree = "<group>"; };
		5EEFDFA81C71FBCE00BD4874 /* NSObject+WMFExtras.m */ = {isa = PBXFileReference; fileEncoding = 4; lastKnownFileType = sourcecode.c.objc; path = "NSObject+WMFExtras.m"; sourceTree = "<group>"; };
		5EEFDFA91C71FBCE00BD4874 /* UIImage+WMFFocalImageDrawing.h */ = {isa = PBXFileReference; fileEncoding = 4; lastKnownFileType = sourcecode.c.h; path = "UIImage+WMFFocalImageDrawing.h"; sourceTree = "<group>"; };
		5EEFDFAA1C71FBCE00BD4874 /* UIImage+WMFFocalImageDrawing.m */ = {isa = PBXFileReference; fileEncoding = 4; lastKnownFileType = sourcecode.c.objc; path = "UIImage+WMFFocalImageDrawing.m"; sourceTree = "<group>"; };
		5EEFDFAB1C71FBCE00BD4874 /* UIView+ConstraintsScale.h */ = {isa = PBXFileReference; fileEncoding = 4; lastKnownFileType = sourcecode.c.h; path = "UIView+ConstraintsScale.h"; sourceTree = "<group>"; };
		5EEFDFAC1C71FBCE00BD4874 /* UIView+ConstraintsScale.m */ = {isa = PBXFileReference; fileEncoding = 4; lastKnownFileType = sourcecode.c.objc; path = "UIView+ConstraintsScale.m"; sourceTree = "<group>"; };
		5EEFDFAF1C71FBCE00BD4874 /* MWLanguageInfo.h */ = {isa = PBXFileReference; fileEncoding = 4; lastKnownFileType = sourcecode.c.h; path = MWLanguageInfo.h; sourceTree = "<group>"; };
		5EEFDFB01C71FBCE00BD4874 /* MWLanguageInfo.m */ = {isa = PBXFileReference; fileEncoding = 4; lastKnownFileType = sourcecode.c.objc; path = MWLanguageInfo.m; sourceTree = "<group>"; };
		5EEFDFB21C71FBCE00BD4874 /* Defines.h */ = {isa = PBXFileReference; fileEncoding = 4; lastKnownFileType = sourcecode.c.h; path = Defines.h; sourceTree = "<group>"; };
		5EEFDFB31C71FBCE00BD4874 /* WikiGlyph_Chars.h */ = {isa = PBXFileReference; fileEncoding = 4; lastKnownFileType = sourcecode.c.h; path = WikiGlyph_Chars.h; sourceTree = "<group>"; };
		5EEFDFB41C71FBCE00BD4874 /* WMF_Colors.h */ = {isa = PBXFileReference; fileEncoding = 4; lastKnownFileType = sourcecode.c.h; path = WMF_Colors.h; sourceTree = "<group>"; };
		6C3DFF3A693F27D94BB2B4B1 /* Pods-wikiswiftTests.release.xcconfig */ = {isa = PBXFileReference; includeInIndex = 1; lastKnownFileType = text.xcconfig; name = "Pods-wikiswiftTests.release.xcconfig"; path = "Pods/Target Support Files/Pods-wikiswiftTests/Pods-wikiswiftTests.release.xcconfig"; sourceTree = "<group>"; };
		7AD6F7AE310D363C3B46E3A9 /* Pods.release.xcconfig */ = {isa = PBXFileReference; includeInIndex = 1; lastKnownFileType = text.xcconfig; name = Pods.release.xcconfig; path = "Pods/Target Support Files/Pods/Pods.release.xcconfig"; sourceTree = "<group>"; };
		86AE8DED36FC7CDA31B4C11D /* Pods.debug.xcconfig */ = {isa = PBXFileReference; includeInIndex = 1; lastKnownFileType = text.xcconfig; name = Pods.debug.xcconfig; path = "Pods/Target Support Files/Pods/Pods.debug.xcconfig"; sourceTree = "<group>"; };
		8951428FFD4FF60CECF40299 /* Pods-wikiswiftTests.debug.xcconfig */ = {isa = PBXFileReference; includeInIndex = 1; lastKnownFileType = text.xcconfig; name = "Pods-wikiswiftTests.debug.xcconfig"; path = "Pods/Target Support Files/Pods-wikiswiftTests/Pods-wikiswiftTests.debug.xcconfig"; sourceTree = "<group>"; };
		9B9FC9498D1BE0CE96DBA9C3 /* Pods.framework */ = {isa = PBXFileReference; explicitFileType = wrapper.framework; includeInIndex = 0; path = Pods.framework; sourceTree = BUILT_PRODUCTS_DIR; };
		D6E670567AFAC4C7EAE373F4 /* Pods_wikiswiftTests.framework */ = {isa = PBXFileReference; explicitFileType = wrapper.framework; includeInIndex = 0; path = Pods_wikiswiftTests.framework; sourceTree = BUILT_PRODUCTS_DIR; };
/* End PBXFileReference section */

/* Begin PBXFrameworksBuildPhase section */
		5E3452AF1C71924C007D3D11 /* Frameworks */ = {
			isa = PBXFrameworksBuildPhase;
			buildActionMask = 2147483647;
			files = (
				3FED80C12686AC19C1A32304 /* Pods.framework in Frameworks */,
			);
			runOnlyForDeploymentPostprocessing = 0;
		};
		5E3452C31C71924D007D3D11 /* Frameworks */ = {
			isa = PBXFrameworksBuildPhase;
			buildActionMask = 2147483647;
			files = (
				D605222B363BB39935B0C1DE /* Pods_wikiswiftTests.framework in Frameworks */,
			);
			runOnlyForDeploymentPostprocessing = 0;
		};
		5E3452CE1C71924D007D3D11 /* Frameworks */ = {
			isa = PBXFrameworksBuildPhase;
			buildActionMask = 2147483647;
			files = (
			);
			runOnlyForDeploymentPostprocessing = 0;
		};
/* End PBXFrameworksBuildPhase section */

/* Begin PBXGroup section */
		5E3452A91C71924C007D3D11 = {
			isa = PBXGroup;
			children = (
				5E3452B41C71924C007D3D11 /* wikiswift */,
				5E3452C91C71924D007D3D11 /* wikiswiftTests */,
				5E3452D41C71924D007D3D11 /* wikiswiftUITests */,
				5E3452B31C71924C007D3D11 /* Products */,
				B55E9F63B909373FFBDB541A /* Pods */,
				B034C0FFE268BB8E89EFBFE3 /* Frameworks */,
			);
			sourceTree = "<group>";
		};
		5E3452B31C71924C007D3D11 /* Products */ = {
			isa = PBXGroup;
			children = (
				5E3452B21C71924C007D3D11 /* wikiswift.app */,
				5E3452C61C71924D007D3D11 /* wikiswiftTests.xctest */,
				5E3452D11C71924D007D3D11 /* wikiswiftUITests.xctest */,
			);
			name = Products;
			sourceTree = "<group>";
		};
		5E3452B41C71924C007D3D11 /* wikiswift */ = {
			isa = PBXGroup;
			children = (
				5EEFDEE41C71FBCE00BD4874 /* Business_Layout */,
				5E69F5301C71CBBB005BD985 /* Supporting Files */,
				5E3452B51C71924C007D3D11 /* AppDelegate.swift */,
				5E3452B71C71924C007D3D11 /* ViewController.swift */,
				5E3452B91C71924C007D3D11 /* Main.storyboard */,
				5E3452BC1C71924C007D3D11 /* Assets.xcassets */,
				5E3452BE1C71924C007D3D11 /* LaunchScreen.storyboard */,
				5EA85A871C71C469007213FD /* SourceIcons.xcassets */,
			);
			path = wikiswift;
			sourceTree = "<group>";
		};
		5E3452C91C71924D007D3D11 /* wikiswiftTests */ = {
			isa = PBXGroup;
			children = (
				5E3452CA1C71924D007D3D11 /* wikiswiftTests.swift */,
				5E3452CC1C71924D007D3D11 /* Info.plist */,
			);
			path = wikiswiftTests;
			sourceTree = "<group>";
		};
		5E3452D41C71924D007D3D11 /* wikiswiftUITests */ = {
			isa = PBXGroup;
			children = (
				5E3452D51C71924D007D3D11 /* wikiswiftUITests.swift */,
				5E3452D71C71924D007D3D11 /* Info.plist */,
			);
			path = wikiswiftUITests;
			sourceTree = "<group>";
		};
		5E69F5301C71CBBB005BD985 /* Supporting Files */ = {
			isa = PBXGroup;
			children = (
				5E3452C11C71924C007D3D11 /* Info.plist */,
				5E69F4DF1C71CB79005BD985 /* wikiswift-Bridging-Header.h */,
			);
			name = "Supporting Files";
			sourceTree = "<group>";
		};
		5EEFDEE41C71FBCE00BD4874 /* Business_Layout */ = {
			isa = PBXGroup;
			children = (
				5EEFDEE51C71FBCE00BD4874 /* Application */,
				5EEFDEEF1C71FBCE00BD4874 /* Common */,
				5EEFDF941C71FBCE00BD4874 /* Features */,
				5EEFDFA01C71FBCE00BD4874 /* Legacy */,
			);
			path = Business_Layout;
			sourceTree = "<group>";
		};
		5EEFDEE51C71FBCE00BD4874 /* Application */ = {
			isa = PBXGroup;
			children = (
				5EEFDEE61C71FBCE00BD4874 /* Diagnostics */,
			);
			path = Application;
			sourceTree = "<group>";
		};
		5EEFDEE61C71FBCE00BD4874 /* Diagnostics */ = {
			isa = PBXGroup;
			children = (
				5EEFDEE71C71FBCE00BD4874 /* Logging */,
				5EEFDEEE1C71FBCE00BD4874 /* WMFDeprecationMacros.h */,
			);
			path = Diagnostics;
			sourceTree = "<group>";
		};
		5EEFDEE71C71FBCE00BD4874 /* Logging */ = {
			isa = PBXGroup;
			children = (
				5EEFDEE81C71FBCE00BD4874 /* DDLog+WMFLogger.h */,
				5EEFDEE91C71FBCE00BD4874 /* DDLog+WMFLogger.m */,
				5EEFDEEA1C71FBCE00BD4874 /* LoggingDefaults.swift */,
				5EEFDEEB1C71FBCE00BD4874 /* WMFLogFormatter.h */,
				5EEFDEEC1C71FBCE00BD4874 /* WMFLogFormatter.m */,
				5EEFDEED1C71FBCE00BD4874 /* WMFLogging.h */,
			);
			path = Logging;
			sourceTree = "<group>";
		};
		5EEFDEEF1C71FBCE00BD4874 /* Common */ = {
			isa = PBXGroup;
			children = (
				5EEFDEF01C71FBCE00BD4874 /* ArticleList */,
				5EEFDEF31C71FBCE00BD4874 /* Global.h */,
				5EEFDEF41C71FBCE00BD4874 /* Images */,
				5EEFDF041C71FBCE00BD4874 /* Model */,
				5EEFDF561C71FBCE00BD4874 /* Networking */,
				5EEFDF6A1C71FBCE00BD4874 /* Parsing */,
				5EEFDF771C71FBCE00BD4874 /* Utilities */,
				5EEFDF931C71FBCE00BD4874 /* WMFUtilityMacros.h */,
			);
			path = Common;
			sourceTree = "<group>";
		};
		5EEFDEF01C71FBCE00BD4874 /* ArticleList */ = {
			isa = PBXGroup;
			children = (
				5EEFDEF11C71FBCE00BD4874 /* Cells */,
				5EEFDEF21C71FBCE00BD4874 /* WMFArticleListTableViewController.swift */,
			);
			path = ArticleList;
			sourceTree = "<group>";
		};
		5EEFDEF11C71FBCE00BD4874 /* Cells */ = {
			isa = PBXGroup;
			children = (
			);
			path = Cells;
			sourceTree = "<group>";
		};
		5EEFDEF41C71FBCE00BD4874 /* Images */ = {
			isa = PBXGroup;
			children = (
				5EEFDEF51C71FBCE00BD4874 /* ImageInfo */,
				5EEFDEFE1C71FBCE00BD4874 /* MWKImage.h */,
				5EEFDEFF1C71FBCE00BD4874 /* MWKImage.m */,
				5EEFDF001C71FBCE00BD4874 /* UIImageView+WMFImageFetching.h */,
				5EEFDF011C71FBCE00BD4874 /* UIImageView+WMFImageFetching.m */,
				5EEFDF021C71FBCE00BD4874 /* UIScreen+WMFImageWidth.h */,
				5EEFDF031C71FBCE00BD4874 /* UIScreen+WMFImageWidth.m */,
			);
			path = Images;
			sourceTree = "<group>";
		};
		5EEFDEF51C71FBCE00BD4874 /* ImageInfo */ = {
			isa = PBXGroup;
			children = (
				5EEFDEF61C71FBCE00BD4874 /* MWKImage+CanonicalFilenames.h */,
				5EEFDEF71C71FBCE00BD4874 /* MWKImage+CanonicalFilenames.m */,
				5EEFDEF81C71FBCE00BD4874 /* MWKImageInfo+MWKImageComparison.h */,
				5EEFDEF91C71FBCE00BD4874 /* MWKImageInfo+MWKImageComparison.m */,
				5EEFDEFA1C71FBCE00BD4874 /* MWKImageInfo.h */,
				5EEFDEFB1C71FBCE00BD4874 /* MWKImageInfo.m */,
				5EEFDEFC1C71FBCE00BD4874 /* MWKLicense.h */,
				5EEFDEFD1C71FBCE00BD4874 /* MWKLicense.m */,
			);
			path = ImageInfo;
			sourceTree = "<group>";
		};
		5EEFDF041C71FBCE00BD4874 /* Model */ = {
			isa = PBXGroup;
			children = (
				5EEFDF051C71FBCE00BD4874 /* Article */,
				5EEFDF1B1C71FBCE00BD4874 /* History */,
				5EEFDF201C71FBCE00BD4874 /* Languages */,
				5EEFDF231C71FBCE00BD4874 /* MediaWikiKit */,
				5EEFDF4A1C71FBCE00BD4874 /* RecentSearches */,
				5EEFDF4F1C71FBCE00BD4874 /* SavedPages */,
			);
			path = Model;
			sourceTree = "<group>";
		};
		5EEFDF051C71FBCE00BD4874 /* Article */ = {
			isa = PBXGroup;
			children = (
				5EEFDF061C71FBCE00BD4874 /* Model */,
				5EEFDF191C71FBCE00BD4874 /* WMFBlockDefinitions.h */,
				5EEFDF1A1C71FBCE00BD4874 /* WMFSharing.h */,
			);
			path = Article;
			sourceTree = "<group>";
		};
		5EEFDF061C71FBCE00BD4874 /* Model */ = {
			isa = PBXGroup;
			children = (
				5EEFDF071C71FBCE00BD4874 /* MWKArticle+HTMLImageImport.h */,
				5EEFDF081C71FBCE00BD4874 /* MWKArticle+HTMLImageImport.m */,
				5EEFDF091C71FBCE00BD4874 /* MWKArticle.h */,
				5EEFDF0A1C71FBCE00BD4874 /* MWKArticle.m */,
				5EEFDF0B1C71FBCE00BD4874 /* MWKCitation.h */,
				5EEFDF0C1C71FBCE00BD4874 /* MWKCitation.m */,
				5EEFDF0D1C71FBCE00BD4874 /* MWKImageList.h */,
				5EEFDF0E1C71FBCE00BD4874 /* MWKImageList.m */,
				5EEFDF0F1C71FBCE00BD4874 /* MWKProtectionStatus.h */,
				5EEFDF101C71FBCE00BD4874 /* MWKProtectionStatus.m */,
				5EEFDF111C71FBCE00BD4874 /* MWKSection+HTMLImageExtraction.h */,
				5EEFDF121C71FBCE00BD4874 /* MWKSection+HTMLImageExtraction.m */,
				5EEFDF131C71FBCE00BD4874 /* MWKSection.h */,
				5EEFDF141C71FBCE00BD4874 /* MWKSection.m */,
				5EEFDF151C71FBCE00BD4874 /* MWKSectionList.h */,
				5EEFDF161C71FBCE00BD4874 /* MWKSectionList.m */,
				5EEFDF171C71FBCE00BD4874 /* MWKSectionMetaData.h */,
				5EEFDF181C71FBCE00BD4874 /* MWKSectionMetaData.m */,
			);
			path = Model;
			sourceTree = "<group>";
		};
		5EEFDF1B1C71FBCE00BD4874 /* History */ = {
			isa = PBXGroup;
			children = (
				5EEFDF1C1C71FBCE00BD4874 /* MWKHistoryEntry.h */,
				5EEFDF1D1C71FBCE00BD4874 /* MWKHistoryEntry.m */,
				5EEFDF1E1C71FBCE00BD4874 /* MWKHistoryList.h */,
				5EEFDF1F1C71FBCE00BD4874 /* MWKHistoryList.m */,
			);
			path = History;
			sourceTree = "<group>";
		};
		5EEFDF201C71FBCE00BD4874 /* Languages */ = {
			isa = PBXGroup;
			children = (
				5EEFDF211C71FBCE00BD4874 /* MWKLanguageLink.h */,
				5EEFDF221C71FBCE00BD4874 /* MWKLanguageLink.m */,
			);
			path = Languages;
			sourceTree = "<group>";
		};
		5EEFDF231C71FBCE00BD4874 /* MediaWikiKit */ = {
			isa = PBXGroup;
			children = (
				5EEFDF241C71FBCE00BD4874 /* Baseclasses */,
				5EEFDF2D1C71FBCE00BD4874 /* Categories */,
				5EEFDF381C71FBCE00BD4874 /* DataStore */,
				5EEFDF3F1C71FBCE00BD4874 /* MediaWikiKit.h */,
				5EEFDF401C71FBCE00BD4874 /* Metadata */,
				5EEFDF471C71FBCE00BD4874 /* User */,
			);
			path = MediaWikiKit;
			sourceTree = "<group>";
		};
		5EEFDF241C71FBCE00BD4874 /* Baseclasses */ = {
			isa = PBXGroup;
			children = (
				5EEFDF251C71FBCE00BD4874 /* MWKDataObject.h */,
				5EEFDF261C71FBCE00BD4874 /* MWKDataObject.m */,
				5EEFDF271C71FBCE00BD4874 /* MWKDataStoreList.h */,
				5EEFDF281C71FBCE00BD4874 /* MWKList+Subclass.h */,
				5EEFDF291C71FBCE00BD4874 /* MWKList.h */,
				5EEFDF2A1C71FBCE00BD4874 /* MWKList.m */,
				5EEFDF2B1C71FBCE00BD4874 /* MWKSiteDataObject.h */,
				5EEFDF2C1C71FBCE00BD4874 /* MWKSiteDataObject.m */,
			);
			path = Baseclasses;
			sourceTree = "<group>";
		};
		5EEFDF2D1C71FBCE00BD4874 /* Categories */ = {
			isa = PBXGroup;
			children = (
				5EEFDF2E1C71FBCE00BD4874 /* MWKArticle+WMFSharing.h */,
				5EEFDF2F1C71FBCE00BD4874 /* MWKArticle+WMFSharing.m */,
				5EEFDF301C71FBCE00BD4874 /* MWKLicense+ToGlyph.h */,
				5EEFDF311C71FBCE00BD4874 /* MWKLicense+ToGlyph.m */,
				5EEFDF321C71FBCE00BD4874 /* MWKSavedPageList+ImageMigration.h */,
				5EEFDF331C71FBCE00BD4874 /* MWKSavedPageList+ImageMigration.m */,
				5EEFDF341C71FBCE00BD4874 /* MWKSavedPageList+ImageMigrationTesting.h */,
				5EEFDF351C71FBCE00BD4874 /* MWKSavedPageList+ImageMigrationTesting.m */,
				5EEFDF361C71FBCE00BD4874 /* MWKSection+DisplayHtml.h */,
				5EEFDF371C71FBCE00BD4874 /* MWKSection+DisplayHtml.m */,
			);
			path = Categories;
			sourceTree = "<group>";
		};
		5EEFDF381C71FBCE00BD4874 /* DataStore */ = {
			isa = PBXGroup;
			children = (
				5EEFDF391C71FBCE00BD4874 /* MWKDataHousekeeping.h */,
				5EEFDF3A1C71FBCE00BD4874 /* MWKDataHousekeeping.m */,
				5EEFDF3B1C71FBCE00BD4874 /* MWKDataStore.h */,
				5EEFDF3C1C71FBCE00BD4874 /* MWKDataStore.m */,
				5EEFDF3D1C71FBCE00BD4874 /* MWKUserDataStore.h */,
				5EEFDF3E1C71FBCE00BD4874 /* MWKUserDataStore.m */,
			);
			path = DataStore;
			sourceTree = "<group>";
		};
		5EEFDF401C71FBCE00BD4874 /* Metadata */ = {
			isa = PBXGroup;
			children = (
				5EEFDF411C71FBCE00BD4874 /* MWKSite.h */,
				5EEFDF421C71FBCE00BD4874 /* MWKSite.m */,
				5EEFDF431C71FBCE00BD4874 /* MWKSiteInfo.h */,
				5EEFDF441C71FBCE00BD4874 /* MWKSiteInfo.m */,
				5EEFDF451C71FBCE00BD4874 /* MWKTitle.h */,
				5EEFDF461C71FBCE00BD4874 /* MWKTitle.m */,
			);
			path = Metadata;
			sourceTree = "<group>";
		};
		5EEFDF471C71FBCE00BD4874 /* User */ = {
			isa = PBXGroup;
			children = (
				5EEFDF481C71FBCE00BD4874 /* MWKUser.h */,
				5EEFDF491C71FBCE00BD4874 /* MWKUser.m */,
			);
			path = User;
			sourceTree = "<group>";
		};
		5EEFDF4A1C71FBCE00BD4874 /* RecentSearches */ = {
			isa = PBXGroup;
			children = (
				5EEFDF4B1C71FBCE00BD4874 /* MWKRecentSearchEntry.h */,
				5EEFDF4C1C71FBCE00BD4874 /* MWKRecentSearchEntry.m */,
				5EEFDF4D1C71FBCE00BD4874 /* MWKRecentSearchList.h */,
				5EEFDF4E1C71FBCE00BD4874 /* MWKRecentSearchList.m */,
			);
			path = RecentSearches;
			sourceTree = "<group>";
		};
		5EEFDF4F1C71FBCE00BD4874 /* SavedPages */ = {
			isa = PBXGroup;
			children = (
				5EEFDF501C71FBCE00BD4874 /* MWKSavedPageEntry+ImageMigration.h */,
				5EEFDF511C71FBCE00BD4874 /* MWKSavedPageEntry.h */,
				5EEFDF521C71FBCE00BD4874 /* MWKSavedPageEntry.m */,
				5EEFDF531C71FBCE00BD4874 /* MWKSavedPageList.h */,
				5EEFDF541C71FBCE00BD4874 /* MWKSavedPageList.m */,
				5EEFDF551C71FBCE00BD4874 /* MWKSavedPageListDataExportConstants.h */,
			);
			path = SavedPages;
			sourceTree = "<group>";
		};
		5EEFDF561C71FBCE00BD4874 /* Networking */ = {
			isa = PBXGroup;
			children = (
				5EEFDF571C71FBCE00BD4874 /* NSError+WMFExtensions.h */,
				5EEFDF581C71FBCE00BD4874 /* NSError+WMFExtensions.m */,
				5EEFDF591C71FBCE00BD4874 /* Serializers */,
				5EEFDF691C71FBCE00BD4874 /* WMFNumberOfExtractCharacters.h */,
			);
			path = Networking;
			sourceTree = "<group>";
		};
		5EEFDF591C71FBCE00BD4874 /* Serializers */ = {
			isa = PBXGroup;
			children = (
				5EEFDF5A1C71FBCE00BD4874 /* Common */,
				5EEFDF651C71FBCE00BD4874 /* MWKImageInfoResponseSerializer.h */,
				5EEFDF661C71FBCE00BD4874 /* MWKImageInfoResponseSerializer.m */,
				5EEFDF671C71FBCE00BD4874 /* MWKLanguageLinkResponseSerializer.h */,
				5EEFDF681C71FBCE00BD4874 /* MWKLanguageLinkResponseSerializer.m */,
			);
			path = Serializers;
			sourceTree = "<group>";
		};
		5EEFDF5A1C71FBCE00BD4874 /* Common */ = {
			isa = PBXGroup;
			children = (
				5EEFDF5B1C71FBCE00BD4874 /* MTLValueTransformer+WMFNumericValueTransformer.h */,
				5EEFDF5C1C71FBCE00BD4874 /* MTLValueTransformer+WMFNumericValueTransformer.m */,
				5EEFDF5D1C71FBCE00BD4874 /* NSDateFormatter+WMFExtensions.h */,
				5EEFDF5E1C71FBCE00BD4874 /* NSDateFormatter+WMFExtensions.m */,
				5EEFDF5F1C71FBCE00BD4874 /* NSDictionary+WMFCommonParams.h */,
				5EEFDF601C71FBCE00BD4874 /* NSDictionary+WMFCommonParams.m */,
				5EEFDF611C71FBCE00BD4874 /* WMFApiJsonResponseSerializer.h */,
				5EEFDF621C71FBCE00BD4874 /* WMFApiJsonResponseSerializer.m */,
				5EEFDF631C71FBCE00BD4874 /* WMFMantleJSONResponseSerializer.h */,
				5EEFDF641C71FBCE00BD4874 /* WMFMantleJSONResponseSerializer.m */,
			);
			path = Common;
			sourceTree = "<group>";
		};
		5EEFDF6A1C71FBCE00BD4874 /* Parsing */ = {
			isa = PBXGroup;
			children = (
				5EEFDF6B1C71FBCE00BD4874 /* NSString+WMFExtras.h */,
				5EEFDF6C1C71FBCE00BD4874 /* NSString+WMFExtras.m */,
				5EEFDF6D1C71FBCE00BD4874 /* NSString+WMFHTMLParsing.h */,
				5EEFDF6E1C71FBCE00BD4874 /* NSString+WMFHTMLParsing.m */,
				5EEFDF6F1C71FBCE00BD4874 /* NSString+WMFPageUtilities.h */,
				5EEFDF701C71FBCE00BD4874 /* NSString+WMFPageUtilities.m */,
				5EEFDF711C71FBCE00BD4874 /* NSURL+WMFExtras.h */,
				5EEFDF721C71FBCE00BD4874 /* NSURL+WMFExtras.m */,
				5EEFDF731C71FBCE00BD4874 /* NSURL+WMFLinkParsing.h */,
				5EEFDF741C71FBCE00BD4874 /* NSURL+WMFLinkParsing.m */,
				5EEFDF751C71FBCE00BD4874 /* WMFImageURLParsing.h */,
				5EEFDF761C71FBCE00BD4874 /* WMFImageURLParsing.m */,
			);
			path = Parsing;
			sourceTree = "<group>";
		};
		5EEFDF771C71FBCE00BD4874 /* Utilities */ = {
			isa = PBXGroup;
			children = (
				5EEFDF781C71FBCE00BD4874 /* Categories */,
				5EEFDF861C71FBCE00BD4874 /* GrandCentralDispatch */,
				5EEFDF891C71FBCE00BD4874 /* NSBundle+WMFInfoUtils.h */,
				5EEFDF8A1C71FBCE00BD4874 /* NSBundle+WMFInfoUtils.m */,
				5EEFDF8B1C71FBCE00BD4874 /* NSObject */,
				5EEFDF8F1C71FBCE00BD4874 /* WikipediaAppUtils.h */,
				5EEFDF901C71FBCE00BD4874 /* WikipediaAppUtils.m */,
				5EEFDF911C71FBCE00BD4874 /* WMFOutParamUtils.h */,
				5EEFDF921C71FBCE00BD4874 /* WMFRangeUtils.h */,
			);
			path = Utilities;
			sourceTree = "<group>";
		};
		5EEFDF781C71FBCE00BD4874 /* Categories */ = {
			isa = PBXGroup;
			children = (
				5EEFDF791C71FBCE00BD4874 /* Collections */,
			);
			path = Categories;
			sourceTree = "<group>";
		};
		5EEFDF791C71FBCE00BD4874 /* Collections */ = {
			isa = PBXGroup;
			children = (
				5EEFDF7A1C71FBCE00BD4874 /* NSArray+BKIndex.h */,
				5EEFDF7B1C71FBCE00BD4874 /* NSArray+BKIndex.m */,
				5EEFDF7C1C71FBCE00BD4874 /* NSArray+WMFExtensions.swift */,
				5EEFDF7D1C71FBCE00BD4874 /* NSArray+WMFMapping.h */,
				5EEFDF7E1C71FBCE00BD4874 /* NSArray+WMFMapping.m */,
				5EEFDF7F1C71FBCE00BD4874 /* NSArray+WMFPredicate.swift */,
				5EEFDF801C71FBCE00BD4874 /* NSIndexSet+BKReduce.h */,
				5EEFDF811C71FBCE00BD4874 /* NSIndexSet+BKReduce.m */,
				5EEFDF821C71FBCE00BD4874 /* NSMutableArray+WMFSafeAdd.h */,
				5EEFDF831C71FBCE00BD4874 /* NSMutableArray+WMFSafeAdd.m */,
				5EEFDF841C71FBCE00BD4874 /* NSMutableDictionary+WMFMaybeSet.h */,
				5EEFDF851C71FBCE00BD4874 /* NSMutableDictionary+WMFMaybeSet.m */,
			);
			path = Collections;
			sourceTree = "<group>";
		};
		5EEFDF861C71FBCE00BD4874 /* GrandCentralDispatch */ = {
			isa = PBXGroup;
			children = (
				5EEFDF871C71FBCE00BD4874 /* WMFBlockDefinitions.h */,
				5EEFDF881C71FBCE00BD4874 /* WMFGCDHelpers.h */,
			);
			path = GrandCentralDispatch;
			sourceTree = "<group>";
		};
		5EEFDF8B1C71FBCE00BD4874 /* NSObject */ = {
			isa = PBXGroup;
			children = (
				5EEFDF8C1C71FBCE00BD4874 /* NSObjectUtilities.h */,
				5EEFDF8D1C71FBCE00BD4874 /* WMFComparison.h */,
				5EEFDF8E1C71FBCE00BD4874 /* WMFHashing.h */,
			);
			path = NSObject;
			sourceTree = "<group>";
		};
		5EEFDF941C71FBCE00BD4874 /* Features */ = {
			isa = PBXGroup;
			children = (
				5EEFDF951C71FBCE00BD4874 /* Article */,
				5EEFDF9A1C71FBCE00BD4874 /* Explore */,
				5EEFDF9C1C71FBCE00BD4874 /* Histroy */,
				5EEFDF9E1C71FBCE00BD4874 /* SavedPages */,
			);
			path = Features;
			sourceTree = "<group>";
		};
		5EEFDF951C71FBCE00BD4874 /* Article */ = {
			isa = PBXGroup;
			children = (
				5EEFDF961C71FBCE00BD4874 /* ArticleComponents */,
				5EEFDF971C71FBCE00BD4874 /* WMFArticleBrowserViewController.swift */,
				5EEFDF981C71FBCE00BD4874 /* WMFArticleViewController.swift */,
				5EEFDF991C71FBCE00BD4874 /* WMFArticleViewController_Private.swift */,
			);
			path = Article;
			sourceTree = "<group>";
		};
		5EEFDF961C71FBCE00BD4874 /* ArticleComponents */ = {
			isa = PBXGroup;
			children = (
			);
			path = ArticleComponents;
			sourceTree = "<group>";
		};
		5EEFDF9A1C71FBCE00BD4874 /* Explore */ = {
			isa = PBXGroup;
			children = (
				5EEFDF9B1C71FBCE00BD4874 /* WMFExploreViewController.swift */,
			);
			path = Explore;
			sourceTree = "<group>";
		};
		5EEFDF9C1C71FBCE00BD4874 /* Histroy */ = {
			isa = PBXGroup;
			children = (
				5EEFDF9D1C71FBCE00BD4874 /* WMFHistoryTableViewController.swift */,
			);
			path = Histroy;
			sourceTree = "<group>";
		};
		5EEFDF9E1C71FBCE00BD4874 /* SavedPages */ = {
			isa = PBXGroup;
			children = (
				5EEFDF9F1C71FBCE00BD4874 /* WMFSavedArticleTableViewController.swift */,
			);
			path = SavedPages;
			sourceTree = "<group>";
		};
		5EEFDFA01C71FBCE00BD4874 /* Legacy */ = {
			isa = PBXGroup;
			children = (
				5EEFDFA11C71FBCE00BD4874 /* AssetsFile */,
				5EEFDFA41C71FBCE00BD4874 /* Categories */,
				5EEFDFAD1C71FBCE00BD4874 /* LegacyCoreData */,
				5EEFDFAE1C71FBCE00BD4874 /* mw-support */,
				5EEFDFB11C71FBCE00BD4874 /* StyleDefines */,
			);
			path = Legacy;
			sourceTree = "<group>";
		};
		5EEFDFA11C71FBCE00BD4874 /* AssetsFile */ = {
			isa = PBXGroup;
			children = (
				5EEFDFA21C71FBCE00BD4874 /* WMFAssetsFile.h */,
				5EEFDFA31C71FBCE00BD4874 /* WMFAssetsFile.m */,
			);
			path = AssetsFile;
			sourceTree = "<group>";
		};
		5EEFDFA41C71FBCE00BD4874 /* Categories */ = {
			isa = PBXGroup;
			children = (
				5EEFDFA51C71FBCE00BD4874 /* NSObject+ConstraintsScale.h */,
				5EEFDFA61C71FBCE00BD4874 /* NSObject+ConstraintsScale.m */,
				5EEFDFA71C71FBCE00BD4874 /* NSObject+WMFExtras.h */,
				5EEFDFA81C71FBCE00BD4874 /* NSObject+WMFExtras.m */,
				5EEFDFA91C71FBCE00BD4874 /* UIImage+WMFFocalImageDrawing.h */,
				5EEFDFAA1C71FBCE00BD4874 /* UIImage+WMFFocalImageDrawing.m */,
				5EEFDFAB1C71FBCE00BD4874 /* UIView+ConstraintsScale.h */,
				5EEFDFAC1C71FBCE00BD4874 /* UIView+ConstraintsScale.m */,
			);
			path = Categories;
			sourceTree = "<group>";
		};
		5EEFDFAD1C71FBCE00BD4874 /* LegacyCoreData */ = {
			isa = PBXGroup;
			children = (
			);
			path = LegacyCoreData;
			sourceTree = "<group>";
		};
		5EEFDFAE1C71FBCE00BD4874 /* mw-support */ = {
			isa = PBXGroup;
			children = (
				5EEFDFAF1C71FBCE00BD4874 /* MWLanguageInfo.h */,
				5EEFDFB01C71FBCE00BD4874 /* MWLanguageInfo.m */,
			);
			path = "mw-support";
			sourceTree = "<group>";
		};
		5EEFDFB11C71FBCE00BD4874 /* StyleDefines */ = {
			isa = PBXGroup;
			children = (
				5EEFDFB21C71FBCE00BD4874 /* Defines.h */,
				5EEFDFB31C71FBCE00BD4874 /* WikiGlyph_Chars.h */,
				5EEFDFB41C71FBCE00BD4874 /* WMF_Colors.h */,
			);
			path = StyleDefines;
			sourceTree = "<group>";
		};
		B034C0FFE268BB8E89EFBFE3 /* Frameworks */ = {
			isa = PBXGroup;
			children = (
				9B9FC9498D1BE0CE96DBA9C3 /* Pods.framework */,
				D6E670567AFAC4C7EAE373F4 /* Pods_wikiswiftTests.framework */,
			);
			name = Frameworks;
			sourceTree = "<group>";
		};
		B55E9F63B909373FFBDB541A /* Pods */ = {
			isa = PBXGroup;
			children = (
				86AE8DED36FC7CDA31B4C11D /* Pods.debug.xcconfig */,
				7AD6F7AE310D363C3B46E3A9 /* Pods.release.xcconfig */,
				8951428FFD4FF60CECF40299 /* Pods-wikiswiftTests.debug.xcconfig */,
				6C3DFF3A693F27D94BB2B4B1 /* Pods-wikiswiftTests.release.xcconfig */,
			);
			name = Pods;
			sourceTree = "<group>";
		};
/* End PBXGroup section */

/* Begin PBXNativeTarget section */
		5E3452B11C71924C007D3D11 /* wikiswift */ = {
			isa = PBXNativeTarget;
			buildConfigurationList = 5E3452DA1C71924D007D3D11 /* Build configuration list for PBXNativeTarget "wikiswift" */;
			buildPhases = (
				2F2DD9D89510705DFEBCFBE5 /* Check Pods Manifest.lock */,
				5E3452AE1C71924C007D3D11 /* Sources */,
				5E3452AF1C71924C007D3D11 /* Frameworks */,
				5E3452B01C71924C007D3D11 /* Resources */,
				BC04400F24CFA883647444F2 /* Embed Pods Frameworks */,
				0B341C1961FC090742770817 /* Copy Pods Resources */,
			);
			buildRules = (
			);
			dependencies = (
			);
			name = wikiswift;
			productName = wikiswift;
			productReference = 5E3452B21C71924C007D3D11 /* wikiswift.app */;
			productType = "com.apple.product-type.application";
		};
		5E3452C51C71924D007D3D11 /* wikiswiftTests */ = {
			isa = PBXNativeTarget;
			buildConfigurationList = 5E3452DD1C71924D007D3D11 /* Build configuration list for PBXNativeTarget "wikiswiftTests" */;
			buildPhases = (
				71F430FB8413DFFA62936DDD /* Check Pods Manifest.lock */,
				5E3452C21C71924D007D3D11 /* Sources */,
				5E3452C31C71924D007D3D11 /* Frameworks */,
				5E3452C41C71924D007D3D11 /* Resources */,
				F8C25543B6EB75BE41B2C9FD /* Embed Pods Frameworks */,
				DCA2696DB0D80D2E06BDB91F /* Copy Pods Resources */,
			);
			buildRules = (
			);
			dependencies = (
				5E3452C81C71924D007D3D11 /* PBXTargetDependency */,
			);
			name = wikiswiftTests;
			productName = wikiswiftTests;
			productReference = 5E3452C61C71924D007D3D11 /* wikiswiftTests.xctest */;
			productType = "com.apple.product-type.bundle.unit-test";
		};
		5E3452D01C71924D007D3D11 /* wikiswiftUITests */ = {
			isa = PBXNativeTarget;
			buildConfigurationList = 5E3452E01C71924D007D3D11 /* Build configuration list for PBXNativeTarget "wikiswiftUITests" */;
			buildPhases = (
				5E3452CD1C71924D007D3D11 /* Sources */,
				5E3452CE1C71924D007D3D11 /* Frameworks */,
				5E3452CF1C71924D007D3D11 /* Resources */,
			);
			buildRules = (
			);
			dependencies = (
				5E3452D31C71924D007D3D11 /* PBXTargetDependency */,
			);
			name = wikiswiftUITests;
			productName = wikiswiftUITests;
			productReference = 5E3452D11C71924D007D3D11 /* wikiswiftUITests.xctest */;
			productType = "com.apple.product-type.bundle.ui-testing";
		};
/* End PBXNativeTarget section */

/* Begin PBXProject section */
		5E3452AA1C71924C007D3D11 /* Project object */ = {
			isa = PBXProject;
			attributes = {
				LastSwiftUpdateCheck = 0720;
				LastUpgradeCheck = 0720;
				ORGANIZATIONNAME = djzhang;
				TargetAttributes = {
					5E3452B11C71924C007D3D11 = {
						CreatedOnToolsVersion = 7.2;
						DevelopmentTeam = 5C786P6JQH;
					};
					5E3452C51C71924D007D3D11 = {
						CreatedOnToolsVersion = 7.2;
						DevelopmentTeam = 5C786P6JQH;
						TestTargetID = 5E3452B11C71924C007D3D11;
					};
					5E3452D01C71924D007D3D11 = {
						CreatedOnToolsVersion = 7.2;
						DevelopmentTeam = 5C786P6JQH;
						TestTargetID = 5E3452B11C71924C007D3D11;
					};
				};
			};
			buildConfigurationList = 5E3452AD1C71924C007D3D11 /* Build configuration list for PBXProject "wikiswift" */;
			compatibilityVersion = "Xcode 3.2";
			developmentRegion = English;
			hasScannedForEncodings = 0;
			knownRegions = (
				en,
				Base,
			);
			mainGroup = 5E3452A91C71924C007D3D11;
			productRefGroup = 5E3452B31C71924C007D3D11 /* Products */;
			projectDirPath = "";
			projectRoot = "";
			targets = (
				5E3452B11C71924C007D3D11 /* wikiswift */,
				5E3452C51C71924D007D3D11 /* wikiswiftTests */,
				5E3452D01C71924D007D3D11 /* wikiswiftUITests */,
			);
		};
/* End PBXProject section */

/* Begin PBXResourcesBuildPhase section */
		5E3452B01C71924C007D3D11 /* Resources */ = {
			isa = PBXResourcesBuildPhase;
			buildActionMask = 2147483647;
			files = (
				5E3452C01C71924C007D3D11 /* LaunchScreen.storyboard in Resources */,
				5EA85A881C71C469007213FD /* SourceIcons.xcassets in Resources */,
				5E3452BD1C71924C007D3D11 /* Assets.xcassets in Resources */,
				5E3452BB1C71924C007D3D11 /* Main.storyboard in Resources */,
			);
			runOnlyForDeploymentPostprocessing = 0;
		};
		5E3452C41C71924D007D3D11 /* Resources */ = {
			isa = PBXResourcesBuildPhase;
			buildActionMask = 2147483647;
			files = (
			);
			runOnlyForDeploymentPostprocessing = 0;
		};
		5E3452CF1C71924D007D3D11 /* Resources */ = {
			isa = PBXResourcesBuildPhase;
			buildActionMask = 2147483647;
			files = (
			);
			runOnlyForDeploymentPostprocessing = 0;
		};
/* End PBXResourcesBuildPhase section */

/* Begin PBXShellScriptBuildPhase section */
		0B341C1961FC090742770817 /* Copy Pods Resources */ = {
			isa = PBXShellScriptBuildPhase;
			buildActionMask = 2147483647;
			files = (
			);
			inputPaths = (
			);
			name = "Copy Pods Resources";
			outputPaths = (
			);
			runOnlyForDeploymentPostprocessing = 0;
			shellPath = /bin/sh;
			shellScript = "\"${SRCROOT}/Pods/Target Support Files/Pods/Pods-resources.sh\"\n";
			showEnvVarsInLog = 0;
		};
		2F2DD9D89510705DFEBCFBE5 /* Check Pods Manifest.lock */ = {
			isa = PBXShellScriptBuildPhase;
			buildActionMask = 2147483647;
			files = (
			);
			inputPaths = (
			);
			name = "Check Pods Manifest.lock";
			outputPaths = (
			);
			runOnlyForDeploymentPostprocessing = 0;
			shellPath = /bin/sh;
			shellScript = "diff \"${PODS_ROOT}/../Podfile.lock\" \"${PODS_ROOT}/Manifest.lock\" > /dev/null\nif [[ $? != 0 ]] ; then\n    cat << EOM\nerror: The sandbox is not in sync with the Podfile.lock. Run 'pod install' or update your CocoaPods installation.\nEOM\n    exit 1\nfi\n";
			showEnvVarsInLog = 0;
		};
		71F430FB8413DFFA62936DDD /* Check Pods Manifest.lock */ = {
			isa = PBXShellScriptBuildPhase;
			buildActionMask = 2147483647;
			files = (
			);
			inputPaths = (
			);
			name = "Check Pods Manifest.lock";
			outputPaths = (
			);
			runOnlyForDeploymentPostprocessing = 0;
			shellPath = /bin/sh;
			shellScript = "diff \"${PODS_ROOT}/../Podfile.lock\" \"${PODS_ROOT}/Manifest.lock\" > /dev/null\nif [[ $? != 0 ]] ; then\n    cat << EOM\nerror: The sandbox is not in sync with the Podfile.lock. Run 'pod install' or update your CocoaPods installation.\nEOM\n    exit 1\nfi\n";
			showEnvVarsInLog = 0;
		};
		BC04400F24CFA883647444F2 /* Embed Pods Frameworks */ = {
			isa = PBXShellScriptBuildPhase;
			buildActionMask = 2147483647;
			files = (
			);
			inputPaths = (
			);
			name = "Embed Pods Frameworks";
			outputPaths = (
			);
			runOnlyForDeploymentPostprocessing = 0;
			shellPath = /bin/sh;
			shellScript = "\"${SRCROOT}/Pods/Target Support Files/Pods/Pods-frameworks.sh\"\n";
			showEnvVarsInLog = 0;
		};
		DCA2696DB0D80D2E06BDB91F /* Copy Pods Resources */ = {
			isa = PBXShellScriptBuildPhase;
			buildActionMask = 2147483647;
			files = (
			);
			inputPaths = (
			);
			name = "Copy Pods Resources";
			outputPaths = (
			);
			runOnlyForDeploymentPostprocessing = 0;
			shellPath = /bin/sh;
			shellScript = "\"${SRCROOT}/Pods/Target Support Files/Pods-wikiswiftTests/Pods-wikiswiftTests-resources.sh\"\n";
			showEnvVarsInLog = 0;
		};
		F8C25543B6EB75BE41B2C9FD /* Embed Pods Frameworks */ = {
			isa = PBXShellScriptBuildPhase;
			buildActionMask = 2147483647;
			files = (
			);
			inputPaths = (
			);
			name = "Embed Pods Frameworks";
			outputPaths = (
			);
			runOnlyForDeploymentPostprocessing = 0;
			shellPath = /bin/sh;
			shellScript = "\"${SRCROOT}/Pods/Target Support Files/Pods-wikiswiftTests/Pods-wikiswiftTests-frameworks.sh\"\n";
			showEnvVarsInLog = 0;
		};
/* End PBXShellScriptBuildPhase section */

/* Begin PBXSourcesBuildPhase section */
		5E3452AE1C71924C007D3D11 /* Sources */ = {
			isa = PBXSourcesBuildPhase;
			buildActionMask = 2147483647;
			files = (
				5EEFDFC31C71FBCE00BD4874 /* MWKImageList.m in Sources */,
				5EEFDFC01C71FBCE00BD4874 /* MWKArticle+HTMLImageImport.m in Sources */,
				5EEFDFDB1C71FBCE00BD4874 /* MWKRecentSearchEntry.m in Sources */,
				5E3452B81C71924C007D3D11 /* ViewController.swift in Sources */,
				5EEFDFDE1C71FBCE00BD4874 /* MWKSavedPageList.m in Sources */,
				5EEFDFF41C71FBCE00BD4874 /* NSBundle+WMFInfoUtils.m in Sources */,
				5EEFDFC51C71FBCE00BD4874 /* MWKSection+HTMLImageExtraction.m in Sources */,
				5EEFDFE81C71FBCE00BD4874 /* NSString+WMFHTMLParsing.m in Sources */,
				5EEFDFF11C71FBCE00BD4874 /* NSIndexSet+BKReduce.m in Sources */,
				5EEFDFC81C71FBCE00BD4874 /* MWKSectionMetaData.m in Sources */,
				5EEFDFDC1C71FBCE00BD4874 /* MWKRecentSearchList.m in Sources */,
				5EEFDFE91C71FBCE00BD4874 /* NSString+WMFPageUtilities.m in Sources */,
				5EEFDFF51C71FBCE00BD4874 /* WikipediaAppUtils.m in Sources */,
				5EEFDFCB1C71FBCE00BD4874 /* MWKLanguageLink.m in Sources */,
				5EEFDFD41C71FBCE00BD4874 /* MWKDataHousekeeping.m in Sources */,
				5EEFDFC21C71FBCE00BD4874 /* MWKCitation.m in Sources */,
				5EEFDFBC1C71FBCE00BD4874 /* MWKLicense.m in Sources */,
				5EEFDFFA1C71FBCE00BD4874 /* WMFHistoryTableViewController.swift in Sources */,
				5EEFDFBD1C71FBCE00BD4874 /* MWKImage.m in Sources */,
				5EEFDFFE1C71FBCE00BD4874 /* NSObject+WMFExtras.m in Sources */,
				5EEFDFF31C71FBCE00BD4874 /* NSMutableDictionary+WMFMaybeSet.m in Sources */,
				5EEFDFD61C71FBCE00BD4874 /* MWKUserDataStore.m in Sources */,
				5EEFDFFF1C71FBCE00BD4874 /* UIImage+WMFFocalImageDrawing.m in Sources */,
				5EEFDFD01C71FBCE00BD4874 /* MWKLicense+ToGlyph.m in Sources */,
				5EEFDFD71C71FBCE00BD4874 /* MWKSite.m in Sources */,
				5EEFDFF81C71FBCE00BD4874 /* WMFArticleViewController_Private.swift in Sources */,
				5EEFDFD51C71FBCE00BD4874 /* MWKDataStore.m in Sources */,
				5EEFDFC61C71FBCE00BD4874 /* MWKSection.m in Sources */,
				5EEFDFE21C71FBCE00BD4874 /* NSDictionary+WMFCommonParams.m in Sources */,
				5EEFDFCC1C71FBCE00BD4874 /* MWKDataObject.m in Sources */,
				5EEFDFC41C71FBCE00BD4874 /* MWKProtectionStatus.m in Sources */,
				5E3452B61C71924C007D3D11 /* AppDelegate.swift in Sources */,
				5EEFDFBB1C71FBCE00BD4874 /* MWKImageInfo.m in Sources */,
				5EEFDFFC1C71FBCE00BD4874 /* WMFAssetsFile.m in Sources */,
				5EEFDFE51C71FBCE00BD4874 /* MWKImageInfoResponseSerializer.m in Sources */,
				5EEFDFE61C71FBCE00BD4874 /* MWKLanguageLinkResponseSerializer.m in Sources */,
				5EEFDFF91C71FBCE00BD4874 /* WMFExploreViewController.swift in Sources */,
				5EEFDFDF1C71FBCE00BD4874 /* NSError+WMFExtensions.m in Sources */,
				5EEFDFEA1C71FBCE00BD4874 /* NSURL+WMFExtras.m in Sources */,
				5EEFDFED1C71FBCE00BD4874 /* NSArray+BKIndex.m in Sources */,
				5EEFDFD11C71FBCE00BD4874 /* MWKSavedPageList+ImageMigration.m in Sources */,
				5EEFDFB51C71FBCE00BD4874 /* DDLog+WMFLogger.m in Sources */,
				5EEFDFC11C71FBCE00BD4874 /* MWKArticle.m in Sources */,
				5EEFDFCD1C71FBCE00BD4874 /* MWKList.m in Sources */,
				5EEFDFEB1C71FBCE00BD4874 /* NSURL+WMFLinkParsing.m in Sources */,
				5EEFDFB81C71FBCE00BD4874 /* WMFArticleListTableViewController.swift in Sources */,
				5EEFDFE01C71FBCE00BD4874 /* MTLValueTransformer+WMFNumericValueTransformer.m in Sources */,
				5EEFDFFB1C71FBCE00BD4874 /* WMFSavedArticleTableViewController.swift in Sources */,
				5EEFDFD21C71FBCE00BD4874 /* MWKSavedPageList+ImageMigrationTesting.m in Sources */,
				5EEFDFB61C71FBCE00BD4874 /* LoggingDefaults.swift in Sources */,
				5EEFE0001C71FBCE00BD4874 /* UIView+ConstraintsScale.m in Sources */,
				5EEFDFCA1C71FBCE00BD4874 /* MWKHistoryList.m in Sources */,
				5EEFDFE71C71FBCE00BD4874 /* NSString+WMFExtras.m in Sources */,
				5EEFDFF71C71FBCE00BD4874 /* WMFArticleViewController.swift in Sources */,
				5EEFDFDD1C71FBCE00BD4874 /* MWKSavedPageEntry.m in Sources */,
				5EEFDFE41C71FBCE00BD4874 /* WMFMantleJSONResponseSerializer.m in Sources */,
				5EEFDFB71C71FBCE00BD4874 /* WMFLogFormatter.m in Sources */,
				5EEFDFC71C71FBCE00BD4874 /* MWKSectionList.m in Sources */,
				5EEFDFC91C71FBCE00BD4874 /* MWKHistoryEntry.m in Sources */,
				5EEFDFEC1C71FBCE00BD4874 /* WMFImageURLParsing.m in Sources */,
				5EEFDFD31C71FBCE00BD4874 /* MWKSection+DisplayHtml.m in Sources */,
				5EEFDFEF1C71FBCE00BD4874 /* NSArray+WMFMapping.m in Sources */,
				5EEFDFCE1C71FBCE00BD4874 /* MWKSiteDataObject.m in Sources */,
				5EEFDFBE1C71FBCE00BD4874 /* UIImageView+WMFImageFetching.m in Sources */,
				5EEFDFBA1C71FBCE00BD4874 /* MWKImageInfo+MWKImageComparison.m in Sources */,
				5EEFDFDA1C71FBCE00BD4874 /* MWKUser.m in Sources */,
				5EEFDFCF1C71FBCE00BD4874 /* MWKArticle+WMFSharing.m in Sources */,
				5EEFDFD91C71FBCE00BD4874 /* MWKTitle.m in Sources */,
				5EEFDFB91C71FBCE00BD4874 /* MWKImage+CanonicalFilenames.m in Sources */,
				5EEFDFD81C71FBCE00BD4874 /* MWKSiteInfo.m in Sources */,
				5EEFDFE11C71FBCE00BD4874 /* NSDateFormatter+WMFExtensions.m in Sources */,
				5EEFDFE31C71FBCE00BD4874 /* WMFApiJsonResponseSerializer.m in Sources */,
				5EEFDFBF1C71FBCE00BD4874 /* UIScreen+WMFImageWidth.m in Sources */,
				5EEFDFF21C71FBCE00BD4874 /* NSMutableArray+WMFSafeAdd.m in Sources */,
				5EEFDFF61C71FBCE00BD4874 /* WMFArticleBrowserViewController.swift in Sources */,
				5EEFE0011C71FBCE00BD4874 /* MWLanguageInfo.m in Sources */,
				5EEFDFEE1C71FBCE00BD4874 /* NSArray+WMFExtensions.swift in Sources */,
				5EEFDFF01C71FBCE00BD4874 /* NSArray+WMFPredicate.swift in Sources */,
				5EEFDFFD1C71FBCE00BD4874 /* NSObject+ConstraintsScale.m in Sources */,
			);
			runOnlyForDeploymentPostprocessing = 0;
		};
		5E3452C21C71924D007D3D11 /* Sources */ = {
			isa = PBXSourcesBuildPhase;
			buildActionMask = 2147483647;
			files = (
				5E3452CB1C71924D007D3D11 /* wikiswiftTests.swift in Sources */,
			);
			runOnlyForDeploymentPostprocessing = 0;
		};
		5E3452CD1C71924D007D3D11 /* Sources */ = {
			isa = PBXSourcesBuildPhase;
			buildActionMask = 2147483647;
			files = (
				5E3452D61C71924D007D3D11 /* wikiswiftUITests.swift in Sources */,
			);
			runOnlyForDeploymentPostprocessing = 0;
		};
/* End PBXSourcesBuildPhase section */

/* Begin PBXTargetDependency section */
		5E3452C81C71924D007D3D11 /* PBXTargetDependency */ = {
			isa = PBXTargetDependency;
			target = 5E3452B11C71924C007D3D11 /* wikiswift */;
			targetProxy = 5E3452C71C71924D007D3D11 /* PBXContainerItemProxy */;
		};
		5E3452D31C71924D007D3D11 /* PBXTargetDependency */ = {
			isa = PBXTargetDependency;
			target = 5E3452B11C71924C007D3D11 /* wikiswift */;
			targetProxy = 5E3452D21C71924D007D3D11 /* PBXContainerItemProxy */;
		};
/* End PBXTargetDependency section */

/* Begin PBXVariantGroup section */
		5E3452B91C71924C007D3D11 /* Main.storyboard */ = {
			isa = PBXVariantGroup;
			children = (
				5E3452BA1C71924C007D3D11 /* Base */,
			);
			name = Main.storyboard;
			sourceTree = "<group>";
		};
		5E3452BE1C71924C007D3D11 /* LaunchScreen.storyboard */ = {
			isa = PBXVariantGroup;
			children = (
				5E3452BF1C71924C007D3D11 /* Base */,
			);
			name = LaunchScreen.storyboard;
			sourceTree = "<group>";
		};
/* End PBXVariantGroup section */

/* Begin XCBuildConfiguration section */
		5E3452D81C71924D007D3D11 /* Debug */ = {
			isa = XCBuildConfiguration;
			buildSettings = {
				ALWAYS_SEARCH_USER_PATHS = NO;
				CLANG_CXX_LANGUAGE_STANDARD = "gnu++0x";
				CLANG_CXX_LIBRARY = "libc++";
				CLANG_ENABLE_MODULES = YES;
				CLANG_ENABLE_OBJC_ARC = YES;
				CLANG_WARN_BOOL_CONVERSION = YES;
				CLANG_WARN_CONSTANT_CONVERSION = YES;
				CLANG_WARN_DIRECT_OBJC_ISA_USAGE = YES_ERROR;
				CLANG_WARN_EMPTY_BODY = YES;
				CLANG_WARN_ENUM_CONVERSION = YES;
				CLANG_WARN_INT_CONVERSION = YES;
				CLANG_WARN_OBJC_ROOT_CLASS = YES_ERROR;
				CLANG_WARN_UNREACHABLE_CODE = YES;
				CLANG_WARN__DUPLICATE_METHOD_MATCH = YES;
				"CODE_SIGN_IDENTITY[sdk=iphoneos*]" = "iPhone Developer";
				COPY_PHASE_STRIP = NO;
				DEBUG_INFORMATION_FORMAT = dwarf;
				ENABLE_STRICT_OBJC_MSGSEND = YES;
				ENABLE_TESTABILITY = YES;
				GCC_C_LANGUAGE_STANDARD = gnu99;
				GCC_DYNAMIC_NO_PIC = NO;
				GCC_NO_COMMON_BLOCKS = YES;
				GCC_OPTIMIZATION_LEVEL = 0;
				GCC_PREPROCESSOR_DEFINITIONS = (
					"DEBUG=1",
					"$(inherited)",
				);
				GCC_WARN_64_TO_32_BIT_CONVERSION = YES;
				GCC_WARN_ABOUT_RETURN_TYPE = YES_ERROR;
				GCC_WARN_UNDECLARED_SELECTOR = YES;
				GCC_WARN_UNINITIALIZED_AUTOS = YES_AGGRESSIVE;
				GCC_WARN_UNUSED_FUNCTION = YES;
				GCC_WARN_UNUSED_VARIABLE = YES;
				IPHONEOS_DEPLOYMENT_TARGET = 9.2;
				MTL_ENABLE_DEBUG_INFO = YES;
				ONLY_ACTIVE_ARCH = YES;
				SDKROOT = iphoneos;
				SWIFT_OPTIMIZATION_LEVEL = "-Onone";
				TARGETED_DEVICE_FAMILY = "1,2";
			};
			name = Debug;
		};
		5E3452D91C71924D007D3D11 /* Release */ = {
			isa = XCBuildConfiguration;
			buildSettings = {
				ALWAYS_SEARCH_USER_PATHS = NO;
				CLANG_CXX_LANGUAGE_STANDARD = "gnu++0x";
				CLANG_CXX_LIBRARY = "libc++";
				CLANG_ENABLE_MODULES = YES;
				CLANG_ENABLE_OBJC_ARC = YES;
				CLANG_WARN_BOOL_CONVERSION = YES;
				CLANG_WARN_CONSTANT_CONVERSION = YES;
				CLANG_WARN_DIRECT_OBJC_ISA_USAGE = YES_ERROR;
				CLANG_WARN_EMPTY_BODY = YES;
				CLANG_WARN_ENUM_CONVERSION = YES;
				CLANG_WARN_INT_CONVERSION = YES;
				CLANG_WARN_OBJC_ROOT_CLASS = YES_ERROR;
				CLANG_WARN_UNREACHABLE_CODE = YES;
				CLANG_WARN__DUPLICATE_METHOD_MATCH = YES;
				"CODE_SIGN_IDENTITY[sdk=iphoneos*]" = "iPhone Developer";
				COPY_PHASE_STRIP = NO;
				DEBUG_INFORMATION_FORMAT = "dwarf-with-dsym";
				ENABLE_NS_ASSERTIONS = NO;
				ENABLE_STRICT_OBJC_MSGSEND = YES;
				GCC_C_LANGUAGE_STANDARD = gnu99;
				GCC_NO_COMMON_BLOCKS = YES;
				GCC_WARN_64_TO_32_BIT_CONVERSION = YES;
				GCC_WARN_ABOUT_RETURN_TYPE = YES_ERROR;
				GCC_WARN_UNDECLARED_SELECTOR = YES;
				GCC_WARN_UNINITIALIZED_AUTOS = YES_AGGRESSIVE;
				GCC_WARN_UNUSED_FUNCTION = YES;
				GCC_WARN_UNUSED_VARIABLE = YES;
				IPHONEOS_DEPLOYMENT_TARGET = 9.2;
				MTL_ENABLE_DEBUG_INFO = NO;
				SDKROOT = iphoneos;
				TARGETED_DEVICE_FAMILY = "1,2";
				VALIDATE_PRODUCT = YES;
			};
			name = Release;
		};
		5E3452DB1C71924D007D3D11 /* Debug */ = {
			isa = XCBuildConfiguration;
			baseConfigurationReference = 86AE8DED36FC7CDA31B4C11D /* Pods.debug.xcconfig */;
			buildSettings = {
				ASSETCATALOG_COMPILER_APPICON_NAME = AppIcon;
				CLANG_ENABLE_MODULES = YES;
				INFOPLIST_FILE = wikiswift/Info.plist;
				LD_RUNPATH_SEARCH_PATHS = "$(inherited) @executable_path/Frameworks";
				PRODUCT_BUNDLE_IDENTIFIER = com.djzhang.wikiswift;
				PRODUCT_NAME = "$(TARGET_NAME)";
				SWIFT_OBJC_BRIDGING_HEADER = "wikiswift/wikiswift-Bridging-Header.h";
				SWIFT_OPTIMIZATION_LEVEL = "-Onone";
			};
			name = Debug;
		};
		5E3452DC1C71924D007D3D11 /* Release */ = {
			isa = XCBuildConfiguration;
			baseConfigurationReference = 7AD6F7AE310D363C3B46E3A9 /* Pods.release.xcconfig */;
			buildSettings = {
				ASSETCATALOG_COMPILER_APPICON_NAME = AppIcon;
				CLANG_ENABLE_MODULES = YES;
				INFOPLIST_FILE = wikiswift/Info.plist;
				LD_RUNPATH_SEARCH_PATHS = "$(inherited) @executable_path/Frameworks";
				PRODUCT_BUNDLE_IDENTIFIER = com.djzhang.wikiswift;
				PRODUCT_NAME = "$(TARGET_NAME)";
				SWIFT_OBJC_BRIDGING_HEADER = "wikiswift/wikiswift-Bridging-Header.h";
			};
			name = Release;
		};
		5E3452DE1C71924D007D3D11 /* Debug */ = {
			isa = XCBuildConfiguration;
			baseConfigurationReference = 8951428FFD4FF60CECF40299 /* Pods-wikiswiftTests.debug.xcconfig */;
			buildSettings = {
				BUNDLE_LOADER = "$(TEST_HOST)";
				INFOPLIST_FILE = wikiswiftTests/Info.plist;
				LD_RUNPATH_SEARCH_PATHS = "$(inherited) @executable_path/Frameworks @loader_path/Frameworks";
				PRODUCT_BUNDLE_IDENTIFIER = com.djzhang.wikiswiftTests;
				PRODUCT_NAME = "$(TARGET_NAME)";
				TEST_HOST = "$(BUILT_PRODUCTS_DIR)/wikiswift.app/wikiswift";
			};
			name = Debug;
		};
		5E3452DF1C71924D007D3D11 /* Release */ = {
			isa = XCBuildConfiguration;
			baseConfigurationReference = 6C3DFF3A693F27D94BB2B4B1 /* Pods-wikiswiftTests.release.xcconfig */;
			buildSettings = {
				BUNDLE_LOADER = "$(TEST_HOST)";
				INFOPLIST_FILE = wikiswiftTests/Info.plist;
				LD_RUNPATH_SEARCH_PATHS = "$(inherited) @executable_path/Frameworks @loader_path/Frameworks";
				PRODUCT_BUNDLE_IDENTIFIER = com.djzhang.wikiswiftTests;
				PRODUCT_NAME = "$(TARGET_NAME)";
				TEST_HOST = "$(BUILT_PRODUCTS_DIR)/wikiswift.app/wikiswift";
			};
			name = Release;
		};
		5E3452E11C71924D007D3D11 /* Debug */ = {
			isa = XCBuildConfiguration;
			buildSettings = {
				INFOPLIST_FILE = wikiswiftUITests/Info.plist;
				LD_RUNPATH_SEARCH_PATHS = "$(inherited) @executable_path/Frameworks @loader_path/Frameworks";
				PRODUCT_BUNDLE_IDENTIFIER = com.djzhang.wikiswiftUITests;
				PRODUCT_NAME = "$(TARGET_NAME)";
				TEST_TARGET_NAME = wikiswift;
				USES_XCTRUNNER = YES;
			};
			name = Debug;
		};
		5E3452E21C71924D007D3D11 /* Release */ = {
			isa = XCBuildConfiguration;
			buildSettings = {
				INFOPLIST_FILE = wikiswiftUITests/Info.plist;
				LD_RUNPATH_SEARCH_PATHS = "$(inherited) @executable_path/Frameworks @loader_path/Frameworks";
				PRODUCT_BUNDLE_IDENTIFIER = com.djzhang.wikiswiftUITests;
				PRODUCT_NAME = "$(TARGET_NAME)";
				TEST_TARGET_NAME = wikiswift;
				USES_XCTRUNNER = YES;
			};
			name = Release;
		};
/* End XCBuildConfiguration section */

/* Begin XCConfigurationList section */
		5E3452AD1C71924C007D3D11 /* Build configuration list for PBXProject "wikiswift" */ = {
			isa = XCConfigurationList;
			buildConfigurations = (
				5E3452D81C71924D007D3D11 /* Debug */,
				5E3452D91C71924D007D3D11 /* Release */,
			);
			defaultConfigurationIsVisible = 0;
			defaultConfigurationName = Release;
		};
		5E3452DA1C71924D007D3D11 /* Build configuration list for PBXNativeTarget "wikiswift" */ = {
			isa = XCConfigurationList;
			buildConfigurations = (
				5E3452DB1C71924D007D3D11 /* Debug */,
				5E3452DC1C71924D007D3D11 /* Release */,
			);
			defaultConfigurationIsVisible = 0;
			defaultConfigurationName = Release;
		};
		5E3452DD1C71924D007D3D11 /* Build configuration list for PBXNativeTarget "wikiswiftTests" */ = {
			isa = XCConfigurationList;
			buildConfigurations = (
				5E3452DE1C71924D007D3D11 /* Debug */,
				5E3452DF1C71924D007D3D11 /* Release */,
			);
			defaultConfigurationIsVisible = 0;
			defaultConfigurationName = Release;
		};
		5E3452E01C71924D007D3D11 /* Build configuration list for PBXNativeTarget "wikiswiftUITests" */ = {
			isa = XCConfigurationList;
			buildConfigurations = (
				5E3452E11C71924D007D3D11 /* Debug */,
				5E3452E21C71924D007D3D11 /* Release */,
			);
			defaultConfigurationIsVisible = 0;
			defaultConfigurationName = Release;
		};
/* End XCConfigurationList section */
	};
	rootObject = 5E3452AA1C71924C007D3D11 /* Project object */;
}
