// !$*UTF8*$!
{
	archiveVersion = 1;
	classes = {
	};
	objectVersion = 46;
	objects = {

/* Begin PBXBuildFile section */
		3FED80C12686AC19C1A32304 /* Pods.framework in Frameworks */ = {isa = PBXBuildFile; fileRef = 9B9FC9498D1BE0CE96DBA9C3 /* Pods.framework */; };
		5E3452B61C71924C007D3D11 /* AppDelegate.swift in Sources */ = {isa = PBXBuildFile; fileRef = 5E3452B51C71924C007D3D11 /* AppDelegate.swift */; };
		5E3452B81C71924C007D3D11 /* ViewController.swift in Sources */ = {isa = PBXBuildFile; fileRef = 5E3452B71C71924C007D3D11 /* ViewController.swift */; };
		5E3452BB1C71924C007D3D11 /* Main.storyboard in Resources */ = {isa = PBXBuildFile; fileRef = 5E3452B91C71924C007D3D11 /* Main.storyboard */; };
		5E3452BD1C71924C007D3D11 /* Assets.xcassets in Resources */ = {isa = PBXBuildFile; fileRef = 5E3452BC1C71924C007D3D11 /* Assets.xcassets */; };
		5E3452C01C71924C007D3D11 /* LaunchScreen.storyboard in Resources */ = {isa = PBXBuildFile; fileRef = 5E3452BE1C71924C007D3D11 /* LaunchScreen.storyboard */; };
		5E3452CB1C71924D007D3D11 /* wikiswiftTests.swift in Sources */ = {isa = PBXBuildFile; fileRef = 5E3452CA1C71924D007D3D11 /* wikiswiftTests.swift */; };
		5E3452D61C71924D007D3D11 /* wikiswiftUITests.swift in Sources */ = {isa = PBXBuildFile; fileRef = 5E3452D51C71924D007D3D11 /* wikiswiftUITests.swift */; };
		5EA85A881C71C469007213FD /* SourceIcons.xcassets in Resources */ = {isa = PBXBuildFile; fileRef = 5EA85A871C71C469007213FD /* SourceIcons.xcassets */; };
		5EEFD3AC1C71E95300BD4874 /* WMFArticleListTableViewController.swift in Sources */ = {isa = PBXBuildFile; fileRef = 5EEFD3441C71E95300BD4874 /* WMFArticleListTableViewController.swift */; };
		5EEFD3AD1C71E95300BD4874 /* MWKArticle+HTMLImageImport.m in Sources */ = {isa = PBXBuildFile; fileRef = 5EEFD3491C71E95300BD4874 /* MWKArticle+HTMLImageImport.m */; };
		5EEFD3AE1C71E95300BD4874 /* MWKArticle.m in Sources */ = {isa = PBXBuildFile; fileRef = 5EEFD34B1C71E95300BD4874 /* MWKArticle.m */; };
		5EEFD3AF1C71E95300BD4874 /* MWKCitation.m in Sources */ = {isa = PBXBuildFile; fileRef = 5EEFD34D1C71E95300BD4874 /* MWKCitation.m */; };
		5EEFD3B01C71E95300BD4874 /* MWKImageList.m in Sources */ = {isa = PBXBuildFile; fileRef = 5EEFD34F1C71E95300BD4874 /* MWKImageList.m */; };
		5EEFD3B11C71E95300BD4874 /* MWKProtectionStatus.m in Sources */ = {isa = PBXBuildFile; fileRef = 5EEFD3511C71E95300BD4874 /* MWKProtectionStatus.m */; };
		5EEFD3B21C71E95300BD4874 /* MWKSection+HTMLImageExtraction.m in Sources */ = {isa = PBXBuildFile; fileRef = 5EEFD3531C71E95300BD4874 /* MWKSection+HTMLImageExtraction.m */; };
		5EEFD3B31C71E95300BD4874 /* MWKSection.m in Sources */ = {isa = PBXBuildFile; fileRef = 5EEFD3551C71E95300BD4874 /* MWKSection.m */; };
		5EEFD3B41C71E95300BD4874 /* MWKSectionList.m in Sources */ = {isa = PBXBuildFile; fileRef = 5EEFD3571C71E95300BD4874 /* MWKSectionList.m */; };
		5EEFD3B51C71E95300BD4874 /* MWKSectionMetaData.m in Sources */ = {isa = PBXBuildFile; fileRef = 5EEFD3591C71E95300BD4874 /* MWKSectionMetaData.m */; };
		5EEFD3B61C71E95300BD4874 /* MWKHistoryEntry.m in Sources */ = {isa = PBXBuildFile; fileRef = 5EEFD35E1C71E95300BD4874 /* MWKHistoryEntry.m */; };
		5EEFD3B71C71E95300BD4874 /* MWKHistoryList.m in Sources */ = {isa = PBXBuildFile; fileRef = 5EEFD3601C71E95300BD4874 /* MWKHistoryList.m */; };
		5EEFD3B81C71E95300BD4874 /* MWKImage+CanonicalFilenames.m in Sources */ = {isa = PBXBuildFile; fileRef = 5EEFD3641C71E95300BD4874 /* MWKImage+CanonicalFilenames.m */; };
		5EEFD3B91C71E95300BD4874 /* MWKImageInfo+MWKImageComparison.m in Sources */ = {isa = PBXBuildFile; fileRef = 5EEFD3661C71E95300BD4874 /* MWKImageInfo+MWKImageComparison.m */; };
		5EEFD3BA1C71E95300BD4874 /* MWKImageInfo.m in Sources */ = {isa = PBXBuildFile; fileRef = 5EEFD3681C71E95300BD4874 /* MWKImageInfo.m */; };
		5EEFD3BB1C71E95300BD4874 /* MWKLicense.m in Sources */ = {isa = PBXBuildFile; fileRef = 5EEFD36A1C71E95300BD4874 /* MWKLicense.m */; };
		5EEFD3BC1C71E95300BD4874 /* MWKImage.m in Sources */ = {isa = PBXBuildFile; fileRef = 5EEFD36C1C71E95300BD4874 /* MWKImage.m */; };
		5EEFD3BD1C71E95300BD4874 /* MWKDataObject.m in Sources */ = {isa = PBXBuildFile; fileRef = 5EEFD3701C71E95300BD4874 /* MWKDataObject.m */; };
		5EEFD3BE1C71E95300BD4874 /* MWKList.m in Sources */ = {isa = PBXBuildFile; fileRef = 5EEFD3741C71E95300BD4874 /* MWKList.m */; };
		5EEFD3BF1C71E95300BD4874 /* MWKSiteDataObject.m in Sources */ = {isa = PBXBuildFile; fileRef = 5EEFD3761C71E95300BD4874 /* MWKSiteDataObject.m */; };
		5EEFD3C01C71E95300BD4874 /* MWKArticle+WMFSharing.m in Sources */ = {isa = PBXBuildFile; fileRef = 5EEFD3791C71E95300BD4874 /* MWKArticle+WMFSharing.m */; };
		5EEFD3C11C71E95300BD4874 /* MWKLicense+ToGlyph.m in Sources */ = {isa = PBXBuildFile; fileRef = 5EEFD37B1C71E95300BD4874 /* MWKLicense+ToGlyph.m */; };
		5EEFD3C21C71E95300BD4874 /* MWKSavedPageList+ImageMigration.m in Sources */ = {isa = PBXBuildFile; fileRef = 5EEFD37D1C71E95300BD4874 /* MWKSavedPageList+ImageMigration.m */; };
		5EEFD3C31C71E95300BD4874 /* MWKSavedPageList+ImageMigrationTesting.m in Sources */ = {isa = PBXBuildFile; fileRef = 5EEFD37F1C71E95300BD4874 /* MWKSavedPageList+ImageMigrationTesting.m */; };
		5EEFD3C41C71E95300BD4874 /* MWKSection+DisplayHtml.m in Sources */ = {isa = PBXBuildFile; fileRef = 5EEFD3811C71E95300BD4874 /* MWKSection+DisplayHtml.m */; };
		5EEFD3C51C71E95300BD4874 /* MWKDataHousekeeping.m in Sources */ = {isa = PBXBuildFile; fileRef = 5EEFD3841C71E95300BD4874 /* MWKDataHousekeeping.m */; };
		5EEFD3C61C71E95300BD4874 /* MWKDataStore.m in Sources */ = {isa = PBXBuildFile; fileRef = 5EEFD3861C71E95300BD4874 /* MWKDataStore.m */; };
		5EEFD3C71C71E95300BD4874 /* MWKUserDataStore.m in Sources */ = {isa = PBXBuildFile; fileRef = 5EEFD3881C71E95300BD4874 /* MWKUserDataStore.m */; };
		5EEFD3C81C71E95300BD4874 /* MWKSite.m in Sources */ = {isa = PBXBuildFile; fileRef = 5EEFD38C1C71E95300BD4874 /* MWKSite.m */; };
		5EEFD3C91C71E95300BD4874 /* MWKSiteInfo.m in Sources */ = {isa = PBXBuildFile; fileRef = 5EEFD38E1C71E95300BD4874 /* MWKSiteInfo.m */; };
		5EEFD3CA1C71E95300BD4874 /* MWKTitle.m in Sources */ = {isa = PBXBuildFile; fileRef = 5EEFD3901C71E95300BD4874 /* MWKTitle.m */; };
		5EEFD3CB1C71E95300BD4874 /* MWKUser.m in Sources */ = {isa = PBXBuildFile; fileRef = 5EEFD3931C71E95300BD4874 /* MWKUser.m */; };
		5EEFD3CC1C71E95300BD4874 /* MWKRecentSearchEntry.m in Sources */ = {isa = PBXBuildFile; fileRef = 5EEFD3961C71E95300BD4874 /* MWKRecentSearchEntry.m */; };
		5EEFD3CD1C71E95300BD4874 /* MWKRecentSearchList.m in Sources */ = {isa = PBXBuildFile; fileRef = 5EEFD3981C71E95300BD4874 /* MWKRecentSearchList.m */; };
		5EEFD3CE1C71E95300BD4874 /* MWKSavedPageEntry.m in Sources */ = {isa = PBXBuildFile; fileRef = 5EEFD39C1C71E95300BD4874 /* MWKSavedPageEntry.m */; };
		5EEFD3CF1C71E95300BD4874 /* MWKSavedPageList.m in Sources */ = {isa = PBXBuildFile; fileRef = 5EEFD39E1C71E95300BD4874 /* MWKSavedPageList.m */; };
		5EEFD3D01C71E95300BD4874 /* WMFArticleBrowserViewController.swift in Sources */ = {isa = PBXBuildFile; fileRef = 5EEFD3A31C71E95300BD4874 /* WMFArticleBrowserViewController.swift */; };
		5EEFD3D11C71E95300BD4874 /* WMFArticleViewController.swift in Sources */ = {isa = PBXBuildFile; fileRef = 5EEFD3A41C71E95300BD4874 /* WMFArticleViewController.swift */; };
		5EEFD3D21C71E95300BD4874 /* WMFArticleViewController_Private.swift in Sources */ = {isa = PBXBuildFile; fileRef = 5EEFD3A51C71E95300BD4874 /* WMFArticleViewController_Private.swift */; };
		5EEFD3D31C71E95300BD4874 /* WMFExploreViewController.swift in Sources */ = {isa = PBXBuildFile; fileRef = 5EEFD3A71C71E95300BD4874 /* WMFExploreViewController.swift */; };
		5EEFD3D41C71E95300BD4874 /* WMFHistoryTableViewController.swift in Sources */ = {isa = PBXBuildFile; fileRef = 5EEFD3A91C71E95300BD4874 /* WMFHistoryTableViewController.swift */; };
		5EEFD3D51C71E95300BD4874 /* WMFSavedArticleTableViewController.swift in Sources */ = {isa = PBXBuildFile; fileRef = 5EEFD3AB1C71E95300BD4874 /* WMFSavedArticleTableViewController.swift */; };
		D605222B363BB39935B0C1DE /* Pods_wikiswiftTests.framework in Frameworks */ = {isa = PBXBuildFile; fileRef = D6E670567AFAC4C7EAE373F4 /* Pods_wikiswiftTests.framework */; };
/* End PBXBuildFile section */

/* Begin PBXContainerItemProxy section */
		5E3452C71C71924D007D3D11 /* PBXContainerItemProxy */ = {
			isa = PBXContainerItemProxy;
			containerPortal = 5E3452AA1C71924C007D3D11 /* Project object */;
			proxyType = 1;
			remoteGlobalIDString = 5E3452B11C71924C007D3D11;
			remoteInfo = wikiswift;
		};
		5E3452D21C71924D007D3D11 /* PBXContainerItemProxy */ = {
			isa = PBXContainerItemProxy;
			containerPortal = 5E3452AA1C71924C007D3D11 /* Project object */;
			proxyType = 1;
			remoteGlobalIDString = 5E3452B11C71924C007D3D11;
			remoteInfo = wikiswift;
		};
/* End PBXContainerItemProxy section */

/* Begin PBXFileReference section */
		5E3452B21C71924C007D3D11 /* wikiswift.app */ = {isa = PBXFileReference; explicitFileType = wrapper.application; includeInIndex = 0; path = wikiswift.app; sourceTree = BUILT_PRODUCTS_DIR; };
		5E3452B51C71924C007D3D11 /* AppDelegate.swift */ = {isa = PBXFileReference; lastKnownFileType = sourcecode.swift; path = AppDelegate.swift; sourceTree = "<group>"; };
		5E3452B71C71924C007D3D11 /* ViewController.swift */ = {isa = PBXFileReference; lastKnownFileType = sourcecode.swift; path = ViewController.swift; sourceTree = "<group>"; };
		5E3452BA1C71924C007D3D11 /* Base */ = {isa = PBXFileReference; lastKnownFileType = file.storyboard; name = Base; path = Base.lproj/Main.storyboard; sourceTree = "<group>"; };
		5E3452BC1C71924C007D3D11 /* Assets.xcassets */ = {isa = PBXFileReference; lastKnownFileType = folder.assetcatalog; path = Assets.xcassets; sourceTree = "<group>"; };
		5E3452BF1C71924C007D3D11 /* Base */ = {isa = PBXFileReference; lastKnownFileType = file.storyboard; name = Base; path = Base.lproj/LaunchScreen.storyboard; sourceTree = "<group>"; };
		5E3452C11C71924C007D3D11 /* Info.plist */ = {isa = PBXFileReference; lastKnownFileType = text.plist.xml; path = Info.plist; sourceTree = "<group>"; };
		5E3452C61C71924D007D3D11 /* wikiswiftTests.xctest */ = {isa = PBXFileReference; explicitFileType = wrapper.cfbundle; includeInIndex = 0; path = wikiswiftTests.xctest; sourceTree = BUILT_PRODUCTS_DIR; };
		5E3452CA1C71924D007D3D11 /* wikiswiftTests.swift */ = {isa = PBXFileReference; lastKnownFileType = sourcecode.swift; path = wikiswiftTests.swift; sourceTree = "<group>"; };
		5E3452CC1C71924D007D3D11 /* Info.plist */ = {isa = PBXFileReference; lastKnownFileType = text.plist.xml; path = Info.plist; sourceTree = "<group>"; };
		5E3452D11C71924D007D3D11 /* wikiswiftUITests.xctest */ = {isa = PBXFileReference; explicitFileType = wrapper.cfbundle; includeInIndex = 0; path = wikiswiftUITests.xctest; sourceTree = BUILT_PRODUCTS_DIR; };
		5E3452D51C71924D007D3D11 /* wikiswiftUITests.swift */ = {isa = PBXFileReference; lastKnownFileType = sourcecode.swift; path = wikiswiftUITests.swift; sourceTree = "<group>"; };
		5E3452D71C71924D007D3D11 /* Info.plist */ = {isa = PBXFileReference; lastKnownFileType = text.plist.xml; path = Info.plist; sourceTree = "<group>"; };
		5E69F4DF1C71CB79005BD985 /* wikiswift-Bridging-Header.h */ = {isa = PBXFileReference; lastKnownFileType = sourcecode.c.h; path = "wikiswift-Bridging-Header.h"; sourceTree = "<group>"; };
		5EA85A871C71C469007213FD /* SourceIcons.xcassets */ = {isa = PBXFileReference; lastKnownFileType = folder.assetcatalog; path = SourceIcons.xcassets; sourceTree = "<group>"; };
		5EEFD3441C71E95300BD4874 /* WMFArticleListTableViewController.swift */ = {isa = PBXFileReference; fileEncoding = 4; lastKnownFileType = sourcecode.swift; path = WMFArticleListTableViewController.swift; sourceTree = "<group>"; };
		5EEFD3481C71E95300BD4874 /* MWKArticle+HTMLImageImport.h */ = {isa = PBXFileReference; fileEncoding = 4; lastKnownFileType = sourcecode.c.h; path = "MWKArticle+HTMLImageImport.h"; sourceTree = "<group>"; };
		5EEFD3491C71E95300BD4874 /* MWKArticle+HTMLImageImport.m */ = {isa = PBXFileReference; fileEncoding = 4; lastKnownFileType = sourcecode.c.objc; path = "MWKArticle+HTMLImageImport.m"; sourceTree = "<group>"; };
		5EEFD34A1C71E95300BD4874 /* MWKArticle.h */ = {isa = PBXFileReference; fileEncoding = 4; lastKnownFileType = sourcecode.c.h; path = MWKArticle.h; sourceTree = "<group>"; };
		5EEFD34B1C71E95300BD4874 /* MWKArticle.m */ = {isa = PBXFileReference; fileEncoding = 4; lastKnownFileType = sourcecode.c.objc; path = MWKArticle.m; sourceTree = "<group>"; };
		5EEFD34C1C71E95300BD4874 /* MWKCitation.h */ = {isa = PBXFileReference; fileEncoding = 4; lastKnownFileType = sourcecode.c.h; path = MWKCitation.h; sourceTree = "<group>"; };
		5EEFD34D1C71E95300BD4874 /* MWKCitation.m */ = {isa = PBXFileReference; fileEncoding = 4; lastKnownFileType = sourcecode.c.objc; path = MWKCitation.m; sourceTree = "<group>"; };
		5EEFD34E1C71E95300BD4874 /* MWKImageList.h */ = {isa = PBXFileReference; fileEncoding = 4; lastKnownFileType = sourcecode.c.h; path = MWKImageList.h; sourceTree = "<group>"; };
		5EEFD34F1C71E95300BD4874 /* MWKImageList.m */ = {isa = PBXFileReference; fileEncoding = 4; lastKnownFileType = sourcecode.c.objc; path = MWKImageList.m; sourceTree = "<group>"; };
		5EEFD3501C71E95300BD4874 /* MWKProtectionStatus.h */ = {isa = PBXFileReference; fileEncoding = 4; lastKnownFileType = sourcecode.c.h; path = MWKProtectionStatus.h; sourceTree = "<group>"; };
		5EEFD3511C71E95300BD4874 /* MWKProtectionStatus.m */ = {isa = PBXFileReference; fileEncoding = 4; lastKnownFileType = sourcecode.c.objc; path = MWKProtectionStatus.m; sourceTree = "<group>"; };
		5EEFD3521C71E95300BD4874 /* MWKSection+HTMLImageExtraction.h */ = {isa = PBXFileReference; fileEncoding = 4; lastKnownFileType = sourcecode.c.h; path = "MWKSection+HTMLImageExtraction.h"; sourceTree = "<group>"; };
		5EEFD3531C71E95300BD4874 /* MWKSection+HTMLImageExtraction.m */ = {isa = PBXFileReference; fileEncoding = 4; lastKnownFileType = sourcecode.c.objc; path = "MWKSection+HTMLImageExtraction.m"; sourceTree = "<group>"; };
		5EEFD3541C71E95300BD4874 /* MWKSection.h */ = {isa = PBXFileReference; fileEncoding = 4; lastKnownFileType = sourcecode.c.h; path = MWKSection.h; sourceTree = "<group>"; };
		5EEFD3551C71E95300BD4874 /* MWKSection.m */ = {isa = PBXFileReference; fileEncoding = 4; lastKnownFileType = sourcecode.c.objc; path = MWKSection.m; sourceTree = "<group>"; };
		5EEFD3561C71E95300BD4874 /* MWKSectionList.h */ = {isa = PBXFileReference; fileEncoding = 4; lastKnownFileType = sourcecode.c.h; path = MWKSectionList.h; sourceTree = "<group>"; };
		5EEFD3571C71E95300BD4874 /* MWKSectionList.m */ = {isa = PBXFileReference; fileEncoding = 4; lastKnownFileType = sourcecode.c.objc; path = MWKSectionList.m; sourceTree = "<group>"; };
		5EEFD3581C71E95300BD4874 /* MWKSectionMetaData.h */ = {isa = PBXFileReference; fileEncoding = 4; lastKnownFileType = sourcecode.c.h; path = MWKSectionMetaData.h; sourceTree = "<group>"; };
		5EEFD3591C71E95300BD4874 /* MWKSectionMetaData.m */ = {isa = PBXFileReference; fileEncoding = 4; lastKnownFileType = sourcecode.c.objc; path = MWKSectionMetaData.m; sourceTree = "<group>"; };
		5EEFD35A1C71E95300BD4874 /* WMFBlockDefinitions.h */ = {isa = PBXFileReference; fileEncoding = 4; lastKnownFileType = sourcecode.c.h; path = WMFBlockDefinitions.h; sourceTree = "<group>"; };
		5EEFD35B1C71E95300BD4874 /* WMFSharing.h */ = {isa = PBXFileReference; fileEncoding = 4; lastKnownFileType = sourcecode.c.h; path = WMFSharing.h; sourceTree = "<group>"; };
		5EEFD35D1C71E95300BD4874 /* MWKHistoryEntry.h */ = {isa = PBXFileReference; fileEncoding = 4; lastKnownFileType = sourcecode.c.h; path = MWKHistoryEntry.h; sourceTree = "<group>"; };
		5EEFD35E1C71E95300BD4874 /* MWKHistoryEntry.m */ = {isa = PBXFileReference; fileEncoding = 4; lastKnownFileType = sourcecode.c.objc; path = MWKHistoryEntry.m; sourceTree = "<group>"; };
		5EEFD35F1C71E95300BD4874 /* MWKHistoryList.h */ = {isa = PBXFileReference; fileEncoding = 4; lastKnownFileType = sourcecode.c.h; path = MWKHistoryList.h; sourceTree = "<group>"; };
		5EEFD3601C71E95300BD4874 /* MWKHistoryList.m */ = {isa = PBXFileReference; fileEncoding = 4; lastKnownFileType = sourcecode.c.objc; path = MWKHistoryList.m; sourceTree = "<group>"; };
		5EEFD3631C71E95300BD4874 /* MWKImage+CanonicalFilenames.h */ = {isa = PBXFileReference; fileEncoding = 4; lastKnownFileType = sourcecode.c.h; path = "MWKImage+CanonicalFilenames.h"; sourceTree = "<group>"; };
		5EEFD3641C71E95300BD4874 /* MWKImage+CanonicalFilenames.m */ = {isa = PBXFileReference; fileEncoding = 4; lastKnownFileType = sourcecode.c.objc; path = "MWKImage+CanonicalFilenames.m"; sourceTree = "<group>"; };
		5EEFD3651C71E95300BD4874 /* MWKImageInfo+MWKImageComparison.h */ = {isa = PBXFileReference; fileEncoding = 4; lastKnownFileType = sourcecode.c.h; path = "MWKImageInfo+MWKImageComparison.h"; sourceTree = "<group>"; };
		5EEFD3661C71E95300BD4874 /* MWKImageInfo+MWKImageComparison.m */ = {isa = PBXFileReference; fileEncoding = 4; lastKnownFileType = sourcecode.c.objc; path = "MWKImageInfo+MWKImageComparison.m"; sourceTree = "<group>"; };
		5EEFD3671C71E95300BD4874 /* MWKImageInfo.h */ = {isa = PBXFileReference; fileEncoding = 4; lastKnownFileType = sourcecode.c.h; path = MWKImageInfo.h; sourceTree = "<group>"; };
		5EEFD3681C71E95300BD4874 /* MWKImageInfo.m */ = {isa = PBXFileReference; fileEncoding = 4; lastKnownFileType = sourcecode.c.objc; path = MWKImageInfo.m; sourceTree = "<group>"; };
		5EEFD3691C71E95300BD4874 /* MWKLicense.h */ = {isa = PBXFileReference; fileEncoding = 4; lastKnownFileType = sourcecode.c.h; path = MWKLicense.h; sourceTree = "<group>"; };
		5EEFD36A1C71E95300BD4874 /* MWKLicense.m */ = {isa = PBXFileReference; fileEncoding = 4; lastKnownFileType = sourcecode.c.objc; path = MWKLicense.m; sourceTree = "<group>"; };
		5EEFD36B1C71E95300BD4874 /* MWKImage.h */ = {isa = PBXFileReference; fileEncoding = 4; lastKnownFileType = sourcecode.c.h; path = MWKImage.h; sourceTree = "<group>"; };
		5EEFD36C1C71E95300BD4874 /* MWKImage.m */ = {isa = PBXFileReference; fileEncoding = 4; lastKnownFileType = sourcecode.c.objc; path = MWKImage.m; sourceTree = "<group>"; };
		5EEFD36F1C71E95300BD4874 /* MWKDataObject.h */ = {isa = PBXFileReference; fileEncoding = 4; lastKnownFileType = sourcecode.c.h; path = MWKDataObject.h; sourceTree = "<group>"; };
		5EEFD3701C71E95300BD4874 /* MWKDataObject.m */ = {isa = PBXFileReference; fileEncoding = 4; lastKnownFileType = sourcecode.c.objc; path = MWKDataObject.m; sourceTree = "<group>"; };
		5EEFD3711C71E95300BD4874 /* MWKDataStoreList.h */ = {isa = PBXFileReference; fileEncoding = 4; lastKnownFileType = sourcecode.c.h; path = MWKDataStoreList.h; sourceTree = "<group>"; };
		5EEFD3721C71E95300BD4874 /* MWKList+Subclass.h */ = {isa = PBXFileReference; fileEncoding = 4; lastKnownFileType = sourcecode.c.h; path = "MWKList+Subclass.h"; sourceTree = "<group>"; };
		5EEFD3731C71E95300BD4874 /* MWKList.h */ = {isa = PBXFileReference; fileEncoding = 4; lastKnownFileType = sourcecode.c.h; path = MWKList.h; sourceTree = "<group>"; };
		5EEFD3741C71E95300BD4874 /* MWKList.m */ = {isa = PBXFileReference; fileEncoding = 4; lastKnownFileType = sourcecode.c.objc; path = MWKList.m; sourceTree = "<group>"; };
		5EEFD3751C71E95300BD4874 /* MWKSiteDataObject.h */ = {isa = PBXFileReference; fileEncoding = 4; lastKnownFileType = sourcecode.c.h; path = MWKSiteDataObject.h; sourceTree = "<group>"; };
		5EEFD3761C71E95300BD4874 /* MWKSiteDataObject.m */ = {isa = PBXFileReference; fileEncoding = 4; lastKnownFileType = sourcecode.c.objc; path = MWKSiteDataObject.m; sourceTree = "<group>"; };
		5EEFD3781C71E95300BD4874 /* MWKArticle+WMFSharing.h */ = {isa = PBXFileReference; fileEncoding = 4; lastKnownFileType = sourcecode.c.h; path = "MWKArticle+WMFSharing.h"; sourceTree = "<group>"; };
		5EEFD3791C71E95300BD4874 /* MWKArticle+WMFSharing.m */ = {isa = PBXFileReference; fileEncoding = 4; lastKnownFileType = sourcecode.c.objc; path = "MWKArticle+WMFSharing.m"; sourceTree = "<group>"; };
		5EEFD37A1C71E95300BD4874 /* MWKLicense+ToGlyph.h */ = {isa = PBXFileReference; fileEncoding = 4; lastKnownFileType = sourcecode.c.h; path = "MWKLicense+ToGlyph.h"; sourceTree = "<group>"; };
		5EEFD37B1C71E95300BD4874 /* MWKLicense+ToGlyph.m */ = {isa = PBXFileReference; fileEncoding = 4; lastKnownFileType = sourcecode.c.objc; path = "MWKLicense+ToGlyph.m"; sourceTree = "<group>"; };
		5EEFD37C1C71E95300BD4874 /* MWKSavedPageList+ImageMigration.h */ = {isa = PBXFileReference; fileEncoding = 4; lastKnownFileType = sourcecode.c.h; path = "MWKSavedPageList+ImageMigration.h"; sourceTree = "<group>"; };
		5EEFD37D1C71E95300BD4874 /* MWKSavedPageList+ImageMigration.m */ = {isa = PBXFileReference; fileEncoding = 4; lastKnownFileType = sourcecode.c.objc; path = "MWKSavedPageList+ImageMigration.m"; sourceTree = "<group>"; };
		5EEFD37E1C71E95300BD4874 /* MWKSavedPageList+ImageMigrationTesting.h */ = {isa = PBXFileReference; fileEncoding = 4; lastKnownFileType = sourcecode.c.h; path = "MWKSavedPageList+ImageMigrationTesting.h"; sourceTree = "<group>"; };
		5EEFD37F1C71E95300BD4874 /* MWKSavedPageList+ImageMigrationTesting.m */ = {isa = PBXFileReference; fileEncoding = 4; lastKnownFileType = sourcecode.c.objc; path = "MWKSavedPageList+ImageMigrationTesting.m"; sourceTree = "<group>"; };
		5EEFD3801C71E95300BD4874 /* MWKSection+DisplayHtml.h */ = {isa = PBXFileReference; fileEncoding = 4; lastKnownFileType = sourcecode.c.h; path = "MWKSection+DisplayHtml.h"; sourceTree = "<group>"; };
		5EEFD3811C71E95300BD4874 /* MWKSection+DisplayHtml.m */ = {isa = PBXFileReference; fileEncoding = 4; lastKnownFileType = sourcecode.c.objc; path = "MWKSection+DisplayHtml.m"; sourceTree = "<group>"; };
		5EEFD3831C71E95300BD4874 /* MWKDataHousekeeping.h */ = {isa = PBXFileReference; fileEncoding = 4; lastKnownFileType = sourcecode.c.h; path = MWKDataHousekeeping.h; sourceTree = "<group>"; };
		5EEFD3841C71E95300BD4874 /* MWKDataHousekeeping.m */ = {isa = PBXFileReference; fileEncoding = 4; lastKnownFileType = sourcecode.c.objc; path = MWKDataHousekeeping.m; sourceTree = "<group>"; };
		5EEFD3851C71E95300BD4874 /* MWKDataStore.h */ = {isa = PBXFileReference; fileEncoding = 4; lastKnownFileType = sourcecode.c.h; path = MWKDataStore.h; sourceTree = "<group>"; };
		5EEFD3861C71E95300BD4874 /* MWKDataStore.m */ = {isa = PBXFileReference; fileEncoding = 4; lastKnownFileType = sourcecode.c.objc; path = MWKDataStore.m; sourceTree = "<group>"; };
		5EEFD3871C71E95300BD4874 /* MWKUserDataStore.h */ = {isa = PBXFileReference; fileEncoding = 4; lastKnownFileType = sourcecode.c.h; path = MWKUserDataStore.h; sourceTree = "<group>"; };
		5EEFD3881C71E95300BD4874 /* MWKUserDataStore.m */ = {isa = PBXFileReference; fileEncoding = 4; lastKnownFileType = sourcecode.c.objc; path = MWKUserDataStore.m; sourceTree = "<group>"; };
		5EEFD3891C71E95300BD4874 /* MediaWikiKit.h */ = {isa = PBXFileReference; fileEncoding = 4; lastKnownFileType = sourcecode.c.h; path = MediaWikiKit.h; sourceTree = "<group>"; };
		5EEFD38B1C71E95300BD4874 /* MWKSite.h */ = {isa = PBXFileReference; fileEncoding = 4; lastKnownFileType = sourcecode.c.h; path = MWKSite.h; sourceTree = "<group>"; };
		5EEFD38C1C71E95300BD4874 /* MWKSite.m */ = {isa = PBXFileReference; fileEncoding = 4; lastKnownFileType = sourcecode.c.objc; path = MWKSite.m; sourceTree = "<group>"; };
		5EEFD38D1C71E95300BD4874 /* MWKSiteInfo.h */ = {isa = PBXFileReference; fileEncoding = 4; lastKnownFileType = sourcecode.c.h; path = MWKSiteInfo.h; sourceTree = "<group>"; };
		5EEFD38E1C71E95300BD4874 /* MWKSiteInfo.m */ = {isa = PBXFileReference; fileEncoding = 4; lastKnownFileType = sourcecode.c.objc; path = MWKSiteInfo.m; sourceTree = "<group>"; };
		5EEFD38F1C71E95300BD4874 /* MWKTitle.h */ = {isa = PBXFileReference; fileEncoding = 4; lastKnownFileType = sourcecode.c.h; path = MWKTitle.h; sourceTree = "<group>"; };
		5EEFD3901C71E95300BD4874 /* MWKTitle.m */ = {isa = PBXFileReference; fileEncoding = 4; lastKnownFileType = sourcecode.c.objc; path = MWKTitle.m; sourceTree = "<group>"; };
		5EEFD3921C71E95300BD4874 /* MWKUser.h */ = {isa = PBXFileReference; fileEncoding = 4; lastKnownFileType = sourcecode.c.h; path = MWKUser.h; sourceTree = "<group>"; };
		5EEFD3931C71E95300BD4874 /* MWKUser.m */ = {isa = PBXFileReference; fileEncoding = 4; lastKnownFileType = sourcecode.c.objc; path = MWKUser.m; sourceTree = "<group>"; };
		5EEFD3951C71E95300BD4874 /* MWKRecentSearchEntry.h */ = {isa = PBXFileReference; fileEncoding = 4; lastKnownFileType = sourcecode.c.h; path = MWKRecentSearchEntry.h; sourceTree = "<group>"; };
		5EEFD3961C71E95300BD4874 /* MWKRecentSearchEntry.m */ = {isa = PBXFileReference; fileEncoding = 4; lastKnownFileType = sourcecode.c.objc; path = MWKRecentSearchEntry.m; sourceTree = "<group>"; };
		5EEFD3971C71E95300BD4874 /* MWKRecentSearchList.h */ = {isa = PBXFileReference; fileEncoding = 4; lastKnownFileType = sourcecode.c.h; path = MWKRecentSearchList.h; sourceTree = "<group>"; };
		5EEFD3981C71E95300BD4874 /* MWKRecentSearchList.m */ = {isa = PBXFileReference; fileEncoding = 4; lastKnownFileType = sourcecode.c.objc; path = MWKRecentSearchList.m; sourceTree = "<group>"; };
		5EEFD39A1C71E95300BD4874 /* MWKSavedPageEntry+ImageMigration.h */ = {isa = PBXFileReference; fileEncoding = 4; lastKnownFileType = sourcecode.c.h; path = "MWKSavedPageEntry+ImageMigration.h"; sourceTree = "<group>"; };
		5EEFD39B1C71E95300BD4874 /* MWKSavedPageEntry.h */ = {isa = PBXFileReference; fileEncoding = 4; lastKnownFileType = sourcecode.c.h; path = MWKSavedPageEntry.h; sourceTree = "<group>"; };
		5EEFD39C1C71E95300BD4874 /* MWKSavedPageEntry.m */ = {isa = PBXFileReference; fileEncoding = 4; lastKnownFileType = sourcecode.c.objc; path = MWKSavedPageEntry.m; sourceTree = "<group>"; };
		5EEFD39D1C71E95300BD4874 /* MWKSavedPageList.h */ = {isa = PBXFileReference; fileEncoding = 4; lastKnownFileType = sourcecode.c.h; path = MWKSavedPageList.h; sourceTree = "<group>"; };
		5EEFD39E1C71E95300BD4874 /* MWKSavedPageList.m */ = {isa = PBXFileReference; fileEncoding = 4; lastKnownFileType = sourcecode.c.objc; path = MWKSavedPageList.m; sourceTree = "<group>"; };
		5EEFD39F1C71E95300BD4874 /* MWKSavedPageListDataExportConstants.h */ = {isa = PBXFileReference; fileEncoding = 4; lastKnownFileType = sourcecode.c.h; path = MWKSavedPageListDataExportConstants.h; sourceTree = "<group>"; };
		5EEFD3A31C71E95300BD4874 /* WMFArticleBrowserViewController.swift */ = {isa = PBXFileReference; fileEncoding = 4; lastKnownFileType = sourcecode.swift; path = WMFArticleBrowserViewController.swift; sourceTree = "<group>"; };
		5EEFD3A41C71E95300BD4874 /* WMFArticleViewController.swift */ = {isa = PBXFileReference; fileEncoding = 4; lastKnownFileType = sourcecode.swift; path = WMFArticleViewController.swift; sourceTree = "<group>"; };
		5EEFD3A51C71E95300BD4874 /* WMFArticleViewController_Private.swift */ = {isa = PBXFileReference; fileEncoding = 4; lastKnownFileType = sourcecode.swift; path = WMFArticleViewController_Private.swift; sourceTree = "<group>"; };
		5EEFD3A71C71E95300BD4874 /* WMFExploreViewController.swift */ = {isa = PBXFileReference; fileEncoding = 4; lastKnownFileType = sourcecode.swift; path = WMFExploreViewController.swift; sourceTree = "<group>"; };
		5EEFD3A91C71E95300BD4874 /* WMFHistoryTableViewController.swift */ = {isa = PBXFileReference; fileEncoding = 4; lastKnownFileType = sourcecode.swift; path = WMFHistoryTableViewController.swift; sourceTree = "<group>"; };
		5EEFD3AB1C71E95300BD4874 /* WMFSavedArticleTableViewController.swift */ = {isa = PBXFileReference; fileEncoding = 4; lastKnownFileType = sourcecode.swift; path = WMFSavedArticleTableViewController.swift; sourceTree = "<group>"; };
		6C3DFF3A693F27D94BB2B4B1 /* Pods-wikiswiftTests.release.xcconfig */ = {isa = PBXFileReference; includeInIndex = 1; lastKnownFileType = text.xcconfig; name = "Pods-wikiswiftTests.release.xcconfig"; path = "Pods/Target Support Files/Pods-wikiswiftTests/Pods-wikiswiftTests.release.xcconfig"; sourceTree = "<group>"; };
		7AD6F7AE310D363C3B46E3A9 /* Pods.release.xcconfig */ = {isa = PBXFileReference; includeInIndex = 1; lastKnownFileType = text.xcconfig; name = Pods.release.xcconfig; path = "Pods/Target Support Files/Pods/Pods.release.xcconfig"; sourceTree = "<group>"; };
		86AE8DED36FC7CDA31B4C11D /* Pods.debug.xcconfig */ = {isa = PBXFileReference; includeInIndex = 1; lastKnownFileType = text.xcconfig; name = Pods.debug.xcconfig; path = "Pods/Target Support Files/Pods/Pods.debug.xcconfig"; sourceTree = "<group>"; };
		8951428FFD4FF60CECF40299 /* Pods-wikiswiftTests.debug.xcconfig */ = {isa = PBXFileReference; includeInIndex = 1; lastKnownFileType = text.xcconfig; name = "Pods-wikiswiftTests.debug.xcconfig"; path = "Pods/Target Support Files/Pods-wikiswiftTests/Pods-wikiswiftTests.debug.xcconfig"; sourceTree = "<group>"; };
		9B9FC9498D1BE0CE96DBA9C3 /* Pods.framework */ = {isa = PBXFileReference; explicitFileType = wrapper.framework; includeInIndex = 0; path = Pods.framework; sourceTree = BUILT_PRODUCTS_DIR; };
		D6E670567AFAC4C7EAE373F4 /* Pods_wikiswiftTests.framework */ = {isa = PBXFileReference; explicitFileType = wrapper.framework; includeInIndex = 0; path = Pods_wikiswiftTests.framework; sourceTree = BUILT_PRODUCTS_DIR; };
/* End PBXFileReference section */

/* Begin PBXFrameworksBuildPhase section */
		5E3452AF1C71924C007D3D11 /* Frameworks */ = {
			isa = PBXFrameworksBuildPhase;
			buildActionMask = 2147483647;
			files = (
				3FED80C12686AC19C1A32304 /* Pods.framework in Frameworks */,
			);
			runOnlyForDeploymentPostprocessing = 0;
		};
		5E3452C31C71924D007D3D11 /* Frameworks */ = {
			isa = PBXFrameworksBuildPhase;
			buildActionMask = 2147483647;
			files = (
				D605222B363BB39935B0C1DE /* Pods_wikiswiftTests.framework in Frameworks */,
			);
			runOnlyForDeploymentPostprocessing = 0;
		};
		5E3452CE1C71924D007D3D11 /* Frameworks */ = {
			isa = PBXFrameworksBuildPhase;
			buildActionMask = 2147483647;
			files = (
			);
			runOnlyForDeploymentPostprocessing = 0;
		};
/* End PBXFrameworksBuildPhase section */

/* Begin PBXGroup section */
		5E3452A91C71924C007D3D11 = {
			isa = PBXGroup;
			children = (
				5E3452B41C71924C007D3D11 /* wikiswift */,
				5E3452C91C71924D007D3D11 /* wikiswiftTests */,
				5E3452D41C71924D007D3D11 /* wikiswiftUITests */,
				5E3452B31C71924C007D3D11 /* Products */,
				B55E9F63B909373FFBDB541A /* Pods */,
				B034C0FFE268BB8E89EFBFE3 /* Frameworks */,
			);
			sourceTree = "<group>";
		};
		5E3452B31C71924C007D3D11 /* Products */ = {
			isa = PBXGroup;
			children = (
				5E3452B21C71924C007D3D11 /* wikiswift.app */,
				5E3452C61C71924D007D3D11 /* wikiswiftTests.xctest */,
				5E3452D11C71924D007D3D11 /* wikiswiftUITests.xctest */,
			);
			name = Products;
			sourceTree = "<group>";
		};
		5E3452B41C71924C007D3D11 /* wikiswift */ = {
			isa = PBXGroup;
			children = (
				5EEFD3401C71E95300BD4874 /* Business_Layout */,
				5E69F5301C71CBBB005BD985 /* Supporting Files */,
				5E3452B51C71924C007D3D11 /* AppDelegate.swift */,
				5E3452B71C71924C007D3D11 /* ViewController.swift */,
				5E3452B91C71924C007D3D11 /* Main.storyboard */,
				5E3452BC1C71924C007D3D11 /* Assets.xcassets */,
				5E3452BE1C71924C007D3D11 /* LaunchScreen.storyboard */,
				5EA85A871C71C469007213FD /* SourceIcons.xcassets */,
			);
			path = wikiswift;
			sourceTree = "<group>";
		};
		5E3452C91C71924D007D3D11 /* wikiswiftTests */ = {
			isa = PBXGroup;
			children = (
				5E3452CA1C71924D007D3D11 /* wikiswiftTests.swift */,
				5E3452CC1C71924D007D3D11 /* Info.plist */,
			);
			path = wikiswiftTests;
			sourceTree = "<group>";
		};
		5E3452D41C71924D007D3D11 /* wikiswiftUITests */ = {
			isa = PBXGroup;
			children = (
				5E3452D51C71924D007D3D11 /* wikiswiftUITests.swift */,
				5E3452D71C71924D007D3D11 /* Info.plist */,
			);
			path = wikiswiftUITests;
			sourceTree = "<group>";
		};
		5E69F5301C71CBBB005BD985 /* Supporting Files */ = {
			isa = PBXGroup;
			children = (
				5E3452C11C71924C007D3D11 /* Info.plist */,
				5E69F4DF1C71CB79005BD985 /* wikiswift-Bridging-Header.h */,
			);
			name = "Supporting Files";
			sourceTree = "<group>";
		};
		5EEFD3401C71E95300BD4874 /* Business_Layout */ = {
			isa = PBXGroup;
			children = (
				5EEFD3411C71E95300BD4874 /* Common */,
				5EEFD3A01C71E95300BD4874 /* Features */,
			);
			path = Business_Layout;
			sourceTree = "<group>";
		};
		5EEFD3411C71E95300BD4874 /* Common */ = {
			isa = PBXGroup;
			children = (
				5EEFD3421C71E95300BD4874 /* ArticleList */,
				5EEFD3451C71E95300BD4874 /* Model */,
			);
			path = Common;
			sourceTree = "<group>";
		};
		5EEFD3421C71E95300BD4874 /* ArticleList */ = {
			isa = PBXGroup;
			children = (
				5EEFD3431C71E95300BD4874 /* Cells */,
				5EEFD3441C71E95300BD4874 /* WMFArticleListTableViewController.swift */,
			);
			path = ArticleList;
			sourceTree = "<group>";
		};
		5EEFD3431C71E95300BD4874 /* Cells */ = {
			isa = PBXGroup;
			children = (
			);
			path = Cells;
			sourceTree = "<group>";
		};
		5EEFD3451C71E95300BD4874 /* Model */ = {
			isa = PBXGroup;
			children = (
				5EEFD3461C71E95300BD4874 /* Article */,
				5EEFD35C1C71E95300BD4874 /* History */,
				5EEFD3611C71E95300BD4874 /* Images */,
				5EEFD36D1C71E95300BD4874 /* MediaWikiKit */,
				5EEFD3941C71E95300BD4874 /* RecentSearches */,
				5EEFD3991C71E95300BD4874 /* SavedPages */,
			);
			path = Model;
			sourceTree = "<group>";
		};
		5EEFD3461C71E95300BD4874 /* Article */ = {
			isa = PBXGroup;
			children = (
				5EEFD3471C71E95300BD4874 /* Model */,
				5EEFD35A1C71E95300BD4874 /* WMFBlockDefinitions.h */,
				5EEFD35B1C71E95300BD4874 /* WMFSharing.h */,
			);
			path = Article;
			sourceTree = "<group>";
		};
		5EEFD3471C71E95300BD4874 /* Model */ = {
			isa = PBXGroup;
			children = (
				5EEFD3481C71E95300BD4874 /* MWKArticle+HTMLImageImport.h */,
				5EEFD3491C71E95300BD4874 /* MWKArticle+HTMLImageImport.m */,
				5EEFD34A1C71E95300BD4874 /* MWKArticle.h */,
				5EEFD34B1C71E95300BD4874 /* MWKArticle.m */,
				5EEFD34C1C71E95300BD4874 /* MWKCitation.h */,
				5EEFD34D1C71E95300BD4874 /* MWKCitation.m */,
				5EEFD34E1C71E95300BD4874 /* MWKImageList.h */,
				5EEFD34F1C71E95300BD4874 /* MWKImageList.m */,
				5EEFD3501C71E95300BD4874 /* MWKProtectionStatus.h */,
				5EEFD3511C71E95300BD4874 /* MWKProtectionStatus.m */,
				5EEFD3521C71E95300BD4874 /* MWKSection+HTMLImageExtraction.h */,
				5EEFD3531C71E95300BD4874 /* MWKSection+HTMLImageExtraction.m */,
				5EEFD3541C71E95300BD4874 /* MWKSection.h */,
				5EEFD3551C71E95300BD4874 /* MWKSection.m */,
				5EEFD3561C71E95300BD4874 /* MWKSectionList.h */,
				5EEFD3571C71E95300BD4874 /* MWKSectionList.m */,
				5EEFD3581C71E95300BD4874 /* MWKSectionMetaData.h */,
				5EEFD3591C71E95300BD4874 /* MWKSectionMetaData.m */,
			);
			path = Model;
			sourceTree = "<group>";
		};
		5EEFD35C1C71E95300BD4874 /* History */ = {
			isa = PBXGroup;
			children = (
				5EEFD35D1C71E95300BD4874 /* MWKHistoryEntry.h */,
				5EEFD35E1C71E95300BD4874 /* MWKHistoryEntry.m */,
				5EEFD35F1C71E95300BD4874 /* MWKHistoryList.h */,
				5EEFD3601C71E95300BD4874 /* MWKHistoryList.m */,
			);
			path = History;
			sourceTree = "<group>";
		};
		5EEFD3611C71E95300BD4874 /* Images */ = {
			isa = PBXGroup;
			children = (
				5EEFD3621C71E95300BD4874 /* ImageInfo */,
				5EEFD36B1C71E95300BD4874 /* MWKImage.h */,
				5EEFD36C1C71E95300BD4874 /* MWKImage.m */,
			);
			path = Images;
			sourceTree = "<group>";
		};
		5EEFD3621C71E95300BD4874 /* ImageInfo */ = {
			isa = PBXGroup;
			children = (
				5EEFD3631C71E95300BD4874 /* MWKImage+CanonicalFilenames.h */,
				5EEFD3641C71E95300BD4874 /* MWKImage+CanonicalFilenames.m */,
				5EEFD3651C71E95300BD4874 /* MWKImageInfo+MWKImageComparison.h */,
				5EEFD3661C71E95300BD4874 /* MWKImageInfo+MWKImageComparison.m */,
				5EEFD3671C71E95300BD4874 /* MWKImageInfo.h */,
				5EEFD3681C71E95300BD4874 /* MWKImageInfo.m */,
				5EEFD3691C71E95300BD4874 /* MWKLicense.h */,
				5EEFD36A1C71E95300BD4874 /* MWKLicense.m */,
			);
			path = ImageInfo;
			sourceTree = "<group>";
		};
		5EEFD36D1C71E95300BD4874 /* MediaWikiKit */ = {
			isa = PBXGroup;
			children = (
				5EEFD36E1C71E95300BD4874 /* Baseclasses */,
				5EEFD3771C71E95300BD4874 /* Categories */,
				5EEFD3821C71E95300BD4874 /* DataStore */,
				5EEFD3891C71E95300BD4874 /* MediaWikiKit.h */,
				5EEFD38A1C71E95300BD4874 /* Metadata */,
				5EEFD3911C71E95300BD4874 /* User */,
			);
			path = MediaWikiKit;
			sourceTree = "<group>";
		};
		5EEFD36E1C71E95300BD4874 /* Baseclasses */ = {
			isa = PBXGroup;
			children = (
				5EEFD36F1C71E95300BD4874 /* MWKDataObject.h */,
				5EEFD3701C71E95300BD4874 /* MWKDataObject.m */,
				5EEFD3711C71E95300BD4874 /* MWKDataStoreList.h */,
				5EEFD3721C71E95300BD4874 /* MWKList+Subclass.h */,
				5EEFD3731C71E95300BD4874 /* MWKList.h */,
				5EEFD3741C71E95300BD4874 /* MWKList.m */,
				5EEFD3751C71E95300BD4874 /* MWKSiteDataObject.h */,
				5EEFD3761C71E95300BD4874 /* MWKSiteDataObject.m */,
			);
			path = Baseclasses;
			sourceTree = "<group>";
		};
		5EEFD3771C71E95300BD4874 /* Categories */ = {
			isa = PBXGroup;
			children = (
				5EEFD3781C71E95300BD4874 /* MWKArticle+WMFSharing.h */,
				5EEFD3791C71E95300BD4874 /* MWKArticle+WMFSharing.m */,
				5EEFD37A1C71E95300BD4874 /* MWKLicense+ToGlyph.h */,
				5EEFD37B1C71E95300BD4874 /* MWKLicense+ToGlyph.m */,
				5EEFD37C1C71E95300BD4874 /* MWKSavedPageList+ImageMigration.h */,
				5EEFD37D1C71E95300BD4874 /* MWKSavedPageList+ImageMigration.m */,
				5EEFD37E1C71E95300BD4874 /* MWKSavedPageList+ImageMigrationTesting.h */,
				5EEFD37F1C71E95300BD4874 /* MWKSavedPageList+ImageMigrationTesting.m */,
				5EEFD3801C71E95300BD4874 /* MWKSection+DisplayHtml.h */,
				5EEFD3811C71E95300BD4874 /* MWKSection+DisplayHtml.m */,
			);
			path = Categories;
			sourceTree = "<group>";
		};
		5EEFD3821C71E95300BD4874 /* DataStore */ = {
			isa = PBXGroup;
			children = (
				5EEFD3831C71E95300BD4874 /* MWKDataHousekeeping.h */,
				5EEFD3841C71E95300BD4874 /* MWKDataHousekeeping.m */,
				5EEFD3851C71E95300BD4874 /* MWKDataStore.h */,
				5EEFD3861C71E95300BD4874 /* MWKDataStore.m */,
				5EEFD3871C71E95300BD4874 /* MWKUserDataStore.h */,
				5EEFD3881C71E95300BD4874 /* MWKUserDataStore.m */,
			);
			path = DataStore;
			sourceTree = "<group>";
		};
		5EEFD38A1C71E95300BD4874 /* Metadata */ = {
			isa = PBXGroup;
			children = (
				5EEFD38B1C71E95300BD4874 /* MWKSite.h */,
				5EEFD38C1C71E95300BD4874 /* MWKSite.m */,
				5EEFD38D1C71E95300BD4874 /* MWKSiteInfo.h */,
				5EEFD38E1C71E95300BD4874 /* MWKSiteInfo.m */,
				5EEFD38F1C71E95300BD4874 /* MWKTitle.h */,
				5EEFD3901C71E95300BD4874 /* MWKTitle.m */,
			);
			path = Metadata;
			sourceTree = "<group>";
		};
		5EEFD3911C71E95300BD4874 /* User */ = {
			isa = PBXGroup;
			children = (
				5EEFD3921C71E95300BD4874 /* MWKUser.h */,
				5EEFD3931C71E95300BD4874 /* MWKUser.m */,
			);
			path = User;
			sourceTree = "<group>";
		};
		5EEFD3941C71E95300BD4874 /* RecentSearches */ = {
			isa = PBXGroup;
			children = (
				5EEFD3951C71E95300BD4874 /* MWKRecentSearchEntry.h */,
				5EEFD3961C71E95300BD4874 /* MWKRecentSearchEntry.m */,
				5EEFD3971C71E95300BD4874 /* MWKRecentSearchList.h */,
				5EEFD3981C71E95300BD4874 /* MWKRecentSearchList.m */,
			);
			path = RecentSearches;
			sourceTree = "<group>";
		};
		5EEFD3991C71E95300BD4874 /* SavedPages */ = {
			isa = PBXGroup;
			children = (
				5EEFD39A1C71E95300BD4874 /* MWKSavedPageEntry+ImageMigration.h */,
				5EEFD39B1C71E95300BD4874 /* MWKSavedPageEntry.h */,
				5EEFD39C1C71E95300BD4874 /* MWKSavedPageEntry.m */,
				5EEFD39D1C71E95300BD4874 /* MWKSavedPageList.h */,
				5EEFD39E1C71E95300BD4874 /* MWKSavedPageList.m */,
				5EEFD39F1C71E95300BD4874 /* MWKSavedPageListDataExportConstants.h */,
			);
			path = SavedPages;
			sourceTree = "<group>";
		};
		5EEFD3A01C71E95300BD4874 /* Features */ = {
			isa = PBXGroup;
			children = (
				5EEFD3A11C71E95300BD4874 /* Article */,
				5EEFD3A61C71E95300BD4874 /* Explore */,
				5EEFD3A81C71E95300BD4874 /* Histroy */,
				5EEFD3AA1C71E95300BD4874 /* SavedPages */,
			);
			path = Features;
			sourceTree = "<group>";
		};
		5EEFD3A11C71E95300BD4874 /* Article */ = {
			isa = PBXGroup;
			children = (
				5EEFD3A21C71E95300BD4874 /* ArticleComponents */,
				5EEFD3A31C71E95300BD4874 /* WMFArticleBrowserViewController.swift */,
				5EEFD3A41C71E95300BD4874 /* WMFArticleViewController.swift */,
				5EEFD3A51C71E95300BD4874 /* WMFArticleViewController_Private.swift */,
			);
			path = Article;
			sourceTree = "<group>";
		};
		5EEFD3A21C71E95300BD4874 /* ArticleComponents */ = {
			isa = PBXGroup;
			children = (
			);
			path = ArticleComponents;
			sourceTree = "<group>";
		};
		5EEFD3A61C71E95300BD4874 /* Explore */ = {
			isa = PBXGroup;
			children = (
				5EEFD3A71C71E95300BD4874 /* WMFExploreViewController.swift */,
			);
			path = Explore;
			sourceTree = "<group>";
		};
		5EEFD3A81C71E95300BD4874 /* Histroy */ = {
			isa = PBXGroup;
			children = (
				5EEFD3A91C71E95300BD4874 /* WMFHistoryTableViewController.swift */,
			);
			path = Histroy;
			sourceTree = "<group>";
		};
		5EEFD3AA1C71E95300BD4874 /* SavedPages */ = {
			isa = PBXGroup;
			children = (
				5EEFD3AB1C71E95300BD4874 /* WMFSavedArticleTableViewController.swift */,
			);
			path = SavedPages;
			sourceTree = "<group>";
		};
		B034C0FFE268BB8E89EFBFE3 /* Frameworks */ = {
			isa = PBXGroup;
			children = (
				9B9FC9498D1BE0CE96DBA9C3 /* Pods.framework */,
				D6E670567AFAC4C7EAE373F4 /* Pods_wikiswiftTests.framework */,
			);
			name = Frameworks;
			sourceTree = "<group>";
		};
		B55E9F63B909373FFBDB541A /* Pods */ = {
			isa = PBXGroup;
			children = (
				86AE8DED36FC7CDA31B4C11D /* Pods.debug.xcconfig */,
				7AD6F7AE310D363C3B46E3A9 /* Pods.release.xcconfig */,
				8951428FFD4FF60CECF40299 /* Pods-wikiswiftTests.debug.xcconfig */,
				6C3DFF3A693F27D94BB2B4B1 /* Pods-wikiswiftTests.release.xcconfig */,
			);
			name = Pods;
			sourceTree = "<group>";
		};
/* End PBXGroup section */

/* Begin PBXNativeTarget section */
		5E3452B11C71924C007D3D11 /* wikiswift */ = {
			isa = PBXNativeTarget;
			buildConfigurationList = 5E3452DA1C71924D007D3D11 /* Build configuration list for PBXNativeTarget "wikiswift" */;
			buildPhases = (
				2F2DD9D89510705DFEBCFBE5 /* Check Pods Manifest.lock */,
				5E3452AE1C71924C007D3D11 /* Sources */,
				5E3452AF1C71924C007D3D11 /* Frameworks */,
				5E3452B01C71924C007D3D11 /* Resources */,
				BC04400F24CFA883647444F2 /* Embed Pods Frameworks */,
				0B341C1961FC090742770817 /* Copy Pods Resources */,
			);
			buildRules = (
			);
			dependencies = (
			);
			name = wikiswift;
			productName = wikiswift;
			productReference = 5E3452B21C71924C007D3D11 /* wikiswift.app */;
			productType = "com.apple.product-type.application";
		};
		5E3452C51C71924D007D3D11 /* wikiswiftTests */ = {
			isa = PBXNativeTarget;
			buildConfigurationList = 5E3452DD1C71924D007D3D11 /* Build configuration list for PBXNativeTarget "wikiswiftTests" */;
			buildPhases = (
				71F430FB8413DFFA62936DDD /* Check Pods Manifest.lock */,
				5E3452C21C71924D007D3D11 /* Sources */,
				5E3452C31C71924D007D3D11 /* Frameworks */,
				5E3452C41C71924D007D3D11 /* Resources */,
				F8C25543B6EB75BE41B2C9FD /* Embed Pods Frameworks */,
				DCA2696DB0D80D2E06BDB91F /* Copy Pods Resources */,
			);
			buildRules = (
			);
			dependencies = (
				5E3452C81C71924D007D3D11 /* PBXTargetDependency */,
			);
			name = wikiswiftTests;
			productName = wikiswiftTests;
			productReference = 5E3452C61C71924D007D3D11 /* wikiswiftTests.xctest */;
			productType = "com.apple.product-type.bundle.unit-test";
		};
		5E3452D01C71924D007D3D11 /* wikiswiftUITests */ = {
			isa = PBXNativeTarget;
			buildConfigurationList = 5E3452E01C71924D007D3D11 /* Build configuration list for PBXNativeTarget "wikiswiftUITests" */;
			buildPhases = (
				5E3452CD1C71924D007D3D11 /* Sources */,
				5E3452CE1C71924D007D3D11 /* Frameworks */,
				5E3452CF1C71924D007D3D11 /* Resources */,
			);
			buildRules = (
			);
			dependencies = (
				5E3452D31C71924D007D3D11 /* PBXTargetDependency */,
			);
			name = wikiswiftUITests;
			productName = wikiswiftUITests;
			productReference = 5E3452D11C71924D007D3D11 /* wikiswiftUITests.xctest */;
			productType = "com.apple.product-type.bundle.ui-testing";
		};
/* End PBXNativeTarget section */

/* Begin PBXProject section */
		5E3452AA1C71924C007D3D11 /* Project object */ = {
			isa = PBXProject;
			attributes = {
				LastSwiftUpdateCheck = 0720;
				LastUpgradeCheck = 0720;
				ORGANIZATIONNAME = djzhang;
				TargetAttributes = {
					5E3452B11C71924C007D3D11 = {
						CreatedOnToolsVersion = 7.2;
						DevelopmentTeam = 5C786P6JQH;
					};
					5E3452C51C71924D007D3D11 = {
						CreatedOnToolsVersion = 7.2;
						DevelopmentTeam = 5C786P6JQH;
						TestTargetID = 5E3452B11C71924C007D3D11;
					};
					5E3452D01C71924D007D3D11 = {
						CreatedOnToolsVersion = 7.2;
						DevelopmentTeam = 5C786P6JQH;
						TestTargetID = 5E3452B11C71924C007D3D11;
					};
				};
			};
			buildConfigurationList = 5E3452AD1C71924C007D3D11 /* Build configuration list for PBXProject "wikiswift" */;
			compatibilityVersion = "Xcode 3.2";
			developmentRegion = English;
			hasScannedForEncodings = 0;
			knownRegions = (
				en,
				Base,
			);
			mainGroup = 5E3452A91C71924C007D3D11;
			productRefGroup = 5E3452B31C71924C007D3D11 /* Products */;
			projectDirPath = "";
			projectRoot = "";
			targets = (
				5E3452B11C71924C007D3D11 /* wikiswift */,
				5E3452C51C71924D007D3D11 /* wikiswiftTests */,
				5E3452D01C71924D007D3D11 /* wikiswiftUITests */,
			);
		};
/* End PBXProject section */

/* Begin PBXResourcesBuildPhase section */
		5E3452B01C71924C007D3D11 /* Resources */ = {
			isa = PBXResourcesBuildPhase;
			buildActionMask = 2147483647;
			files = (
				5E3452C01C71924C007D3D11 /* LaunchScreen.storyboard in Resources */,
				5EA85A881C71C469007213FD /* SourceIcons.xcassets in Resources */,
				5E3452BD1C71924C007D3D11 /* Assets.xcassets in Resources */,
				5E3452BB1C71924C007D3D11 /* Main.storyboard in Resources */,
			);
			runOnlyForDeploymentPostprocessing = 0;
		};
		5E3452C41C71924D007D3D11 /* Resources */ = {
			isa = PBXResourcesBuildPhase;
			buildActionMask = 2147483647;
			files = (
			);
			runOnlyForDeploymentPostprocessing = 0;
		};
		5E3452CF1C71924D007D3D11 /* Resources */ = {
			isa = PBXResourcesBuildPhase;
			buildActionMask = 2147483647;
			files = (
			);
			runOnlyForDeploymentPostprocessing = 0;
		};
/* End PBXResourcesBuildPhase section */

/* Begin PBXShellScriptBuildPhase section */
		0B341C1961FC090742770817 /* Copy Pods Resources */ = {
			isa = PBXShellScriptBuildPhase;
			buildActionMask = 2147483647;
			files = (
			);
			inputPaths = (
			);
			name = "Copy Pods Resources";
			outputPaths = (
			);
			runOnlyForDeploymentPostprocessing = 0;
			shellPath = /bin/sh;
			shellScript = "\"${SRCROOT}/Pods/Target Support Files/Pods/Pods-resources.sh\"\n";
			showEnvVarsInLog = 0;
		};
		2F2DD9D89510705DFEBCFBE5 /* Check Pods Manifest.lock */ = {
			isa = PBXShellScriptBuildPhase;
			buildActionMask = 2147483647;
			files = (
			);
			inputPaths = (
			);
			name = "Check Pods Manifest.lock";
			outputPaths = (
			);
			runOnlyForDeploymentPostprocessing = 0;
			shellPath = /bin/sh;
			shellScript = "diff \"${PODS_ROOT}/../Podfile.lock\" \"${PODS_ROOT}/Manifest.lock\" > /dev/null\nif [[ $? != 0 ]] ; then\n    cat << EOM\nerror: The sandbox is not in sync with the Podfile.lock. Run 'pod install' or update your CocoaPods installation.\nEOM\n    exit 1\nfi\n";
			showEnvVarsInLog = 0;
		};
		71F430FB8413DFFA62936DDD /* Check Pods Manifest.lock */ = {
			isa = PBXShellScriptBuildPhase;
			buildActionMask = 2147483647;
			files = (
			);
			inputPaths = (
			);
			name = "Check Pods Manifest.lock";
			outputPaths = (
			);
			runOnlyForDeploymentPostprocessing = 0;
			shellPath = /bin/sh;
			shellScript = "diff \"${PODS_ROOT}/../Podfile.lock\" \"${PODS_ROOT}/Manifest.lock\" > /dev/null\nif [[ $? != 0 ]] ; then\n    cat << EOM\nerror: The sandbox is not in sync with the Podfile.lock. Run 'pod install' or update your CocoaPods installation.\nEOM\n    exit 1\nfi\n";
			showEnvVarsInLog = 0;
		};
		BC04400F24CFA883647444F2 /* Embed Pods Frameworks */ = {
			isa = PBXShellScriptBuildPhase;
			buildActionMask = 2147483647;
			files = (
			);
			inputPaths = (
			);
			name = "Embed Pods Frameworks";
			outputPaths = (
			);
			runOnlyForDeploymentPostprocessing = 0;
			shellPath = /bin/sh;
			shellScript = "\"${SRCROOT}/Pods/Target Support Files/Pods/Pods-frameworks.sh\"\n";
			showEnvVarsInLog = 0;
		};
		DCA2696DB0D80D2E06BDB91F /* Copy Pods Resources */ = {
			isa = PBXShellScriptBuildPhase;
			buildActionMask = 2147483647;
			files = (
			);
			inputPaths = (
			);
			name = "Copy Pods Resources";
			outputPaths = (
			);
			runOnlyForDeploymentPostprocessing = 0;
			shellPath = /bin/sh;
			shellScript = "\"${SRCROOT}/Pods/Target Support Files/Pods-wikiswiftTests/Pods-wikiswiftTests-resources.sh\"\n";
			showEnvVarsInLog = 0;
		};
		F8C25543B6EB75BE41B2C9FD /* Embed Pods Frameworks */ = {
			isa = PBXShellScriptBuildPhase;
			buildActionMask = 2147483647;
			files = (
			);
			inputPaths = (
			);
			name = "Embed Pods Frameworks";
			outputPaths = (
			);
			runOnlyForDeploymentPostprocessing = 0;
			shellPath = /bin/sh;
			shellScript = "\"${SRCROOT}/Pods/Target Support Files/Pods-wikiswiftTests/Pods-wikiswiftTests-frameworks.sh\"\n";
			showEnvVarsInLog = 0;
		};
/* End PBXShellScriptBuildPhase section */

/* Begin PBXSourcesBuildPhase section */
		5E3452AE1C71924C007D3D11 /* Sources */ = {
			isa = PBXSourcesBuildPhase;
			buildActionMask = 2147483647;
			files = (
				5EEFD3BC1C71E95300BD4874 /* MWKImage.m in Sources */,
				5EEFD3C01C71E95300BD4874 /* MWKArticle+WMFSharing.m in Sources */,
				5EEFD3CB1C71E95300BD4874 /* MWKUser.m in Sources */,
				5EEFD3D51C71E95300BD4874 /* WMFSavedArticleTableViewController.swift in Sources */,
				5EEFD3C41C71E95300BD4874 /* MWKSection+DisplayHtml.m in Sources */,
				5EEFD3BF1C71E95300BD4874 /* MWKSiteDataObject.m in Sources */,
				5EEFD3C11C71E95300BD4874 /* MWKLicense+ToGlyph.m in Sources */,
				5EEFD3B01C71E95300BD4874 /* MWKImageList.m in Sources */,
				5EEFD3B61C71E95300BD4874 /* MWKHistoryEntry.m in Sources */,
				5EEFD3AD1C71E95300BD4874 /* MWKArticle+HTMLImageImport.m in Sources */,
				5EEFD3C51C71E95300BD4874 /* MWKDataHousekeeping.m in Sources */,
				5EEFD3BE1C71E95300BD4874 /* MWKList.m in Sources */,
				5EEFD3C71C71E95300BD4874 /* MWKUserDataStore.m in Sources */,
				5EEFD3CA1C71E95300BD4874 /* MWKTitle.m in Sources */,
				5EEFD3BB1C71E95300BD4874 /* MWKLicense.m in Sources */,
				5EEFD3B11C71E95300BD4874 /* MWKProtectionStatus.m in Sources */,
				5EEFD3C31C71E95300BD4874 /* MWKSavedPageList+ImageMigrationTesting.m in Sources */,
				5EEFD3CF1C71E95300BD4874 /* MWKSavedPageList.m in Sources */,
				5EEFD3D01C71E95300BD4874 /* WMFArticleBrowserViewController.swift in Sources */,
				5EEFD3B71C71E95300BD4874 /* MWKHistoryList.m in Sources */,
				5EEFD3C81C71E95300BD4874 /* MWKSite.m in Sources */,
				5EEFD3CD1C71E95300BD4874 /* MWKRecentSearchList.m in Sources */,
				5EEFD3B41C71E95300BD4874 /* MWKSectionList.m in Sources */,
				5EEFD3B91C71E95300BD4874 /* MWKImageInfo+MWKImageComparison.m in Sources */,
				5EEFD3B51C71E95300BD4874 /* MWKSectionMetaData.m in Sources */,
				5EEFD3B81C71E95300BD4874 /* MWKImage+CanonicalFilenames.m in Sources */,
				5EEFD3AC1C71E95300BD4874 /* WMFArticleListTableViewController.swift in Sources */,
				5EEFD3CE1C71E95300BD4874 /* MWKSavedPageEntry.m in Sources */,
				5EEFD3AF1C71E95300BD4874 /* MWKCitation.m in Sources */,
				5EEFD3C21C71E95300BD4874 /* MWKSavedPageList+ImageMigration.m in Sources */,
				5EEFD3AE1C71E95300BD4874 /* MWKArticle.m in Sources */,
				5EEFD3D11C71E95300BD4874 /* WMFArticleViewController.swift in Sources */,
				5EEFD3C91C71E95300BD4874 /* MWKSiteInfo.m in Sources */,
				5EEFD3C61C71E95300BD4874 /* MWKDataStore.m in Sources */,
				5EEFD3D31C71E95300BD4874 /* WMFExploreViewController.swift in Sources */,
				5EEFD3D21C71E95300BD4874 /* WMFArticleViewController_Private.swift in Sources */,
				5EEFD3BD1C71E95300BD4874 /* MWKDataObject.m in Sources */,
				5EEFD3D41C71E95300BD4874 /* WMFHistoryTableViewController.swift in Sources */,
				5EEFD3BA1C71E95300BD4874 /* MWKImageInfo.m in Sources */,
				5E3452B81C71924C007D3D11 /* ViewController.swift in Sources */,
				5EEFD3B31C71E95300BD4874 /* MWKSection.m in Sources */,
				5E3452B61C71924C007D3D11 /* AppDelegate.swift in Sources */,
				5EEFD3B21C71E95300BD4874 /* MWKSection+HTMLImageExtraction.m in Sources */,
				5EEFD3CC1C71E95300BD4874 /* MWKRecentSearchEntry.m in Sources */,
			);
			runOnlyForDeploymentPostprocessing = 0;
		};
		5E3452C21C71924D007D3D11 /* Sources */ = {
			isa = PBXSourcesBuildPhase;
			buildActionMask = 2147483647;
			files = (
				5E3452CB1C71924D007D3D11 /* wikiswiftTests.swift in Sources */,
			);
			runOnlyForDeploymentPostprocessing = 0;
		};
		5E3452CD1C71924D007D3D11 /* Sources */ = {
			isa = PBXSourcesBuildPhase;
			buildActionMask = 2147483647;
			files = (
				5E3452D61C71924D007D3D11 /* wikiswiftUITests.swift in Sources */,
			);
			runOnlyForDeploymentPostprocessing = 0;
		};
/* End PBXSourcesBuildPhase section */

/* Begin PBXTargetDependency section */
		5E3452C81C71924D007D3D11 /* PBXTargetDependency */ = {
			isa = PBXTargetDependency;
			target = 5E3452B11C71924C007D3D11 /* wikiswift */;
			targetProxy = 5E3452C71C71924D007D3D11 /* PBXContainerItemProxy */;
		};
		5E3452D31C71924D007D3D11 /* PBXTargetDependency */ = {
			isa = PBXTargetDependency;
			target = 5E3452B11C71924C007D3D11 /* wikiswift */;
			targetProxy = 5E3452D21C71924D007D3D11 /* PBXContainerItemProxy */;
		};
/* End PBXTargetDependency section */

/* Begin PBXVariantGroup section */
		5E3452B91C71924C007D3D11 /* Main.storyboard */ = {
			isa = PBXVariantGroup;
			children = (
				5E3452BA1C71924C007D3D11 /* Base */,
			);
			name = Main.storyboard;
			sourceTree = "<group>";
		};
		5E3452BE1C71924C007D3D11 /* LaunchScreen.storyboard */ = {
			isa = PBXVariantGroup;
			children = (
				5E3452BF1C71924C007D3D11 /* Base */,
			);
			name = LaunchScreen.storyboard;
			sourceTree = "<group>";
		};
/* End PBXVariantGroup section */

/* Begin XCBuildConfiguration section */
		5E3452D81C71924D007D3D11 /* Debug */ = {
			isa = XCBuildConfiguration;
			buildSettings = {
				ALWAYS_SEARCH_USER_PATHS = NO;
				CLANG_CXX_LANGUAGE_STANDARD = "gnu++0x";
				CLANG_CXX_LIBRARY = "libc++";
				CLANG_ENABLE_MODULES = YES;
				CLANG_ENABLE_OBJC_ARC = YES;
				CLANG_WARN_BOOL_CONVERSION = YES;
				CLANG_WARN_CONSTANT_CONVERSION = YES;
				CLANG_WARN_DIRECT_OBJC_ISA_USAGE = YES_ERROR;
				CLANG_WARN_EMPTY_BODY = YES;
				CLANG_WARN_ENUM_CONVERSION = YES;
				CLANG_WARN_INT_CONVERSION = YES;
				CLANG_WARN_OBJC_ROOT_CLASS = YES_ERROR;
				CLANG_WARN_UNREACHABLE_CODE = YES;
				CLANG_WARN__DUPLICATE_METHOD_MATCH = YES;
				"CODE_SIGN_IDENTITY[sdk=iphoneos*]" = "iPhone Developer";
				COPY_PHASE_STRIP = NO;
				DEBUG_INFORMATION_FORMAT = dwarf;
				ENABLE_STRICT_OBJC_MSGSEND = YES;
				ENABLE_TESTABILITY = YES;
				GCC_C_LANGUAGE_STANDARD = gnu99;
				GCC_DYNAMIC_NO_PIC = NO;
				GCC_NO_COMMON_BLOCKS = YES;
				GCC_OPTIMIZATION_LEVEL = 0;
				GCC_PREPROCESSOR_DEFINITIONS = (
					"DEBUG=1",
					"$(inherited)",
				);
				GCC_WARN_64_TO_32_BIT_CONVERSION = YES;
				GCC_WARN_ABOUT_RETURN_TYPE = YES_ERROR;
				GCC_WARN_UNDECLARED_SELECTOR = YES;
				GCC_WARN_UNINITIALIZED_AUTOS = YES_AGGRESSIVE;
				GCC_WARN_UNUSED_FUNCTION = YES;
				GCC_WARN_UNUSED_VARIABLE = YES;
				IPHONEOS_DEPLOYMENT_TARGET = 9.2;
				MTL_ENABLE_DEBUG_INFO = YES;
				ONLY_ACTIVE_ARCH = YES;
				SDKROOT = iphoneos;
				SWIFT_OPTIMIZATION_LEVEL = "-Onone";
				TARGETED_DEVICE_FAMILY = "1,2";
			};
			name = Debug;
		};
		5E3452D91C71924D007D3D11 /* Release */ = {
			isa = XCBuildConfiguration;
			buildSettings = {
				ALWAYS_SEARCH_USER_PATHS = NO;
				CLANG_CXX_LANGUAGE_STANDARD = "gnu++0x";
				CLANG_CXX_LIBRARY = "libc++";
				CLANG_ENABLE_MODULES = YES;
				CLANG_ENABLE_OBJC_ARC = YES;
				CLANG_WARN_BOOL_CONVERSION = YES;
				CLANG_WARN_CONSTANT_CONVERSION = YES;
				CLANG_WARN_DIRECT_OBJC_ISA_USAGE = YES_ERROR;
				CLANG_WARN_EMPTY_BODY = YES;
				CLANG_WARN_ENUM_CONVERSION = YES;
				CLANG_WARN_INT_CONVERSION = YES;
				CLANG_WARN_OBJC_ROOT_CLASS = YES_ERROR;
				CLANG_WARN_UNREACHABLE_CODE = YES;
				CLANG_WARN__DUPLICATE_METHOD_MATCH = YES;
				"CODE_SIGN_IDENTITY[sdk=iphoneos*]" = "iPhone Developer";
				COPY_PHASE_STRIP = NO;
				DEBUG_INFORMATION_FORMAT = "dwarf-with-dsym";
				ENABLE_NS_ASSERTIONS = NO;
				ENABLE_STRICT_OBJC_MSGSEND = YES;
				GCC_C_LANGUAGE_STANDARD = gnu99;
				GCC_NO_COMMON_BLOCKS = YES;
				GCC_WARN_64_TO_32_BIT_CONVERSION = YES;
				GCC_WARN_ABOUT_RETURN_TYPE = YES_ERROR;
				GCC_WARN_UNDECLARED_SELECTOR = YES;
				GCC_WARN_UNINITIALIZED_AUTOS = YES_AGGRESSIVE;
				GCC_WARN_UNUSED_FUNCTION = YES;
				GCC_WARN_UNUSED_VARIABLE = YES;
				IPHONEOS_DEPLOYMENT_TARGET = 9.2;
				MTL_ENABLE_DEBUG_INFO = NO;
				SDKROOT = iphoneos;
				TARGETED_DEVICE_FAMILY = "1,2";
				VALIDATE_PRODUCT = YES;
			};
			name = Release;
		};
		5E3452DB1C71924D007D3D11 /* Debug */ = {
			isa = XCBuildConfiguration;
			baseConfigurationReference = 86AE8DED36FC7CDA31B4C11D /* Pods.debug.xcconfig */;
			buildSettings = {
				ASSETCATALOG_COMPILER_APPICON_NAME = AppIcon;
				CLANG_ENABLE_MODULES = YES;
				INFOPLIST_FILE = wikiswift/Info.plist;
				LD_RUNPATH_SEARCH_PATHS = "$(inherited) @executable_path/Frameworks";
				PRODUCT_BUNDLE_IDENTIFIER = com.djzhang.wikiswift;
				PRODUCT_NAME = "$(TARGET_NAME)";
				SWIFT_OBJC_BRIDGING_HEADER = "wikiswift/wikiswift-Bridging-Header.h";
				SWIFT_OPTIMIZATION_LEVEL = "-Onone";
			};
			name = Debug;
		};
		5E3452DC1C71924D007D3D11 /* Release */ = {
			isa = XCBuildConfiguration;
			baseConfigurationReference = 7AD6F7AE310D363C3B46E3A9 /* Pods.release.xcconfig */;
			buildSettings = {
				ASSETCATALOG_COMPILER_APPICON_NAME = AppIcon;
				CLANG_ENABLE_MODULES = YES;
				INFOPLIST_FILE = wikiswift/Info.plist;
				LD_RUNPATH_SEARCH_PATHS = "$(inherited) @executable_path/Frameworks";
				PRODUCT_BUNDLE_IDENTIFIER = com.djzhang.wikiswift;
				PRODUCT_NAME = "$(TARGET_NAME)";
				SWIFT_OBJC_BRIDGING_HEADER = "wikiswift/wikiswift-Bridging-Header.h";
			};
			name = Release;
		};
		5E3452DE1C71924D007D3D11 /* Debug */ = {
			isa = XCBuildConfiguration;
			baseConfigurationReference = 8951428FFD4FF60CECF40299 /* Pods-wikiswiftTests.debug.xcconfig */;
			buildSettings = {
				BUNDLE_LOADER = "$(TEST_HOST)";
				INFOPLIST_FILE = wikiswiftTests/Info.plist;
				LD_RUNPATH_SEARCH_PATHS = "$(inherited) @executable_path/Frameworks @loader_path/Frameworks";
				PRODUCT_BUNDLE_IDENTIFIER = com.djzhang.wikiswiftTests;
				PRODUCT_NAME = "$(TARGET_NAME)";
				TEST_HOST = "$(BUILT_PRODUCTS_DIR)/wikiswift.app/wikiswift";
			};
			name = Debug;
		};
		5E3452DF1C71924D007D3D11 /* Release */ = {
			isa = XCBuildConfiguration;
			baseConfigurationReference = 6C3DFF3A693F27D94BB2B4B1 /* Pods-wikiswiftTests.release.xcconfig */;
			buildSettings = {
				BUNDLE_LOADER = "$(TEST_HOST)";
				INFOPLIST_FILE = wikiswiftTests/Info.plist;
				LD_RUNPATH_SEARCH_PATHS = "$(inherited) @executable_path/Frameworks @loader_path/Frameworks";
				PRODUCT_BUNDLE_IDENTIFIER = com.djzhang.wikiswiftTests;
				PRODUCT_NAME = "$(TARGET_NAME)";
				TEST_HOST = "$(BUILT_PRODUCTS_DIR)/wikiswift.app/wikiswift";
			};
			name = Release;
		};
		5E3452E11C71924D007D3D11 /* Debug */ = {
			isa = XCBuildConfiguration;
			buildSettings = {
				INFOPLIST_FILE = wikiswiftUITests/Info.plist;
				LD_RUNPATH_SEARCH_PATHS = "$(inherited) @executable_path/Frameworks @loader_path/Frameworks";
				PRODUCT_BUNDLE_IDENTIFIER = com.djzhang.wikiswiftUITests;
				PRODUCT_NAME = "$(TARGET_NAME)";
				TEST_TARGET_NAME = wikiswift;
				USES_XCTRUNNER = YES;
			};
			name = Debug;
		};
		5E3452E21C71924D007D3D11 /* Release */ = {
			isa = XCBuildConfiguration;
			buildSettings = {
				INFOPLIST_FILE = wikiswiftUITests/Info.plist;
				LD_RUNPATH_SEARCH_PATHS = "$(inherited) @executable_path/Frameworks @loader_path/Frameworks";
				PRODUCT_BUNDLE_IDENTIFIER = com.djzhang.wikiswiftUITests;
				PRODUCT_NAME = "$(TARGET_NAME)";
				TEST_TARGET_NAME = wikiswift;
				USES_XCTRUNNER = YES;
			};
			name = Release;
		};
/* End XCBuildConfiguration section */

/* Begin XCConfigurationList section */
		5E3452AD1C71924C007D3D11 /* Build configuration list for PBXProject "wikiswift" */ = {
			isa = XCConfigurationList;
			buildConfigurations = (
				5E3452D81C71924D007D3D11 /* Debug */,
				5E3452D91C71924D007D3D11 /* Release */,
			);
			defaultConfigurationIsVisible = 0;
			defaultConfigurationName = Release;
		};
		5E3452DA1C71924D007D3D11 /* Build configuration list for PBXNativeTarget "wikiswift" */ = {
			isa = XCConfigurationList;
			buildConfigurations = (
				5E3452DB1C71924D007D3D11 /* Debug */,
				5E3452DC1C71924D007D3D11 /* Release */,
			);
			defaultConfigurationIsVisible = 0;
			defaultConfigurationName = Release;
		};
		5E3452DD1C71924D007D3D11 /* Build configuration list for PBXNativeTarget "wikiswiftTests" */ = {
			isa = XCConfigurationList;
			buildConfigurations = (
				5E3452DE1C71924D007D3D11 /* Debug */,
				5E3452DF1C71924D007D3D11 /* Release */,
			);
			defaultConfigurationIsVisible = 0;
			defaultConfigurationName = Release;
		};
		5E3452E01C71924D007D3D11 /* Build configuration list for PBXNativeTarget "wikiswiftUITests" */ = {
			isa = XCConfigurationList;
			buildConfigurations = (
				5E3452E11C71924D007D3D11 /* Debug */,
				5E3452E21C71924D007D3D11 /* Release */,
			);
			defaultConfigurationIsVisible = 0;
			defaultConfigurationName = Release;
		};
/* End XCConfigurationList section */
	};
	rootObject = 5E3452AA1C71924C007D3D11 /* Project object */;
}
